{
	"name": "@textile/threads-network",
	"version": "0.5.4",
	"lockfileVersion": 1,
	"requires": true,
	"dependencies": {
		"@types/datastore-core": {
			"version": "0.7.1",
			"resolved": "https://registry.npmjs.org/@types/datastore-core/-/datastore-core-0.7.1.tgz",
			"integrity": "sha512-ZYMfcxTIo/fDa52c1taPRQ7iUcaFGjOPsN1nV2AP0tNpFXwLBEYUzG+nlIqOxVonXXNG3jrw+loBOVHOoS0tdw==",
			"requires": {
				"@types/interface-datastore": "*"
			}
		},
		"@types/interface-datastore": {
			"version": "0.8.0",
			"resolved": "https://registry.npmjs.org/@types/interface-datastore/-/interface-datastore-0.8.0.tgz",
			"integrity": "sha512-apbO3UBpzuqIB/QjvClc7tXOH3m2HYWhYqSBS3dycLrULIqk6dNVUkkI7WI3hXXUEW6YcQAkj6IDMm4A2ERhTg==",
			"requires": {
				"@types/node": "*"
			}
		},
		"@types/node": {
			"version": "14.0.13",
			"resolved": "https://registry.npmjs.org/@types/node/-/node-14.0.13.tgz",
			"integrity": "sha512-rouEWBImiRaSJsVA+ITTFM6ZxibuAlTuNOCyxVbwreu6k6+ujs7DfnU9o+PShFhET78pMBl3eH+AGSI5eOTkPA=="
		},
		"abort-controller": {
			"version": "3.0.0",
			"resolved": "https://registry.npmjs.org/abort-controller/-/abort-controller-3.0.0.tgz",
			"integrity": "sha512-h8lQ8tacZYnR3vNQTgibj+tODHI5/+l06Au2Pcriv/Gmet0eaj4TwWH41sO9wnHDiQsEj19q0drzdWdeAHtweg==",
			"requires": {
				"event-target-shim": "^5.0.0"
			}
		},
		"any-signal": {
			"version": "1.1.0",
			"resolved": "https://registry.npmjs.org/any-signal/-/any-signal-1.1.0.tgz",
			"integrity": "sha512-mtwqpy58ys+/dRdH5Z8VArUluVrfz9/5BXo8tvSZ9kcQr3k9yyOPnGrYCBJQfcC5IlMrr63kDBlf5GyQCFn+Fw==",
			"requires": {
				"abort-controller": "^3.0.0"
			}
		},
		"at-least-node": {
			"version": "1.0.0",
			"resolved": "https://registry.npmjs.org/at-least-node/-/at-least-node-1.0.0.tgz",
			"integrity": "sha512-+q/t7Ekv1EDY2l6Gda6LLiX14rU9TV20Wa3ofeQmwPFZbOMo9DXrLbOjFaaclkXKWidIaopwAObQDqwWtGUjqg=="
		},
		"balanced-match": {
			"version": "1.0.0",
			"resolved": "https://registry.npmjs.org/balanced-match/-/balanced-match-1.0.0.tgz",
			"integrity": "sha1-ibTRmasr7kneFk6gK4nORi1xt2c="
		},
		"base-x": {
			"version": "3.0.8",
			"resolved": "https://registry.npmjs.org/base-x/-/base-x-3.0.8.tgz",
			"integrity": "sha512-Rl/1AWP4J/zRrk54hhlxH4drNxPJXYUaKffODVI53/dAsV4t9fBxyxYKAVPU1XBHxYwOWP9h9H0hM2MVw4YfJA==",
			"requires": {
				"safe-buffer": "^5.0.1"
			}
		},
		"base64-js": {
			"version": "1.3.1",
			"resolved": "https://registry.npmjs.org/base64-js/-/base64-js-1.3.1.tgz",
			"integrity": "sha512-mLQ4i2QO1ytvGWFWmcngKO//JXAQueZvwEKtjgQFM4jIK0kU+ytMfplL8j+n5mspOfjHwoAg+9yhb7BwAHm36g=="
		},
		"brace-expansion": {
			"version": "1.1.11",
			"resolved": "https://registry.npmjs.org/brace-expansion/-/brace-expansion-1.1.11.tgz",
			"integrity": "sha512-iCuPHDFgrHX7H2vEI/5xpz07zSHB00TpugqhmYtVmMO6518mCuRMoOYFldEBl0g187ufozdaHgWKcYFb61qGiA==",
			"requires": {
				"balanced-match": "^1.0.0",
				"concat-map": "0.0.1"
			}
		},
		"buffer": {
			"version": "5.6.0",
			"resolved": "https://registry.npmjs.org/buffer/-/buffer-5.6.0.tgz",
			"integrity": "sha512-/gDYp/UtU0eA1ys8bOs9J6a+E/KWIY+DZ+Q2WESNUA0jFRsJOc0SNUO6xJ5SGA1xueg3NL65W6s+NY5l9cunuw==",
			"requires": {
				"base64-js": "^1.0.2",
				"ieee754": "^1.1.4"
			}
		},
		"cids": {
			"version": "0.8.3",
			"resolved": "https://registry.npmjs.org/cids/-/cids-0.8.3.tgz",
			"integrity": "sha512-yoXTbV3llpm+EBGWKeL9xKtksPE/s6DPoDSY4fn8I8TEW1zehWXPSB0pwAXVDlLaOlrw+sNynj995uD9abmPhA==",
			"requires": {
				"buffer": "^5.6.0",
				"class-is": "^1.1.0",
				"multibase": "^1.0.0",
				"multicodec": "^1.0.1",
				"multihashes": "^1.0.1"
			}
		},
		"class-is": {
			"version": "1.1.0",
			"resolved": "https://registry.npmjs.org/class-is/-/class-is-1.1.0.tgz",
			"integrity": "sha512-rhjH9AG1fvabIDoGRVH587413LPjTZgmDF9fOFCbFJQV4yuocX1mHxxvXI4g3cGwbVY9wAYIoKlg1N79frJKQw=="
		},
		"concat-map": {
			"version": "0.0.1",
			"resolved": "https://registry.npmjs.org/concat-map/-/concat-map-0.0.1.tgz",
			"integrity": "sha1-2Klr13/Wjfd5OnMDajug1UBdR3s="
		},
		"datastore-core": {
			"version": "1.1.0",
			"resolved": "https://registry.npmjs.org/datastore-core/-/datastore-core-1.1.0.tgz",
			"integrity": "sha512-tn42Qy6t1V5otG4R3hq7yW4vpNaKc8/GXEYnLv8oeGNSQfEWPnfz1x5Sto080N7IsluzOUWK/W+a4m4Er8DnAA==",
			"requires": {
				"buffer": "^5.5.0",
				"debug": "^4.1.1",
				"interface-datastore": "^1.0.2"
			},
			"dependencies": {
				"interface-datastore": {
					"version": "1.0.4",
					"resolved": "https://registry.npmjs.org/interface-datastore/-/interface-datastore-1.0.4.tgz",
					"integrity": "sha512-nIOP/mVwDUc7OenayUyFQB3D6c3SxDG5opTPeSrhA0jS5q0XWkf8Nz2GtNBm3wkeSKUM6iXt6LwIOCH/+jFXIQ==",
					"requires": {
						"buffer": "^5.5.0",
						"class-is": "^1.1.0",
						"err-code": "^2.0.1",
						"ipfs-utils": "^2.2.2",
						"iso-random-stream": "^1.1.1",
						"it-all": "^1.0.2",
						"it-drain": "^1.0.1",
						"nanoid": "^3.0.2"
					}
				}
			}
		},
		"debug": {
			"version": "4.1.1",
			"resolved": "https://registry.npmjs.org/debug/-/debug-4.1.1.tgz",
			"integrity": "sha512-pYAIzeRo8J6KPEaJ0VWOh5Pzkbw/RetuzehGM7QRRX5he4fPHx2rdKMB256ehJCkX+XRQm16eZLqLNS8RSZXZw==",
			"requires": {
				"ms": "^2.1.1"
			}
		},
		"err-code": {
			"version": "2.0.3",
			"resolved": "https://registry.npmjs.org/err-code/-/err-code-2.0.3.tgz",
			"integrity": "sha512-2bmlRpNKBxT/CRmPOlyISQpNj+qSeYvcym/uT0Jx2bMOlKLtSy1ZmLuVxSEKKyor/N5yhvp/ZiG1oE3DEYMSFA=="
		},
		"event-target-shim": {
			"version": "5.0.1",
			"resolved": "https://registry.npmjs.org/event-target-shim/-/event-target-shim-5.0.1.tgz",
			"integrity": "sha512-i/2XbnSz/uxRCU6+NdVJgKWDTM427+MqYbkQzD321DuCQJUqOuJKIA0IM2+W2xtYHdKOmZ4dR6fExsd4SXL+WQ=="
		},
		"fs-extra": {
			"version": "9.0.1",
			"resolved": "https://registry.npmjs.org/fs-extra/-/fs-extra-9.0.1.tgz",
			"integrity": "sha512-h2iAoN838FqAFJY2/qVpzFXy+EBxfVE220PalAqQLDVsFOHLJrZvut5puAbCdNv6WJk+B8ihI+k0c7JK5erwqQ==",
			"requires": {
				"at-least-node": "^1.0.0",
				"graceful-fs": "^4.2.0",
				"jsonfile": "^6.0.1",
				"universalify": "^1.0.0"
			}
		},
		"fs.realpath": {
			"version": "1.0.0",
			"resolved": "https://registry.npmjs.org/fs.realpath/-/fs.realpath-1.0.0.tgz",
			"integrity": "sha1-FQStJSMVjKpA20onh8sBQRmU6k8=",
			"dev": true
		},
		"get-iterator": {
			"version": "1.0.2",
			"resolved": "https://registry.npmjs.org/get-iterator/-/get-iterator-1.0.2.tgz",
			"integrity": "sha512-v+dm9bNVfOYsY1OrhaCrmyOcYoSeVvbt+hHZ0Au+T+p1y+0Uyj9aMaGIeUTT6xdpRbWzDeYKvfOslPhggQMcsg=="
		},
		"glob": {
			"version": "7.1.6",
			"resolved": "https://registry.npmjs.org/glob/-/glob-7.1.6.tgz",
			"integrity": "sha512-LwaxwyZ72Lk7vZINtNNrywX0ZuLyStrdDtabefZKAY5ZGJhVtgdznluResxNmPitE0SAO+O26sWTHeKSI2wMBA==",
			"dev": true,
			"requires": {
				"fs.realpath": "^1.0.0",
				"inflight": "^1.0.4",
				"inherits": "2",
				"minimatch": "^3.0.4",
				"once": "^1.3.0",
				"path-is-absolute": "^1.0.0"
			}
		},
		"graceful-fs": {
			"version": "4.2.4",
			"resolved": "https://registry.npmjs.org/graceful-fs/-/graceful-fs-4.2.4.tgz",
			"integrity": "sha512-WjKPNJF79dtJAVniUlGGWHYGz2jWxT6VhN/4m1NdkbZ2nOsEF+cI1Edgql5zCRhs/VsQYRvrXctxktVXZUkixw=="
		},
		"ieee754": {
			"version": "1.1.13",
			"resolved": "https://registry.npmjs.org/ieee754/-/ieee754-1.1.13.tgz",
			"integrity": "sha512-4vf7I2LYV/HaWerSo3XmlMkp5eZ83i+/CDluXi/IGTs/O1sejBNhTtnxzmRZfvOUqj7lZjqHkeTvpgSFDlWZTg=="
		},
		"inflight": {
			"version": "1.0.6",
			"resolved": "https://registry.npmjs.org/inflight/-/inflight-1.0.6.tgz",
			"integrity": "sha1-Sb1jMdfQLQwJvJEKEHW6gWW1bfk=",
			"dev": true,
			"requires": {
				"once": "^1.3.0",
				"wrappy": "1"
			}
		},
		"inherits": {
			"version": "2.0.4",
			"resolved": "https://registry.npmjs.org/inherits/-/inherits-2.0.4.tgz",
			"integrity": "sha512-k/vGaX4/Yla3WzyMCvTQOXYeIHvqOKtnqBduzTHpzpQZzAskKMhZ2K+EnBiSM9zGSoIFeMpXKxa4dYeZIQqewQ=="
		},
		"interface-datastore": {
			"version": "0.8.3",
			"resolved": "https://registry.npmjs.org/interface-datastore/-/interface-datastore-0.8.3.tgz",
			"integrity": "sha512-0boeaQbqRUV+7edgdkDDNl8/m0bzFbBEfM3tC0Prro2ZE7N9dtcIDh/cW812P/22Gjhlj1J7KIn0mPzbO4HjPQ==",
			"requires": {
				"buffer": "^5.5.0",
				"class-is": "^1.1.0",
				"err-code": "^2.0.0",
				"ipfs-utils": "^1.2.3",
				"iso-random-stream": "^1.1.1",
				"nanoid": "^3.0.2"
			},
			"dependencies": {
				"ipfs-utils": {
					"version": "1.2.4",
					"resolved": "https://registry.npmjs.org/ipfs-utils/-/ipfs-utils-1.2.4.tgz",
					"integrity": "sha512-xUP7SmOAb50OHL8D2KasRHRBOtRdyHHerfCEJBmS9+qpe6wzpbhftdsZJ2UD2v7HXgi7IH9eTps5uPXKUd2aVg==",
					"requires": {
						"abort-controller": "^3.0.0",
						"buffer": "^5.4.2",
						"err-code": "^2.0.0",
						"fs-extra": "^9.0.0",
						"is-electron": "^2.2.0",
						"iso-url": "^0.4.7",
						"it-glob": "0.0.7",
						"merge-options": "^2.0.0",
						"nanoid": "^2.1.11",
						"node-fetch": "^2.6.0",
						"stream-to-it": "^0.2.0"
					},
					"dependencies": {
						"nanoid": {
							"version": "2.1.11",
							"resolved": "https://registry.npmjs.org/nanoid/-/nanoid-2.1.11.tgz",
							"integrity": "sha512-s/snB+WGm6uwi0WjsZdaVcuf3KJXlfGl2LcxgwkEwJF0D/BWzVWAZW/XY4bFaiR7s0Jk3FPvlnepg1H1b1UwlA=="
						}
					}
				},
				"it-glob": {
					"version": "0.0.7",
					"resolved": "https://registry.npmjs.org/it-glob/-/it-glob-0.0.7.tgz",
					"integrity": "sha512-XfbziJs4fi0MfdEGTLkZXeqo2EorF2baFXxFn1E2dGbgYMhFTZlZ2Yn/mx5CkpuLWVJvO1DwtTOVW2mzRyVK8w==",
					"requires": {
						"fs-extra": "^8.1.0",
						"minimatch": "^3.0.4"
					},
					"dependencies": {
						"fs-extra": {
							"version": "8.1.0",
							"resolved": "https://registry.npmjs.org/fs-extra/-/fs-extra-8.1.0.tgz",
							"integrity": "sha512-yhlQgA6mnOJUKOsRUFsgJdQCvkKhcz8tlZG5HBQfReYZy46OwLcY+Zia0mtdHsOo9y/hP+CxMN0TU9QxoOtG4g==",
							"requires": {
								"graceful-fs": "^4.2.0",
								"jsonfile": "^4.0.0",
								"universalify": "^0.1.0"
							}
						}
					}
				},
				"jsonfile": {
					"version": "4.0.0",
					"resolved": "https://registry.npmjs.org/jsonfile/-/jsonfile-4.0.0.tgz",
					"integrity": "sha1-h3Gq4HmbZAdrdmQPygWPnBDjPss=",
					"requires": {
						"graceful-fs": "^4.1.6"
					}
				},
				"universalify": {
					"version": "0.1.2",
					"resolved": "https://registry.npmjs.org/universalify/-/universalify-0.1.2.tgz",
					"integrity": "sha512-rBJeI5CXAlmy1pV+617WB9J63U6XcazHHF2f2dbJix4XzpUF0RS3Zbj0FGIOCAva5P/d/GBOYaACQ1w+0azUkg=="
				}
			}
		},
		"ipfs-utils": {
			"version": "2.3.1",
			"resolved": "https://registry.npmjs.org/ipfs-utils/-/ipfs-utils-2.3.1.tgz",
			"integrity": "sha512-Rq2iyFdqNknVtIgq8+/URt5WK94uEqTa2w22t2yrNE9CDifh5jvFaO6lBOMhsqzPkHjjJBoIqk+g5P0T2OHSow==",
			"requires": {
				"abort-controller": "^3.0.0",
				"any-signal": "^1.1.0",
				"buffer": "^5.6.0",
				"err-code": "^2.0.0",
				"fs-extra": "^9.0.1",
				"is-electron": "^2.2.0",
				"iso-url": "^0.4.7",
				"it-glob": "0.0.8",
				"merge-options": "^2.0.0",
				"nanoid": "^3.1.3",
				"node-fetch": "^2.6.0",
				"stream-to-it": "^0.2.0"
			}
		},
		"is-electron": {
			"version": "2.2.0",
			"resolved": "https://registry.npmjs.org/is-electron/-/is-electron-2.2.0.tgz",
			"integrity": "sha512-SpMppC2XR3YdxSzczXReBjqs2zGscWQpBIKqwXYBFic0ERaxNVgwLCHwOLZeESfdJQjX0RDvrJ1lBXX2ij+G1Q=="
		},
		"is-plain-obj": {
			"version": "2.1.0",
			"resolved": "https://registry.npmjs.org/is-plain-obj/-/is-plain-obj-2.1.0.tgz",
			"integrity": "sha512-YWnfyRwxL/+SsrWYfOpUtz5b3YD+nyfkHvjbcanzk8zgyO4ASD67uVMRt8k5bM4lLMDnXfriRhOpemw+NfT1eA=="
		},
		"iso-random-stream": {
			"version": "1.1.1",
			"resolved": "https://registry.npmjs.org/iso-random-stream/-/iso-random-stream-1.1.1.tgz",
			"integrity": "sha512-YEt/7xOwTdu4KXIgtdgGFkiLUsBaddbnkmHyaFdjJYIcD7V4gpQHPvYC5tyh3kA0PQ01y9lWm1ruVdf8Mqzovg==",
			"requires": {
				"buffer": "^5.4.3",
				"readable-stream": "^3.4.0"
			}
		},
		"iso-url": {
			"version": "0.4.7",
			"resolved": "https://registry.npmjs.org/iso-url/-/iso-url-0.4.7.tgz",
			"integrity": "sha512-27fFRDnPAMnHGLq36bWTpKET+eiXct3ENlCcdcMdk+mjXrb2kw3mhBUg1B7ewAC0kVzlOPhADzQgz1SE6Tglog=="
		},
		"it-all": {
			"version": "1.0.2",
			"resolved": "https://registry.npmjs.org/it-all/-/it-all-1.0.2.tgz",
			"integrity": "sha512-3hrCLLcuHS1/VUn1qETPuh9rFTw31SBCUUijjs41VJ+oQGx3H+3Lpxo1bFD3q3570w3o99a+sfRGic5PBBt3Vg=="
		},
		"it-drain": {
			"version": "1.0.1",
			"resolved": "https://registry.npmjs.org/it-drain/-/it-drain-1.0.1.tgz",
			"integrity": "sha512-4aX8AsJWjRh0inNXGLa90fvxuB7vQY70WFasvskUMtpXXz8+MUH8R7PODBtn4yXCJ25ud2iRwWwa1g8DRDbrlA=="
		},
		"it-glob": {
			"version": "0.0.8",
			"resolved": "https://registry.npmjs.org/it-glob/-/it-glob-0.0.8.tgz",
			"integrity": "sha512-PmIAgb64aJPM6wwT1UTlNDAJnNgdGrvr0vRr3AYCngcUuq1KaAovuz0dQAmUkaXudDG3EQzc7OttuLW9DaL3YQ==",
			"requires": {
				"fs-extra": "^8.1.0",
				"minimatch": "^3.0.4"
			},
			"dependencies": {
				"fs-extra": {
					"version": "8.1.0",
					"resolved": "https://registry.npmjs.org/fs-extra/-/fs-extra-8.1.0.tgz",
					"integrity": "sha512-yhlQgA6mnOJUKOsRUFsgJdQCvkKhcz8tlZG5HBQfReYZy46OwLcY+Zia0mtdHsOo9y/hP+CxMN0TU9QxoOtG4g==",
					"requires": {
						"graceful-fs": "^4.2.0",
						"jsonfile": "^4.0.0",
						"universalify": "^0.1.0"
					}
				},
				"jsonfile": {
					"version": "4.0.0",
					"resolved": "https://registry.npmjs.org/jsonfile/-/jsonfile-4.0.0.tgz",
					"integrity": "sha1-h3Gq4HmbZAdrdmQPygWPnBDjPss=",
					"requires": {
						"graceful-fs": "^4.1.6"
					}
				},
				"universalify": {
					"version": "0.1.2",
					"resolved": "https://registry.npmjs.org/universalify/-/universalify-0.1.2.tgz",
					"integrity": "sha512-rBJeI5CXAlmy1pV+617WB9J63U6XcazHHF2f2dbJix4XzpUF0RS3Zbj0FGIOCAva5P/d/GBOYaACQ1w+0azUkg=="
				}
			}
		},
		"jsonfile": {
			"version": "6.0.1",
			"resolved": "https://registry.npmjs.org/jsonfile/-/jsonfile-6.0.1.tgz",
			"integrity": "sha512-jR2b5v7d2vIOust+w3wtFKZIfpC2pnRmFAhAC/BuweZFQR8qZzxH1OyrQ10HmdVYiXWkYUqPVsz91cG7EL2FBg==",
			"requires": {
				"graceful-fs": "^4.1.6",
				"universalify": "^1.0.0"
			}
		},
		"loglevel": {
			"version": "1.6.8",
			"resolved": "https://registry.npmjs.org/loglevel/-/loglevel-1.6.8.tgz",
			"integrity": "sha512-bsU7+gc9AJ2SqpzxwU3+1fedl8zAntbtC5XYlt3s2j1hJcn2PsXSmgN8TaLG/J1/2mod4+cE/3vNL70/c1RNCA=="
		},
		"merge-options": {
			"version": "2.0.0",
			"resolved": "https://registry.npmjs.org/merge-options/-/merge-options-2.0.0.tgz",
			"integrity": "sha512-S7xYIeWHl2ZUKF7SDeBhGg6rfv5bKxVBdk95s/I7wVF8d+hjLSztJ/B271cnUiF6CAFduEQ5Zn3HYwAjT16DlQ==",
			"requires": {
				"is-plain-obj": "^2.0.0"
			}
		},
		"minimatch": {
			"version": "3.0.4",
			"resolved": "https://registry.npmjs.org/minimatch/-/minimatch-3.0.4.tgz",
			"integrity": "sha512-yJHVQEhyqPLUTgt9B83PXu6W3rx4MvvHvSUvToogpwoGDOUQ+yDrR0HRot+yOCdCO7u4hX3pWft6kWBBcqh0UA==",
			"requires": {
				"brace-expansion": "^1.1.7"
			}
		},
		"ms": {
			"version": "2.1.2",
			"resolved": "https://registry.npmjs.org/ms/-/ms-2.1.2.tgz",
			"integrity": "sha512-sGkPx+VjMtmA6MX27oA4FBFELFCZZ4S4XqeGOXCv68tT+jb3vk/RyaKWP0PTKyWtmLSM0b+adUTEvbs1PEaH2w=="
		},
		"multibase": {
			"version": "1.0.1",
			"resolved": "https://registry.npmjs.org/multibase/-/multibase-1.0.1.tgz",
			"integrity": "sha512-KcCxpBVY8fdVKu4dJMAahq4F/2Z/9xqEjIiR7PiMe7LRGeorFn2NLmicN6nLBCqQvft6MG2Lc9X5P0IdyvnxEw==",
			"requires": {
				"base-x": "^3.0.8",
				"buffer": "^5.5.0"
			}
		},
		"multicodec": {
			"version": "1.0.3",
			"resolved": "https://registry.npmjs.org/multicodec/-/multicodec-1.0.3.tgz",
			"integrity": "sha512-8G4JKbHWSe/39Xx2uiI+/b/S6mGgimzwEN4TOCokFUIfofg1T8eHny88ht9eWImD2dng+EEQRsApXxA5ubhU4g==",
			"requires": {
				"buffer": "^5.6.0",
				"varint": "^5.0.0"
			}
		},
		"multihashes": {
			"version": "1.0.1",
			"resolved": "https://registry.npmjs.org/multihashes/-/multihashes-1.0.1.tgz",
			"integrity": "sha512-S27Tepg4i8atNiFaU5ZOm3+gl3KQlUanLs/jWcBxQHFttgq+5x1OgbQmf2d8axJ/48zYGBd/wT9d723USMFduw==",
			"requires": {
				"buffer": "^5.6.0",
				"multibase": "^1.0.1",
				"varint": "^5.0.0"
			}
		},
		"nanoid": {
			"version": "3.1.10",
			"resolved": "https://registry.npmjs.org/nanoid/-/nanoid-3.1.10.tgz",
			"integrity": "sha512-iZFMXKeXWkxzlfmMfM91gw7YhN2sdJtixY+eZh9V6QWJWTOiurhpKhBMgr82pfzgSqglQgqYSCowEYsz8D++6w=="
		},
		"node-fetch": {
			"version": "2.6.0",
			"resolved": "https://registry.npmjs.org/node-fetch/-/node-fetch-2.6.0.tgz",
			"integrity": "sha512-8dG4H5ujfvFiqDmVu9fQ5bOHUC15JMjMY/Zumv26oOvvVJjM67KF8koCWIabKQ1GJIa9r2mMZscBq/TbdOcmNA=="
		},
		"once": {
			"version": "1.4.0",
			"resolved": "https://registry.npmjs.org/once/-/once-1.4.0.tgz",
			"integrity": "sha1-WDsap3WWHUsROsF9nFC6753Xa9E=",
			"dev": true,
			"requires": {
				"wrappy": "1"
			}
		},
		"p-defer": {
			"version": "3.0.0",
			"resolved": "https://registry.npmjs.org/p-defer/-/p-defer-3.0.0.tgz",
			"integrity": "sha512-ugZxsxmtTln604yeYd29EGrNhazN2lywetzpKhfmQjW/VJmhpDmWbiX+h0zL8V91R0UXkhb3KtPmyq9PZw3aYw=="
		},
		"path-is-absolute": {
			"version": "1.0.1",
			"resolved": "https://registry.npmjs.org/path-is-absolute/-/path-is-absolute-1.0.1.tgz",
			"integrity": "sha1-F0uSaHNVNP+8es5r9TpanhtcX18=",
			"dev": true
		},
		"readable-stream": {
			"version": "3.6.0",
			"resolved": "https://registry.npmjs.org/readable-stream/-/readable-stream-3.6.0.tgz",
			"integrity": "sha512-BViHy7LKeTz4oNnkcLJ+lVSL6vpiFeX6/d3oSH8zCW7UxP2onchk+vTGB143xuFjHS3deTgkKoXXymXqymiIdA==",
			"requires": {
				"inherits": "^2.0.3",
				"string_decoder": "^1.1.1",
				"util-deprecate": "^1.0.1"
			}
		},
		"rimraf": {
			"version": "3.0.2",
			"resolved": "https://registry.npmjs.org/rimraf/-/rimraf-3.0.2.tgz",
			"integrity": "sha512-JZkJMZkAGFFPP2YqXZXPbMlMBgsxzE8ILs4lMIX/2o0L9UBw9O/Y3o6wFw/i9YLapcUJWwqbi3kdxIPdC62TIA==",
			"dev": true,
			"requires": {
				"glob": "^7.1.3"
			}
		},
		"safe-buffer": {
			"version": "5.2.1",
			"resolved": "https://registry.npmjs.org/safe-buffer/-/safe-buffer-5.2.1.tgz",
			"integrity": "sha512-rp3So07KcdmmKbGvgaNxQSJr7bGVSVk5S9Eq1F+ppbRo70+YeaDxkw5Dd8NPN+GD6bjnYm2VuPuCXmpuYvmCXQ=="
		},
		"stream-to-it": {
			"version": "0.2.0",
			"resolved": "https://registry.npmjs.org/stream-to-it/-/stream-to-it-0.2.0.tgz",
			"integrity": "sha512-bK/N8LPMc4FgNxXwIRBbJDWg2GYUfnVGH++hTM5SjCHzyPPWYp2ml+wnqaO86+y0SywZDxPAZSNAPP3Wii/QzQ==",
			"requires": {
				"get-iterator": "^1.0.2",
				"p-defer": "^3.0.0"
			}
		},
		"string_decoder": {
			"version": "1.3.0",
			"resolved": "https://registry.npmjs.org/string_decoder/-/string_decoder-1.3.0.tgz",
			"integrity": "sha512-hkRX8U1WjJFd8LsDJ2yQ/wWWxaopEsABU1XfkM8A+j0+85JAGppt16cr1Whg6KIbb4okU6Mql6BOj+uup/wKeA==",
			"requires": {
				"safe-buffer": "~5.2.0"
			}
		},
		"typescript": {
			"version": "3.9.6",
			"resolved": "https://registry.npmjs.org/typescript/-/typescript-3.9.6.tgz",
			"integrity": "sha512-Pspx3oKAPJtjNwE92YS05HQoY7z2SFyOpHo9MqJor3BXAGNaPUs83CuVp9VISFkSjyRfiTpmKuAYGJB7S7hOxw==",
			"dev": true
		},
		"universalify": {
			"version": "1.0.0",
			"resolved": "https://registry.npmjs.org/universalify/-/universalify-1.0.0.tgz",
			"integrity": "sha512-rb6X1W158d7pRQBg5gkR8uPaSfiids68LTJQYOtEUhoJUWBdaQHsuT/EUduxXYxcrt4r5PJ4fuHW1MHT6p0qug=="
		},
		"util-deprecate": {
			"version": "1.0.2",
			"resolved": "https://registry.npmjs.org/util-deprecate/-/util-deprecate-1.0.2.tgz",
			"integrity": "sha1-RQ1Nyfpw3nMnYvvS1KKJgUGaDM8="
		},
		"varint": {
			"version": "5.0.0",
			"resolved": "https://registry.npmjs.org/varint/-/varint-5.0.0.tgz",
			"integrity": "sha1-2Ca4n3SQcy+rwMDtaT7Uddyynr8="
		},
		"wrappy": {
			"version": "1.0.2",
			"resolved": "https://registry.npmjs.org/wrappy/-/wrappy-1.0.2.tgz",
			"integrity": "sha1-tSQ9jz7BqjXxNkYFvA0QNuMKtp8=",
			"dev": true
		}
	}
}
