{
	"name": "@textile/threads-service",
	"version": "0.0.3-alpha.0",
	"lockfileVersion": 1,
	"requires": true,
	"dependencies": {
		"@types/datastore-core": {
			"version": "0.7.0",
			"resolved": "https://registry.npmjs.org/@types/datastore-core/-/datastore-core-0.7.0.tgz",
			"integrity": "sha512-22O6TJUteMJRA2hUJrAUecTdN0pft2tzjDSgQEU3iLQhcY/SdBOoDt5DIj48hj3e4FtWlG8AAuUwAm9EB5jMCA==",
			"dev": true,
			"requires": {
				"@types/interface-datastore": "*"
			}
		},
		"@types/interface-datastore": {
			"version": "0.8.0",
			"resolved": "https://registry.npmjs.org/@types/interface-datastore/-/interface-datastore-0.8.0.tgz",
			"integrity": "sha512-apbO3UBpzuqIB/QjvClc7tXOH3m2HYWhYqSBS3dycLrULIqk6dNVUkkI7WI3hXXUEW6YcQAkj6IDMm4A2ERhTg==",
			"dev": true,
			"requires": {
				"@types/node": "*"
			}
		},
		"@types/multiaddr": {
			"version": "7.2.0",
			"resolved": "https://registry.npmjs.org/@types/multiaddr/-/multiaddr-7.2.0.tgz",
			"integrity": "sha512-4oWyVIQjiOGIs0iApwtLSetRRBFGo2rnPQwclQFpHz6Zm0EHwyQbMcboLVJH19T8EdWKnEJ+Y62LrZ/ZNBBjbw==",
			"dev": true,
			"requires": {
				"@types/node": "*"
			}
		},
		"@types/node": {
			"version": "13.9.2",
			"resolved": "https://registry.npmjs.org/@types/node/-/node-13.9.2.tgz",
			"integrity": "sha512-bnoqK579sAYrQbp73wwglccjJ4sfRdKU7WNEZ5FW4K2U6Kc0/eZ5kvXG0JKsEKFB50zrFmfFt52/cvBbZa7eXg=="
		},
		"asmcrypto.js": {
			"version": "2.3.2",
			"resolved": "https://registry.npmjs.org/asmcrypto.js/-/asmcrypto.js-2.3.2.tgz",
			"integrity": "sha512-3FgFARf7RupsZETQ1nHnhLUUvpcttcCq1iZCaVAbJZbCZ5VNRrNyvpDyHTOb0KC3llFcsyOT/a99NZcCbeiEsA=="
		},
		"asn1.js": {
			"version": "5.3.0",
			"resolved": "https://registry.npmjs.org/asn1.js/-/asn1.js-5.3.0.tgz",
			"integrity": "sha512-WHnQJFcOrIWT1RLOkFFBQkFVvyt9BPOOrH+Dp152Zk4R993rSzXUGPmkybIcUFhHE2d/iHH+nCaOWVCDbO8fgA==",
			"requires": {
				"bn.js": "^4.0.0",
				"inherits": "^2.0.1",
				"minimalistic-assert": "^1.0.0",
				"safer-buffer": "^2.1.0"
			},
			"dependencies": {
				"bn.js": {
					"version": "4.11.8",
					"resolved": "https://registry.npmjs.org/bn.js/-/bn.js-4.11.8.tgz",
					"integrity": "sha512-ItfYfPLkWHUjckQCk8xC+LwxgK8NYcXywGigJgSwOP8Y2iyWT4f2vsZnoOXTTbo+o5yXmIUJ4gn5538SO5S3gA=="
				}
			}
		},
		"balanced-match": {
			"version": "1.0.0",
			"resolved": "https://registry.npmjs.org/balanced-match/-/balanced-match-1.0.0.tgz",
			"integrity": "sha1-ibTRmasr7kneFk6gK4nORi1xt2c=",
			"dev": true
		},
		"base-x": {
			"version": "3.0.8",
			"resolved": "https://registry.npmjs.org/base-x/-/base-x-3.0.8.tgz",
			"integrity": "sha512-Rl/1AWP4J/zRrk54hhlxH4drNxPJXYUaKffODVI53/dAsV4t9fBxyxYKAVPU1XBHxYwOWP9h9H0hM2MVw4YfJA==",
			"requires": {
				"safe-buffer": "^5.0.1"
			}
		},
		"base64-js": {
			"version": "1.3.1",
			"resolved": "https://registry.npmjs.org/base64-js/-/base64-js-1.3.1.tgz",
			"integrity": "sha512-mLQ4i2QO1ytvGWFWmcngKO//JXAQueZvwEKtjgQFM4jIK0kU+ytMfplL8j+n5mspOfjHwoAg+9yhb7BwAHm36g=="
		},
		"bindings": {
			"version": "1.5.0",
			"resolved": "https://registry.npmjs.org/bindings/-/bindings-1.5.0.tgz",
			"integrity": "sha512-p2q/t/mhvuOj/UeLlV6566GD/guowlr0hHxClI0W9m7MWYkL1F0hLo+0Aexs9HSPCtR1SXQ0TD3MMKrXZajbiQ==",
			"requires": {
				"file-uri-to-path": "1.0.0"
			}
		},
		"blakejs": {
			"version": "1.1.0",
			"resolved": "https://registry.npmjs.org/blakejs/-/blakejs-1.1.0.tgz",
			"integrity": "sha1-ad+S75U6qIylGjLfarHFShVfx6U="
		},
		"bn.js": {
			"version": "5.1.1",
			"resolved": "https://registry.npmjs.org/bn.js/-/bn.js-5.1.1.tgz",
			"integrity": "sha512-IUTD/REb78Z2eodka1QZyyEk66pciRcP6Sroka0aI3tG/iwIdYLrBD62RsubR7vqdt3WyX8p4jxeatzmRSphtA=="
		},
		"brace-expansion": {
			"version": "1.1.11",
			"resolved": "https://registry.npmjs.org/brace-expansion/-/brace-expansion-1.1.11.tgz",
			"integrity": "sha512-iCuPHDFgrHX7H2vEI/5xpz07zSHB00TpugqhmYtVmMO6518mCuRMoOYFldEBl0g187ufozdaHgWKcYFb61qGiA==",
			"dev": true,
			"requires": {
				"balanced-match": "^1.0.0",
				"concat-map": "0.0.1"
			}
		},
		"brorand": {
			"version": "1.1.0",
			"resolved": "https://registry.npmjs.org/brorand/-/brorand-1.1.0.tgz",
			"integrity": "sha1-EsJe/kCkXjwyPrhnWgoM5XsiNx8="
		},
		"browserify-aes": {
			"version": "1.2.0",
			"resolved": "https://registry.npmjs.org/browserify-aes/-/browserify-aes-1.2.0.tgz",
			"integrity": "sha512-+7CHXqGuspUn/Sl5aO7Ea0xWGAtETPXNSAjHo48JfLdPWcMng33Xe4znFvQweqc/uzk5zSOI3H52CYnjCfb5hA==",
			"requires": {
				"buffer-xor": "^1.0.3",
				"cipher-base": "^1.0.0",
				"create-hash": "^1.1.0",
				"evp_bytestokey": "^1.0.3",
				"inherits": "^2.0.1",
				"safe-buffer": "^5.0.1"
			}
		},
		"bs58": {
			"version": "4.0.1",
			"resolved": "https://registry.npmjs.org/bs58/-/bs58-4.0.1.tgz",
			"integrity": "sha1-vhYedsNU9veIrkBx9j806MTwpCo=",
			"requires": {
				"base-x": "^3.0.2"
			}
		},
		"buffer": {
			"version": "5.5.0",
			"resolved": "https://registry.npmjs.org/buffer/-/buffer-5.5.0.tgz",
			"integrity": "sha512-9FTEDjLjwoAkEwyMGDjYJQN2gfRgOKBKRfiglhvibGbpeeU/pQn1bJxQqm32OD/AIeEuHxU9roxXxg34Byp/Ww==",
			"requires": {
				"base64-js": "^1.0.2",
				"ieee754": "^1.1.4"
			}
		},
		"buffer-xor": {
			"version": "1.0.3",
			"resolved": "https://registry.npmjs.org/buffer-xor/-/buffer-xor-1.0.3.tgz",
			"integrity": "sha1-JuYe0UIvtw3ULm42cp7VHYVf6Nk="
		},
		"cids": {
			"version": "0.7.4",
			"resolved": "https://registry.npmjs.org/cids/-/cids-0.7.4.tgz",
			"integrity": "sha512-jbjoM2woxvURbO3O9qTmCEWYX5nHHN43tSgDAO707pyjtLw7M42ZAbGqp6hRJe+tpxhZ6+uORSa7ZrnRO7zNdA==",
			"requires": {
				"buffer": "^5.5.0",
				"class-is": "^1.1.0",
				"multibase": "~0.6.0",
				"multicodec": "^1.0.0",
				"multihashes": "~0.4.15"
			}
		},
		"cipher-base": {
			"version": "1.0.4",
			"resolved": "https://registry.npmjs.org/cipher-base/-/cipher-base-1.0.4.tgz",
			"integrity": "sha512-Kkht5ye6ZGmwv40uUDZztayT2ThLQGfnj/T71N/XzeZeo3nf8foyW7zGTsPYkEya3m5f3cAypH+qe7YOrM1U2Q==",
			"requires": {
				"inherits": "^2.0.1",
				"safe-buffer": "^5.0.1"
			}
		},
		"class-is": {
			"version": "1.1.0",
			"resolved": "https://registry.npmjs.org/class-is/-/class-is-1.1.0.tgz",
			"integrity": "sha512-rhjH9AG1fvabIDoGRVH587413LPjTZgmDF9fOFCbFJQV4yuocX1mHxxvXI4g3cGwbVY9wAYIoKlg1N79frJKQw=="
		},
		"concat-map": {
			"version": "0.0.1",
			"resolved": "https://registry.npmjs.org/concat-map/-/concat-map-0.0.1.tgz",
			"integrity": "sha1-2Klr13/Wjfd5OnMDajug1UBdR3s=",
			"dev": true
		},
		"create-hash": {
			"version": "1.2.0",
			"resolved": "https://registry.npmjs.org/create-hash/-/create-hash-1.2.0.tgz",
			"integrity": "sha512-z00bCGNHDG8mHAkP7CtT1qVu+bFQUPjYq/4Iv3C3kWjTFV10zIjfSoeqXo9Asws8gwSHDGj/hl2u4OGIjapeCg==",
			"requires": {
				"cipher-base": "^1.0.1",
				"inherits": "^2.0.1",
				"md5.js": "^1.3.4",
				"ripemd160": "^2.0.1",
				"sha.js": "^2.4.0"
			}
		},
		"datastore-core": {
			"version": "0.7.0",
			"resolved": "https://registry.npmjs.org/datastore-core/-/datastore-core-0.7.0.tgz",
			"integrity": "sha512-hj7YQCDW+N22k7PRQ1XIwFWv78cJ311OGKzqFlJb5Afe1ARx9T1lyDkzr19a6ejDpK+f5EcSumra0MwJ/Ee7mw==",
			"requires": {
				"debug": "^4.1.1",
				"interface-datastore": "~0.7.0"
			},
			"dependencies": {
				"interface-datastore": {
					"version": "0.7.0",
					"resolved": "https://registry.npmjs.org/interface-datastore/-/interface-datastore-0.7.0.tgz",
					"integrity": "sha512-TfwzBe7iInnakxjWDQn8GQHRDSgmVXRylBo9Z6ONjtaIXB1aJFYpvW1mt+Kbnql/xpTxD2LsQKRBS9+EiTVmhA==",
					"requires": {
						"class-is": "^1.1.0",
						"err-code": "^1.1.2",
						"uuid": "^3.2.2"
					}
				}
			}
		},
		"debug": {
			"version": "4.1.1",
			"resolved": "https://registry.npmjs.org/debug/-/debug-4.1.1.tgz",
			"integrity": "sha512-pYAIzeRo8J6KPEaJ0VWOh5Pzkbw/RetuzehGM7QRRX5he4fPHx2rdKMB256ehJCkX+XRQm16eZLqLNS8RSZXZw==",
			"requires": {
				"ms": "^2.1.1"
			}
		},
		"delay": {
			"version": "4.3.0",
			"resolved": "https://registry.npmjs.org/delay/-/delay-4.3.0.tgz",
			"integrity": "sha512-Lwaf3zVFDMBop1yDuFZ19F9WyGcZcGacsbdlZtWjQmM50tOcMntm1njF/Nb/Vjij3KaSvCF+sEYGKrrjObu2NA==",
			"dev": true
		},
		"elliptic": {
			"version": "6.5.2",
			"resolved": "https://registry.npmjs.org/elliptic/-/elliptic-6.5.2.tgz",
			"integrity": "sha512-f4x70okzZbIQl/NSRLkI/+tteV/9WqL98zx+SQ69KbXxmVrmjwsNUPn/gYJJ0sHvEak24cZgHIPegRePAtA/xw==",
			"requires": {
				"bn.js": "^4.4.0",
				"brorand": "^1.0.1",
				"hash.js": "^1.0.0",
				"hmac-drbg": "^1.0.0",
				"inherits": "^2.0.1",
				"minimalistic-assert": "^1.0.0",
				"minimalistic-crypto-utils": "^1.0.0"
			},
			"dependencies": {
				"bn.js": {
					"version": "4.11.8",
					"resolved": "https://registry.npmjs.org/bn.js/-/bn.js-4.11.8.tgz",
					"integrity": "sha512-ItfYfPLkWHUjckQCk8xC+LwxgK8NYcXywGigJgSwOP8Y2iyWT4f2vsZnoOXTTbo+o5yXmIUJ4gn5538SO5S3gA=="
				}
			}
		},
		"err-code": {
			"version": "1.1.2",
			"resolved": "https://registry.npmjs.org/err-code/-/err-code-1.1.2.tgz",
			"integrity": "sha1-BuARbTAo9q70gGhJ6w6mp0iuaWA="
		},
		"evp_bytestokey": {
			"version": "1.0.3",
			"resolved": "https://registry.npmjs.org/evp_bytestokey/-/evp_bytestokey-1.0.3.tgz",
			"integrity": "sha512-/f2Go4TognH/KvCISP7OUsHn85hT9nUkxxA9BEWxFn+Oj9o8ZNLm/40hdlgSLyuOimsrTKLUMEorQexp/aPQeA==",
			"requires": {
				"md5.js": "^1.3.4",
				"safe-buffer": "^5.1.1"
			}
		},
		"file-uri-to-path": {
			"version": "1.0.0",
			"resolved": "https://registry.npmjs.org/file-uri-to-path/-/file-uri-to-path-1.0.0.tgz",
			"integrity": "sha512-0Zt+s3L7Vf1biwWZ29aARiVYLx7iMGnEUl9x33fbB/j3jR81u/O2LbqK+Bm1CDSNDKVtJ/YjwY7TUd5SkeLQLw=="
		},
		"fs.realpath": {
			"version": "1.0.0",
			"resolved": "https://registry.npmjs.org/fs.realpath/-/fs.realpath-1.0.0.tgz",
			"integrity": "sha1-FQStJSMVjKpA20onh8sBQRmU6k8=",
			"dev": true
		},
		"glob": {
			"version": "7.1.6",
			"resolved": "https://registry.npmjs.org/glob/-/glob-7.1.6.tgz",
			"integrity": "sha512-LwaxwyZ72Lk7vZINtNNrywX0ZuLyStrdDtabefZKAY5ZGJhVtgdznluResxNmPitE0SAO+O26sWTHeKSI2wMBA==",
			"dev": true,
			"requires": {
				"fs.realpath": "^1.0.0",
				"inflight": "^1.0.4",
				"inherits": "2",
				"minimatch": "^3.0.4",
				"once": "^1.3.0",
				"path-is-absolute": "^1.0.0"
			}
		},
		"hash-base": {
			"version": "3.0.4",
			"resolved": "https://registry.npmjs.org/hash-base/-/hash-base-3.0.4.tgz",
			"integrity": "sha1-X8hoaEfs1zSZQDMZprCj8/auSRg=",
			"requires": {
				"inherits": "^2.0.1",
				"safe-buffer": "^5.0.1"
			}
		},
		"hash.js": {
			"version": "1.1.7",
			"resolved": "https://registry.npmjs.org/hash.js/-/hash.js-1.1.7.tgz",
			"integrity": "sha512-taOaskGt4z4SOANNseOviYDvjEJinIkRgmp7LbKP2YTTmVxWBl87s/uzK9r+44BclBSp2X7K1hqeNfz9JbBeXA==",
			"requires": {
				"inherits": "^2.0.3",
				"minimalistic-assert": "^1.0.1"
			}
		},
		"hmac-drbg": {
			"version": "1.0.1",
			"resolved": "https://registry.npmjs.org/hmac-drbg/-/hmac-drbg-1.0.1.tgz",
			"integrity": "sha1-0nRXAQJabHdabFRXk+1QL8DGSaE=",
			"requires": {
				"hash.js": "^1.0.3",
				"minimalistic-assert": "^1.0.0",
				"minimalistic-crypto-utils": "^1.0.1"
			}
		},
		"ieee754": {
			"version": "1.1.13",
			"resolved": "https://registry.npmjs.org/ieee754/-/ieee754-1.1.13.tgz",
			"integrity": "sha512-4vf7I2LYV/HaWerSo3XmlMkp5eZ83i+/CDluXi/IGTs/O1sejBNhTtnxzmRZfvOUqj7lZjqHkeTvpgSFDlWZTg=="
		},
		"inflight": {
			"version": "1.0.6",
			"resolved": "https://registry.npmjs.org/inflight/-/inflight-1.0.6.tgz",
			"integrity": "sha1-Sb1jMdfQLQwJvJEKEHW6gWW1bfk=",
			"dev": true,
			"requires": {
				"once": "^1.3.0",
				"wrappy": "1"
			}
		},
		"inherits": {
			"version": "2.0.4",
			"resolved": "https://registry.npmjs.org/inherits/-/inherits-2.0.4.tgz",
			"integrity": "sha512-k/vGaX4/Yla3WzyMCvTQOXYeIHvqOKtnqBduzTHpzpQZzAskKMhZ2K+EnBiSM9zGSoIFeMpXKxa4dYeZIQqewQ=="
		},
		"interface-datastore": {
			"version": "0.8.1",
			"resolved": "https://registry.npmjs.org/interface-datastore/-/interface-datastore-0.8.1.tgz",
			"integrity": "sha512-S55gb1t3YgxamoT2VBHFu1H0YMlAsaL0aTvef3O3UezVL9ohiHzCTkJkHwaJEs3cqddHOrDvMZh+dInVEVJW9w==",
			"requires": {
				"class-is": "^1.1.0",
				"err-code": "^2.0.0",
				"uuid": "^3.2.2"
			},
			"dependencies": {
				"err-code": {
					"version": "2.0.0",
					"resolved": "https://registry.npmjs.org/err-code/-/err-code-2.0.0.tgz",
					"integrity": "sha512-MsMOijQ4v0xlmrz1fc7lyPEy7jFhoNF7EVaRSP7mPzs20LaFOwG6qNjGRy3Ie85n9DARlcUnB1zbsBv5sJrIvw=="
				}
			}
		},
		"ip-regex": {
			"version": "4.1.0",
			"resolved": "https://registry.npmjs.org/ip-regex/-/ip-regex-4.1.0.tgz",
			"integrity": "sha512-pKnZpbgCTfH/1NLIlOduP/V+WRXzC2MOz3Qo8xmxk8C5GudJLgK5QyLVXOSWy3ParAH7Eemurl3xjv/WXYFvMA=="
		},
		"is-ip": {
			"version": "3.1.0",
			"resolved": "https://registry.npmjs.org/is-ip/-/is-ip-3.1.0.tgz",
			"integrity": "sha512-35vd5necO7IitFPjd/YBeqwWnyDWbuLH9ZXQdMfDA8TEo7pv5X8yfrvVO3xbJbLUlERCMvf6X0hTUamQxCYJ9Q==",
			"requires": {
				"ip-regex": "^4.0.0"
			}
		},
		"is-typedarray": {
			"version": "1.0.0",
			"resolved": "https://registry.npmjs.org/is-typedarray/-/is-typedarray-1.0.0.tgz",
			"integrity": "sha1-5HnICFjfDBsR3dppQPlgEfzaSpo="
		},
		"iso-random-stream": {
			"version": "1.1.1",
			"resolved": "https://registry.npmjs.org/iso-random-stream/-/iso-random-stream-1.1.1.tgz",
			"integrity": "sha512-YEt/7xOwTdu4KXIgtdgGFkiLUsBaddbnkmHyaFdjJYIcD7V4gpQHPvYC5tyh3kA0PQ01y9lWm1ruVdf8Mqzovg==",
			"requires": {
				"buffer": "^5.4.3",
				"readable-stream": "^3.4.0"
			}
		},
		"isomorphic-ws": {
			"version": "4.0.1",
			"resolved": "https://registry.npmjs.org/isomorphic-ws/-/isomorphic-ws-4.0.1.tgz",
			"integrity": "sha512-BhBvN2MBpWTaSHdWRb/bwdZJ1WaehQ2L1KngkCkfLUGF0mAWAT1sQUQacEmQ0jXkFw/czDXPNQSL5u2/Krsz1w==",
			"dev": true
		},
		"js-sha3": {
			"version": "0.8.0",
			"resolved": "https://registry.npmjs.org/js-sha3/-/js-sha3-0.8.0.tgz",
			"integrity": "sha512-gF1cRrHhIzNfToc802P800N8PpXS+evLLXfsVpowqmAFR9uwbi89WvXg2QspOmXL8QL86J4T1EpFu+yUkwJY3Q=="
		},
		"keypair": {
			"version": "1.0.1",
			"resolved": "https://registry.npmjs.org/keypair/-/keypair-1.0.1.tgz",
			"integrity": "sha1-dgNxknCvtlZO04oiCHoG/Jqk6hs="
		},
		"libp2p-crypto": {
			"version": "0.17.3",
			"resolved": "https://registry.npmjs.org/libp2p-crypto/-/libp2p-crypto-0.17.3.tgz",
			"integrity": "sha512-MIAqYxjbERC2zMgxu96qk+E6+SbtxCUCOpVGJiPeAj5xn3JR2Jmu9W+zhR8xRg/+el0CLV+luyLegNqPj2/UZQ==",
			"requires": {
				"asmcrypto.js": "^2.3.2",
				"bn.js": "^5.0.0",
				"browserify-aes": "^1.2.0",
				"bs58": "^4.0.1",
				"err-code": "^2.0.0",
				"iso-random-stream": "^1.1.0",
				"keypair": "^1.0.1",
				"libp2p-crypto-secp256k1": "~0.4.0",
				"multihashing-async": "~0.8.0",
				"node-forge": "~0.9.1",
				"pem-jwk": "^2.0.0",
				"protons": "^1.0.1",
				"rsa-pem-to-jwk": "^1.1.3",
				"tweetnacl": "^1.0.1",
				"ursa-optional": "~0.10.1"
			},
			"dependencies": {
				"err-code": {
					"version": "2.0.0",
					"resolved": "https://registry.npmjs.org/err-code/-/err-code-2.0.0.tgz",
					"integrity": "sha512-MsMOijQ4v0xlmrz1fc7lyPEy7jFhoNF7EVaRSP7mPzs20LaFOwG6qNjGRy3Ie85n9DARlcUnB1zbsBv5sJrIvw=="
				}
			}
		},
		"libp2p-crypto-secp256k1": {
			"version": "0.4.2",
			"resolved": "https://registry.npmjs.org/libp2p-crypto-secp256k1/-/libp2p-crypto-secp256k1-0.4.2.tgz",
			"integrity": "sha512-gyJAgWsHaPMmZPXuKoGOwZ1GfvrLcU2p/2SyU5vaKx1ZlSpQsLU1wztk12BVzyBrS4UqgFY11uaZFQXY/xrIPQ==",
			"requires": {
				"buffer": "^5.5.0",
				"is-typedarray": "^1.0.0",
				"multibase": "^0.6.0",
				"multihashing-async": "^0.8.1",
				"secp256k1": "^4.0.0"
			}
		},
		"loglevel": {
			"version": "1.6.7",
			"resolved": "https://registry.npmjs.org/loglevel/-/loglevel-1.6.7.tgz",
			"integrity": "sha512-cY2eLFrQSAfVPhCgH1s7JI73tMbg9YC3v3+ZHVW67sBS7UxWzNEk/ZBbSfLykBWHp33dqqtOv82gjhKEi81T/A=="
		},
		"md5.js": {
			"version": "1.3.5",
			"resolved": "https://registry.npmjs.org/md5.js/-/md5.js-1.3.5.tgz",
			"integrity": "sha512-xitP+WxNPcTTOgnTJcrhM0xvdPepipPSf3I8EIpGKeFLjt3PlJLIDG3u8EX53ZIubkb+5U2+3rELYpEhHhzdkg==",
			"requires": {
				"hash-base": "^3.0.0",
				"inherits": "^2.0.1",
				"safe-buffer": "^5.1.2"
			}
		},
		"minimalistic-assert": {
			"version": "1.0.1",
			"resolved": "https://registry.npmjs.org/minimalistic-assert/-/minimalistic-assert-1.0.1.tgz",
			"integrity": "sha512-UtJcAD4yEaGtjPezWuO9wC4nwUnVH/8/Im3yEHQP4b67cXlD/Qr9hdITCU1xDbSEXg2XKNaP8jsReV7vQd00/A=="
		},
		"minimalistic-crypto-utils": {
			"version": "1.0.1",
			"resolved": "https://registry.npmjs.org/minimalistic-crypto-utils/-/minimalistic-crypto-utils-1.0.1.tgz",
			"integrity": "sha1-9sAMHAsIIkblxNmd+4x8CDsrWCo="
		},
		"minimatch": {
			"version": "3.0.4",
			"resolved": "https://registry.npmjs.org/minimatch/-/minimatch-3.0.4.tgz",
			"integrity": "sha512-yJHVQEhyqPLUTgt9B83PXu6W3rx4MvvHvSUvToogpwoGDOUQ+yDrR0HRot+yOCdCO7u4hX3pWft6kWBBcqh0UA==",
			"dev": true,
			"requires": {
				"brace-expansion": "^1.1.7"
			}
		},
		"ms": {
			"version": "2.1.2",
			"resolved": "https://registry.npmjs.org/ms/-/ms-2.1.2.tgz",
			"integrity": "sha512-sGkPx+VjMtmA6MX27oA4FBFELFCZZ4S4XqeGOXCv68tT+jb3vk/RyaKWP0PTKyWtmLSM0b+adUTEvbs1PEaH2w=="
		},
		"multiaddr": {
			"version": "7.4.2",
			"resolved": "https://registry.npmjs.org/multiaddr/-/multiaddr-7.4.2.tgz",
			"integrity": "sha512-XVwKgOzfKANw4cPT6xZ8oWMqFA1MJVXe2gI3YBdAk7Jf8jvcQM85ewkex9u523j1MZZGXr4LxUH2baJWS/B5SA==",
			"requires": {
				"buffer": "^5.5.0",
				"cids": "~0.7.1",
				"class-is": "^1.1.0",
				"is-ip": "^3.1.0",
				"multibase": "^0.7.0",
				"varint": "^5.0.0"
			},
			"dependencies": {
				"multibase": {
					"version": "0.7.0",
					"resolved": "https://registry.npmjs.org/multibase/-/multibase-0.7.0.tgz",
					"integrity": "sha512-TW8q03O0f6PNFTQDvh3xxH03c8CjGaaYrjkl9UQPG6rz53TQzzxJVCIWVjzcbN/Q5Y53Zd0IBQBMVktVgNx4Fg==",
					"requires": {
						"base-x": "^3.0.8",
						"buffer": "^5.5.0"
					}
				}
			}
		},
		"multibase": {
			"version": "0.6.1",
			"resolved": "https://registry.npmjs.org/multibase/-/multibase-0.6.1.tgz",
			"integrity": "sha512-pFfAwyTjbbQgNc3G7D48JkJxWtoJoBMaR4xQUOuB8RnCgRqaYmWNFeJTTvrJ2w51bjLq2zTby6Rqj9TQ9elSUw==",
			"requires": {
				"base-x": "^3.0.8",
				"buffer": "^5.5.0"
			}
		},
		"multicodec": {
			"version": "1.0.1",
			"resolved": "https://registry.npmjs.org/multicodec/-/multicodec-1.0.1.tgz",
			"integrity": "sha512-yrrU/K8zHyAH2B0slNVeq3AiwluflHpgQ3TAzwNJcuO2AoPyXgBT2EDkdbP1D8B/yFOY+S2hDYmFlI1vhVFkQw==",
			"requires": {
				"buffer": "^5.5.0",
				"varint": "^5.0.0"
			}
		},
		"multihashes": {
			"version": "0.4.17",
			"resolved": "https://registry.npmjs.org/multihashes/-/multihashes-0.4.17.tgz",
			"integrity": "sha512-5K5brXK5myhEHgfB8B+Hf470KRdcZcUJ0QSZWyMkwXe2kw7Dh8Fb5tepplEkXAhBcTbEIOe2I9cmIZ4/E1lhfw==",
			"requires": {
				"buffer": "^5.5.0",
				"multibase": "^0.6.0",
				"varint": "^5.0.0"
			}
		},
		"multihashing-async": {
			"version": "0.8.1",
			"resolved": "https://registry.npmjs.org/multihashing-async/-/multihashing-async-0.8.1.tgz",
			"integrity": "sha512-qu3eIXHebc9a4OU4n/60BdZLFpX+/dGBs3DbzXCxX1aU0rFF19KQAiGl+sRL9wvKIJdeF2+w16RRJrpyTHpkkA==",
			"requires": {
				"blakejs": "^1.1.0",
				"buffer": "^5.4.3",
				"err-code": "^2.0.0",
				"js-sha3": "~0.8.0",
				"multihashes": "~0.4.15",
				"murmurhash3js-revisited": "^3.0.0"
			},
			"dependencies": {
				"err-code": {
					"version": "2.0.0",
					"resolved": "https://registry.npmjs.org/err-code/-/err-code-2.0.0.tgz",
					"integrity": "sha512-MsMOijQ4v0xlmrz1fc7lyPEy7jFhoNF7EVaRSP7mPzs20LaFOwG6qNjGRy3Ie85n9DARlcUnB1zbsBv5sJrIvw=="
				}
			}
		},
		"murmurhash3js-revisited": {
			"version": "3.0.0",
			"resolved": "https://registry.npmjs.org/murmurhash3js-revisited/-/murmurhash3js-revisited-3.0.0.tgz",
			"integrity": "sha512-/sF3ee6zvScXMb1XFJ8gDsSnY+X8PbOyjIuBhtgis10W2Jx4ZjIhikUCIF9c4gpJxVnQIsPAFrSwTCuAjicP6g=="
		},
		"nan": {
			"version": "2.14.0",
			"resolved": "https://registry.npmjs.org/nan/-/nan-2.14.0.tgz",
			"integrity": "sha512-INOFj37C7k3AfaNTtX8RhsTw7qRy7eLET14cROi9+5HAVbbHuIWUHEauBv5qT4Av2tWasiTY1Jw6puUNqRJXQg=="
		},
		"node-addon-api": {
			"version": "2.0.0",
			"resolved": "https://registry.npmjs.org/node-addon-api/-/node-addon-api-2.0.0.tgz",
			"integrity": "sha512-ASCL5U13as7HhOExbT6OlWJJUV/lLzL2voOSP1UVehpRD8FbSrSDjfScK/KwAvVTI5AS6r4VwbOMlIqtvRidnA=="
		},
		"node-forge": {
			"version": "0.9.1",
			"resolved": "https://registry.npmjs.org/node-forge/-/node-forge-0.9.1.tgz",
			"integrity": "sha512-G6RlQt5Sb4GMBzXvhfkeFmbqR6MzhtnT7VTHuLadjkii3rdYHNdw0m8zA4BTxVIh68FicCQ2NSUANpsqkr9jvQ=="
		},
		"node-gyp-build": {
			"version": "4.2.1",
			"resolved": "https://registry.npmjs.org/node-gyp-build/-/node-gyp-build-4.2.1.tgz",
			"integrity": "sha512-XyCKXsqZfLqHep1hhsMncoXuUNt/cXCjg1+8CLbu69V1TKuPiOeSGbL9n+k/ByKH8UT0p4rdIX8XkTRZV0i7Sw=="
		},
		"object-assign": {
			"version": "2.1.1",
			"resolved": "https://registry.npmjs.org/object-assign/-/object-assign-2.1.1.tgz",
			"integrity": "sha1-Q8NuXVaf+OSBbE76i+AtJpZ8GKo="
		},
		"once": {
			"version": "1.4.0",
			"resolved": "https://registry.npmjs.org/once/-/once-1.4.0.tgz",
			"integrity": "sha1-WDsap3WWHUsROsF9nFC6753Xa9E=",
			"dev": true,
			"requires": {
				"wrappy": "1"
			}
		},
		"optimist": {
			"version": "0.3.7",
			"resolved": "https://registry.npmjs.org/optimist/-/optimist-0.3.7.tgz",
			"integrity": "sha1-yQlBrVnkJzMokjB00s8ufLxuwNk=",
			"requires": {
				"wordwrap": "~0.0.2"
			}
		},
		"path-is-absolute": {
			"version": "1.0.1",
			"resolved": "https://registry.npmjs.org/path-is-absolute/-/path-is-absolute-1.0.1.tgz",
			"integrity": "sha1-F0uSaHNVNP+8es5r9TpanhtcX18=",
			"dev": true
		},
		"peer-id": {
			"version": "0.13.10",
			"resolved": "https://registry.npmjs.org/peer-id/-/peer-id-0.13.10.tgz",
			"integrity": "sha512-GFu7sIYA+VKqOr5HjaQOP2shgoWqptgVsB356XT6EdxDRYeFwOjcmC/HoPGaWj1uU8yQpCSBsCKjkOysE5GJMQ==",
			"requires": {
				"buffer": "^5.5.0",
				"cids": "^0.7.3",
				"class-is": "^1.1.0",
				"libp2p-crypto": "~0.17.3",
				"multihashes": "~0.4.15",
				"protons": "^1.0.2"
			}
		},
		"pem-jwk": {
			"version": "2.0.0",
			"resolved": "https://registry.npmjs.org/pem-jwk/-/pem-jwk-2.0.0.tgz",
			"integrity": "sha512-rFxu7rVoHgQ5H9YsP50dDWf0rHjreVA2z0yPiWr5WdH/UHb29hKtF7h6l8vNd1cbYR1t0QL+JKhW55a2ZV4KtA==",
			"requires": {
				"asn1.js": "^5.0.1"
			}
		},
		"protocol-buffers-schema": {
			"version": "3.4.0",
			"resolved": "https://registry.npmjs.org/protocol-buffers-schema/-/protocol-buffers-schema-3.4.0.tgz",
			"integrity": "sha512-G/2kcamPF2S49W5yaMGdIpkG6+5wZF0fzBteLKgEHjbNzqjZQ85aAs1iJGto31EJaSTkNvHs5IXuHSaTLWBAiA=="
		},
		"protons": {
			"version": "1.0.2",
			"resolved": "https://registry.npmjs.org/protons/-/protons-1.0.2.tgz",
			"integrity": "sha512-PexfP8Vh9pLMa5jUWJZLqofoQYmLUTrqLYAtqNoxwgm2ixxqLQz2BHJ7XEPCS4ZhTx/n5MXWpcT6P91oM+mgOQ==",
			"requires": {
				"buffer": "^5.5.0",
				"protocol-buffers-schema": "^3.3.1",
				"signed-varint": "^2.0.1",
				"varint": "^5.0.0"
			}
		},
		"readable-stream": {
			"version": "3.6.0",
			"resolved": "https://registry.npmjs.org/readable-stream/-/readable-stream-3.6.0.tgz",
			"integrity": "sha512-BViHy7LKeTz4oNnkcLJ+lVSL6vpiFeX6/d3oSH8zCW7UxP2onchk+vTGB143xuFjHS3deTgkKoXXymXqymiIdA==",
			"requires": {
				"inherits": "^2.0.3",
				"string_decoder": "^1.1.1",
				"util-deprecate": "^1.0.1"
			}
		},
		"rimraf": {
			"version": "3.0.2",
			"resolved": "https://registry.npmjs.org/rimraf/-/rimraf-3.0.2.tgz",
			"integrity": "sha512-JZkJMZkAGFFPP2YqXZXPbMlMBgsxzE8ILs4lMIX/2o0L9UBw9O/Y3o6wFw/i9YLapcUJWwqbi3kdxIPdC62TIA==",
			"dev": true,
			"requires": {
				"glob": "^7.1.3"
			}
		},
		"ripemd160": {
			"version": "2.0.2",
			"resolved": "https://registry.npmjs.org/ripemd160/-/ripemd160-2.0.2.tgz",
			"integrity": "sha512-ii4iagi25WusVoiC4B4lq7pbXfAp3D9v5CwfkY33vffw2+pkDjY1D8GaN7spsxvCSx8dkPqOZCEZyfxcmJG2IA==",
			"requires": {
				"hash-base": "^3.0.0",
				"inherits": "^2.0.1"
			}
		},
		"rsa-pem-to-jwk": {
			"version": "1.1.3",
			"resolved": "https://registry.npmjs.org/rsa-pem-to-jwk/-/rsa-pem-to-jwk-1.1.3.tgz",
			"integrity": "sha1-JF52vbfnI0z+58oDLTG1TDj6uY4=",
			"requires": {
				"object-assign": "^2.0.0",
				"rsa-unpack": "0.0.6"
			}
		},
		"rsa-unpack": {
			"version": "0.0.6",
			"resolved": "https://registry.npmjs.org/rsa-unpack/-/rsa-unpack-0.0.6.tgz",
			"integrity": "sha1-9Q69VqYoN45jHylxYQJs6atO3bo=",
			"requires": {
				"optimist": "~0.3.5"
			}
		},
		"safe-buffer": {
			"version": "5.2.0",
			"resolved": "https://registry.npmjs.org/safe-buffer/-/safe-buffer-5.2.0.tgz",
			"integrity": "sha512-fZEwUGbVl7kouZs1jCdMLdt95hdIv0ZeHg6L7qPeciMZhZ+/gdesW4wgTARkrFWEpspjEATAzUGPG8N2jJiwbg=="
		},
		"safer-buffer": {
			"version": "2.1.2",
			"resolved": "https://registry.npmjs.org/safer-buffer/-/safer-buffer-2.1.2.tgz",
			"integrity": "sha512-YZo3K82SD7Riyi0E1EQPojLz7kpepnSQI9IyPbHHg1XXXevb5dJI7tpyN2ADxGcQbHG7vcyRHk0cbwqcQriUtg=="
		},
		"secp256k1": {
			"version": "4.0.0",
			"resolved": "https://registry.npmjs.org/secp256k1/-/secp256k1-4.0.0.tgz",
			"integrity": "sha512-0w0zse+Iku13O58SVE9/DhyCKWNsKb+n/vMqLOGICgSqxWuXZs+eajBf9uVOgk5QfNvTY/mx0QSqYxkcz802dw==",
			"requires": {
				"elliptic": "^6.5.2",
				"node-addon-api": "^2.0.0",
				"node-gyp-build": "^4.2.0"
			}
		},
		"sha.js": {
			"version": "2.4.11",
			"resolved": "https://registry.npmjs.org/sha.js/-/sha.js-2.4.11.tgz",
			"integrity": "sha512-QMEp5B7cftE7APOjk5Y6xgrbWu+WkLVQwk8JNjZ8nKRciZaByEW6MubieAiToS7+dwvrjGhH8jRXz3MVd0AYqQ==",
			"requires": {
				"inherits": "^2.0.1",
				"safe-buffer": "^5.0.1"
			}
		},
		"signed-varint": {
			"version": "2.0.1",
			"resolved": "https://registry.npmjs.org/signed-varint/-/signed-varint-2.0.1.tgz",
			"integrity": "sha1-UKmYnafJjCxh2tEZvJdHDvhSgSk=",
			"requires": {
				"varint": "~5.0.0"
			}
		},
		"string_decoder": {
			"version": "1.3.0",
			"resolved": "https://registry.npmjs.org/string_decoder/-/string_decoder-1.3.0.tgz",
			"integrity": "sha512-hkRX8U1WjJFd8LsDJ2yQ/wWWxaopEsABU1XfkM8A+j0+85JAGppt16cr1Whg6KIbb4okU6Mql6BOj+uup/wKeA==",
			"requires": {
				"safe-buffer": "~5.2.0"
			}
		},
		"tweetnacl": {
			"version": "1.0.3",
			"resolved": "https://registry.npmjs.org/tweetnacl/-/tweetnacl-1.0.3.tgz",
			"integrity": "sha512-6rt+RN7aOi1nGMyC4Xa5DdYiukl2UWCbcJft7YhxReBGQD7OAM8Pbxw6YMo4r2diNEA8FEmu32YOn9rhaiE5yw=="
		},
		"typescript": {
			"version": "3.8.3",
			"resolved": "https://registry.npmjs.org/typescript/-/typescript-3.8.3.tgz",
			"integrity": "sha512-MYlEfn5VrLNsgudQTVJeNaQFUAI7DkhnOjdpAp4T+ku1TfQClewlbSuTVHiA+8skNBgaf02TL/kLOvig4y3G8w==",
			"dev": true
		},
		"ursa-optional": {
			"version": "0.10.1",
			"resolved": "https://registry.npmjs.org/ursa-optional/-/ursa-optional-0.10.1.tgz",
			"integrity": "sha512-/pgpBXVJut57dHNrdGF+1/qXi+5B7JrlmZDWPSyoivEcbwFWRZJBJGkWb6ivknMBA3bnFA7lqsb6iHiFfp79QQ==",
			"requires": {
				"bindings": "^1.5.0",
				"nan": "^2.14.0"
			}
		},
		"util-deprecate": {
			"version": "1.0.2",
			"resolved": "https://registry.npmjs.org/util-deprecate/-/util-deprecate-1.0.2.tgz",
			"integrity": "sha1-RQ1Nyfpw3nMnYvvS1KKJgUGaDM8="
		},
		"uuid": {
			"version": "3.4.0",
			"resolved": "https://registry.npmjs.org/uuid/-/uuid-3.4.0.tgz",
			"integrity": "sha512-HjSDRw6gZE5JMggctHBcjVak08+KEVhSIiDzFnT9S9aegmp85S/bReBVTb4QTFaRNptJ9kuYaNhnbNEOkbKb/A=="
		},
		"varint": {
			"version": "5.0.0",
			"resolved": "https://registry.npmjs.org/varint/-/varint-5.0.0.tgz",
			"integrity": "sha1-2Ca4n3SQcy+rwMDtaT7Uddyynr8="
		},
		"wordwrap": {
			"version": "0.0.3",
			"resolved": "https://registry.npmjs.org/wordwrap/-/wordwrap-0.0.3.tgz",
			"integrity": "sha1-o9XabNXAvAAI03I0u68b7WMFkQc="
		},
		"wrappy": {
			"version": "1.0.2",
			"resolved": "https://registry.npmjs.org/wrappy/-/wrappy-1.0.2.tgz",
			"integrity": "sha1-tSQ9jz7BqjXxNkYFvA0QNuMKtp8=",
			"dev": true
		},
		"ws": {
			"version": "7.2.3",
			"resolved": "https://registry.npmjs.org/ws/-/ws-7.2.3.tgz",
			"integrity": "sha512-HTDl9G9hbkNDk98naoR/cHDws7+EyYMOdL1BmjsZXRUjf7d+MficC4B7HLUPlSiho0vg+CWKrGIt/VJBd1xunQ==",
			"dev": true
		}
	}
}
