{
	"name": "@textile/buckets",
	"version": "6.0.2",
	"lockfileVersion": 1,
	"requires": true,
	"dependencies": {
		"@improbable-eng/grpc-web": {
			"version": "0.13.0",
			"resolved": "https://registry.npmjs.org/@improbable-eng/grpc-web/-/grpc-web-0.13.0.tgz",
			"integrity": "sha512-vaxxT+Qwb7GPqDQrBV4vAAfH0HywgOLw6xGIKXd9Q8hcV63CQhmS3p4+pZ9/wVvt4Ph3ZDK9fdC983b9aGMUFg==",
			"requires": {
				"browser-headers": "^0.4.0"
			}
		},
		"@multiformats/base-x": {
			"version": "4.0.1",
			"resolved": "https://registry.npmjs.org/@multiformats/base-x/-/base-x-4.0.1.tgz",
			"integrity": "sha512-eMk0b9ReBbV23xXU693TAIrLyeO5iTgBZGSJfpqriG8UkYvr/hC9u9pyMlAakDNHWmbhMZCDs6KQO0jzKD8OTw=="
		},
		"@repeaterjs/repeater": {
			"version": "3.0.4",
			"resolved": "https://registry.npmjs.org/@repeaterjs/repeater/-/repeater-3.0.4.tgz",
			"integrity": "sha512-AW8PKd6iX3vAZ0vA43nOUOnbq/X5ihgU+mSXXqunMkeQADGiqw/PY0JNeYtD5sr0PAy51YPgAPbDoeapv9r8WA=="
		},
		"@textile/buckets-grpc": {
			"version": "2.6.0",
			"resolved": "https://registry.npmjs.org/@textile/buckets-grpc/-/buckets-grpc-2.6.0.tgz",
			"integrity": "sha512-TNmxuGKyDlOngnqYTSamMAb7TPQf9vGWhxV7F1NLBuq5RxgwTR0+4Dj+kxRv1bIhR4KCuBYRWCNDFw+ZaUkyug==",
			"requires": {
				"@improbable-eng/grpc-web": "^0.13.0",
				"@types/google-protobuf": "^3.7.4",
				"google-protobuf": "^3.13.0"
			}
		},
		"@textile/hub-grpc": {
			"version": "2.6.0",
			"resolved": "https://registry.npmjs.org/@textile/hub-grpc/-/hub-grpc-2.6.0.tgz",
			"integrity": "sha512-4uI/6A1LXBKlJ8UH8SqHA88KCVQuLGe+n5jZyFqFAE8cGxfR46wn+wIzbgwi+utpNRQGN7cpM0xD7oNzjH48FA==",
			"requires": {
				"@improbable-eng/grpc-web": "^0.13.0",
				"@types/google-protobuf": "^3.7.4",
				"google-protobuf": "^3.13.0"
			}
		},
		"@types/google-protobuf": {
			"version": "3.7.4",
			"resolved": "https://registry.npmjs.org/@types/google-protobuf/-/google-protobuf-3.7.4.tgz",
			"integrity": "sha512-6PjMFKl13cgB4kRdYtvyjKl8VVa0PXS2IdVxHhQ8GEKbxBkyJtSbaIeK1eZGjDKN7dvUh4vkOvU9FMwYNv4GQQ=="
		},
		"abort-controller": {
			"version": "3.0.0",
			"resolved": "https://registry.npmjs.org/abort-controller/-/abort-controller-3.0.0.tgz",
			"integrity": "sha512-h8lQ8tacZYnR3vNQTgibj+tODHI5/+l06Au2Pcriv/Gmet0eaj4TwWH41sO9wnHDiQsEj19q0drzdWdeAHtweg==",
			"requires": {
				"event-target-shim": "^5.0.0"
			}
		},
		"browser-headers": {
			"version": "0.4.1",
			"resolved": "https://registry.npmjs.org/browser-headers/-/browser-headers-0.4.1.tgz",
			"integrity": "sha512-CA9hsySZVo9371qEHjHZtYxV2cFtVj5Wj/ZHi8ooEsrtm4vOnl9Y9HmyYWk9q+05d7K3rdoAE0j3MVEFVvtQtg=="
		},
		"browser-or-node": {
			"version": "1.3.0",
			"resolved": "https://registry.npmjs.org/browser-or-node/-/browser-or-node-1.3.0.tgz",
			"integrity": "sha512-0F2z/VSnLbmEeBcUrSuDH5l0HxTXdQQzLjkmBR4cYfvg1zJrKSlmIZFqyFR8oX0NrwPhy3c3HQ6i3OxMbew4Tg==",
			"dev": true
		},
		"cids": {
			"version": "1.1.4",
			"resolved": "https://registry.npmjs.org/cids/-/cids-1.1.4.tgz",
			"integrity": "sha512-mo0IWZKcaQZsret8cP39MzDnPVT9NhhQEVaIKwWnBFaLtj2slTFckYMnbk15ptewNkb22qRBLfuBK+qiWYW/Mg==",
			"requires": {
				"multibase": "^3.0.1",
				"multicodec": "^2.1.0",
				"multihashes": "^3.0.1",
				"uint8arrays": "^1.1.0"
			}
		},
		"event-iterator": {
			"version": "1.2.0",
			"resolved": "https://registry.npmjs.org/event-iterator/-/event-iterator-1.2.0.tgz",
			"integrity": "sha512-Daq7YUl0Mv1i4QEgzGQlz0jrx7hUFNyLGbiF+Ap7NCMCjDLCCnolyj6s0TAc6HmrBziO5rNVHsPwGMp7KdRPvw=="
		},
		"event-target-shim": {
			"version": "5.0.1",
			"resolved": "https://registry.npmjs.org/event-target-shim/-/event-target-shim-5.0.1.tgz",
			"integrity": "sha512-i/2XbnSz/uxRCU6+NdVJgKWDTM427+MqYbkQzD321DuCQJUqOuJKIA0IM2+W2xtYHdKOmZ4dR6fExsd4SXL+WQ=="
		},
		"google-protobuf": {
			"version": "3.14.0",
			"resolved": "https://registry.npmjs.org/google-protobuf/-/google-protobuf-3.14.0.tgz",
			"integrity": "sha512-bwa8dBuMpOxg7COyqkW6muQuvNnWgVN8TX/epDRGW5m0jcrmq2QJyCyiV8ZE2/6LaIIqJtiv9bYokFhfpy/o6w=="
		},
		"it-drain": {
			"version": "1.0.3",
			"resolved": "https://registry.npmjs.org/it-drain/-/it-drain-1.0.3.tgz",
			"integrity": "sha512-KxwHBEpWW+0/EkGCOPR2MaHanvBW2A76tOC5CiitoJGLd8J56FxM6jJX3uow20v5qMidX5lnKgwH5oCIyYDszQ=="
		},
		"it-last": {
			"version": "1.0.4",
			"resolved": "https://registry.npmjs.org/it-last/-/it-last-1.0.4.tgz",
			"integrity": "sha512-h0aV43BaD+1nubAKwStWcda6vlbejPSTQKfOrQvyNrrceluWfoq8DrBXnL0PSz6RkyHSiVSHtAEaqUijYMPo8Q==",
			"dev": true
		},
		"loglevel": {
			"version": "1.6.8",
			"resolved": "https://registry.npmjs.org/loglevel/-/loglevel-1.6.8.tgz",
			"integrity": "sha512-bsU7+gc9AJ2SqpzxwU3+1fedl8zAntbtC5XYlt3s2j1hJcn2PsXSmgN8TaLG/J1/2mod4+cE/3vNL70/c1RNCA=="
		},
		"multibase": {
			"version": "3.1.0",
			"resolved": "https://registry.npmjs.org/multibase/-/multibase-3.1.0.tgz",
			"integrity": "sha512-Z+pThrpbS7ckQ2DwW5mPiwCGe1a94f8DWi/OxmbyeRednVOyUKmLSE+60kL/WHFYwWnaD1OakXGk3PYI1NkMFw==",
			"requires": {
				"@multiformats/base-x": "^4.0.1",
				"web-encoding": "^1.0.4"
			}
		},
		"multicodec": {
			"version": "2.1.0",
			"resolved": "https://registry.npmjs.org/multicodec/-/multicodec-2.1.0.tgz",
			"integrity": "sha512-7AYpK/avswOWvnqQ9/jOkQCS7Fp4aKxw5ojvn5gyK2VQTZz3YVXeLMzoIZDBy745JSfJMXkTS0ptnHci5Mt1mA==",
			"requires": {
				"uint8arrays": "1.1.0",
				"varint": "^6.0.0"
			}
		},
		"multihashes": {
			"version": "3.1.0",
			"resolved": "https://registry.npmjs.org/multihashes/-/multihashes-3.1.0.tgz",
			"integrity": "sha512-snU+w6aZy5bTrrqIHW3wkT0MfHmxcpOsaVNJt0NzUnseksbjFDVUZjSmhDMAVOVnIdLMS7xHjo55pKlBIGmC3g==",
			"requires": {
				"multibase": "^3.1.0",
				"uint8arrays": "^1.0.0",
				"varint": "^6.0.0"
			}
		},
		"paramap-it": {
			"version": "0.1.1",
			"resolved": "https://registry.npmjs.org/paramap-it/-/paramap-it-0.1.1.tgz",
			"integrity": "sha512-3uZmCAN3xCw7Am/4ikGzjjR59aNMJVXGSU7CjG2Z6DfOAdhnLdCOd0S0m1sTkN4ov9QhlE3/jkzyu953hq0uwQ==",
			"requires": {
				"event-iterator": "^1.0.0"
			}
		},
		"uint8arrays": {
			"version": "1.1.0",
			"resolved": "https://registry.npmjs.org/uint8arrays/-/uint8arrays-1.1.0.tgz",
			"integrity": "sha512-cLdlZ6jnFczsKf5IH1gPHTtcHtPGho5r4CvctohmQjw8K7Q3gFdfIGHxSTdTaCKrL4w09SsPRJTqRS0drYeszA==",
			"requires": {
				"multibase": "^3.0.0",
				"web-encoding": "^1.0.2"
			}
		},
		"varint": {
			"version": "6.0.0",
			"resolved": "https://registry.npmjs.org/varint/-/varint-6.0.0.tgz",
			"integrity": "sha512-cXEIW6cfr15lFv563k4GuVuW/fiwjknytD37jIOLSdSWuOI6WnO/oKwmP2FQTU2l01LP8/M5TSAJpzUaGe3uWg=="
		},
		"web-encoding": {
			"version": "1.0.4",
			"resolved": "https://registry.npmjs.org/web-encoding/-/web-encoding-1.0.4.tgz",
			"integrity": "sha512-DcXs2lbVPzuJmn2kuDEwul2oZg7p4YMa5J2f0YzsOBHaAnBYGPNUB/rJ74DTjTKpw7F0+lSsVM8sFHE2UyBixg=="
		}
	}
}
