{
	"name": "@textile/grpc-connection",
	"version": "2.4.0",
	"lockfileVersion": 1,
	"requires": true,
	"dependencies": {
		"@improbable-eng/grpc-web": {
			"version": "0.12.0",
			"resolved": "https://registry.npmjs.org/@improbable-eng/grpc-web/-/grpc-web-0.12.0.tgz",
			"integrity": "sha512-uJjgMPngreRTYPBuo6gswMj1gK39Wbqre/RgE0XnSDXJRg6ST7ZhuS53dFE6Vc2CX4jxgl+cO+0B3op8LA4Q0Q==",
			"requires": {
				"browser-headers": "^0.4.0"
			}
		},
		"browser-headers": {
			"version": "0.4.1",
			"resolved": "https://registry.npmjs.org/browser-headers/-/browser-headers-0.4.1.tgz",
			"integrity": "sha512-CA9hsySZVo9371qEHjHZtYxV2cFtVj5Wj/ZHi8ooEsrtm4vOnl9Y9HmyYWk9q+05d7K3rdoAE0j3MVEFVvtQtg=="
		}
	}
}
