{
	"name": "@textile/hub-threads-client",
	"version": "1.0.1",
	"lockfileVersion": 1,
	"requires": true,
	"dependencies": {
		"@consento/sync-randombytes": {
			"version": "1.0.5",
			"resolved": "https://registry.npmjs.org/@consento/sync-randombytes/-/sync-randombytes-1.0.5.tgz",
			"integrity": "sha512-mPJ2XvrTLQGEdhleDuSIkWtVWnvmhREOC1FjorV1nlK49t/52Z9X1d618gTj6nlQghRLiYvcd8oL4vZ2YZuDIQ==",
			"requires": {
				"buffer": "^5.4.3",
				"seedrandom": "^3.0.5"
			}
		},
		"@improbable-eng/grpc-web": {
			"version": "0.13.0",
			"resolved": "https://registry.npmjs.org/@improbable-eng/grpc-web/-/grpc-web-0.13.0.tgz",
			"integrity": "sha512-vaxxT+Qwb7GPqDQrBV4vAAfH0HywgOLw6xGIKXd9Q8hcV63CQhmS3p4+pZ9/wVvt4Ph3ZDK9fdC983b9aGMUFg==",
			"requires": {
				"browser-headers": "^0.4.0"
			}
		},
		"@multiformats/base-x": {
			"version": "4.0.1",
			"resolved": "https://registry.npmjs.org/@multiformats/base-x/-/base-x-4.0.1.tgz",
			"integrity": "sha512-eMk0b9ReBbV23xXU693TAIrLyeO5iTgBZGSJfpqriG8UkYvr/hC9u9pyMlAakDNHWmbhMZCDs6KQO0jzKD8OTw=="
		},
		"@textile/context": {
			"version": "0.8.0",
			"resolved": "https://registry.npmjs.org/@textile/context/-/context-0.8.0.tgz",
			"integrity": "sha512-Ayn8/kM+EyUwLheQqWgyBsFwhvAqVSKGkKDnwsc4Yu3Iwj5y4GJwEvZwtIsT62T+AeCLgnlsl7ZIom9E8iqFuA==",
			"requires": {
				"@improbable-eng/grpc-web": "^0.13.0",
				"@textile/security": "^0.4.0"
			}
		},
		"@textile/crypto": {
			"version": "0.1.2",
			"resolved": "https://registry.npmjs.org/@textile/crypto/-/crypto-0.1.2.tgz",
			"integrity": "sha512-vHmxLlTfPliq1LgaTwih5h9YPCJf5zotas2ld2TX8S6uOYY2jRoLTPR60ddAMfDxPmtuXvFaPz/aRJsHuqgwUA==",
			"requires": {
				"@types/ed2curve": "^0.2.2",
				"@types/multibase": "^0.6.0",
				"ed2curve": "^0.3.0",
				"multibase": "^3.0.0",
				"tweetnacl": "^1.0.3"
			},
			"dependencies": {
				"multibase": {
					"version": "3.1.0",
					"resolved": "https://registry.npmjs.org/multibase/-/multibase-3.1.0.tgz",
					"integrity": "sha512-Z+pThrpbS7ckQ2DwW5mPiwCGe1a94f8DWi/OxmbyeRednVOyUKmLSE+60kL/WHFYwWnaD1OakXGk3PYI1NkMFw==",
					"requires": {
						"@multiformats/base-x": "^4.0.1",
						"web-encoding": "^1.0.4"
					}
				}
			}
		},
		"@textile/grpc-transport": {
			"version": "0.0.6",
			"resolved": "https://registry.npmjs.org/@textile/grpc-transport/-/grpc-transport-0.0.6.tgz",
			"integrity": "sha512-4feefQ6hLilPPXMaJAJYqtWKJQe/ff+ju/fV67wRSKkZHNS1WuF5NCeJfBFItuaokSHmTGbLT5uqmJYpIVmxDA==",
			"requires": {
				"@improbable-eng/grpc-web": "^0.13.0",
				"@types/ws": "^7.2.6",
				"isomorphic-ws": "^4.0.1",
				"loglevel": "^1.6.6",
				"ws": "^7.2.1"
			}
		},
		"@textile/hub-grpc": {
			"version": "2.1.5",
			"resolved": "https://registry.npmjs.org/@textile/hub-grpc/-/hub-grpc-2.1.5.tgz",
			"integrity": "sha512-uc6WDOE9TXeoNMzgrrjO6yatj9Bp4NQImcmtMqBPwwDT73Sc6e8DDsJo6OPOLUPNMAyE+1vuefBp3m33oEWfrQ==",
			"requires": {
				"@improbable-eng/grpc-web": "^0.13.0",
				"@types/google-protobuf": "^3.7.4",
				"google-protobuf": "^3.13.0"
			},
			"dependencies": {
				"@types/google-protobuf": {
					"version": "3.7.4",
					"resolved": "https://registry.npmjs.org/@types/google-protobuf/-/google-protobuf-3.7.4.tgz",
					"integrity": "sha512-6PjMFKl13cgB4kRdYtvyjKl8VVa0PXS2IdVxHhQ8GEKbxBkyJtSbaIeK1eZGjDKN7dvUh4vkOvU9FMwYNv4GQQ=="
				}
			}
		},
		"@textile/multiaddr": {
			"version": "0.1.1",
			"resolved": "https://registry.npmjs.org/@textile/multiaddr/-/multiaddr-0.1.1.tgz",
			"integrity": "sha512-xDl1Y8NxCaXNL5YGoSU7qyrNlUj8UMdG/QzXR2kuBv8o9Iw8TzkLLX4XJLtq570DCoVmBqDu9+XVuOSfWVhMuQ==",
			"requires": {
				"@textile/threads-id": "^0.1.16",
				"@types/bs58": "^4.0.1",
				"@types/multiaddr": "^7.2.0",
				"@types/multibase": "^0.6.0",
				"@types/varint": "^5.0.0",
				"bs58": "^4.0.1",
				"buffer": "^5.6.0",
				"cids": "^1.0.1",
				"multiaddr": "^7.4.2",
				"varint": "^6.0.0"
			},
			"dependencies": {
				"cids": {
					"version": "1.0.2",
					"resolved": "https://registry.npmjs.org/cids/-/cids-1.0.2.tgz",
					"integrity": "sha512-ohCcYyEHh0Z5Hl+O1IML4kt6Kx5GPho1ybxtqK4zyk6DeV5CvOLoT/mqDh0cgKcAvsls3vcVa9HjZc7RQr3geA==",
					"requires": {
						"class-is": "^1.1.0",
						"multibase": "^3.0.1",
						"multicodec": "^2.0.1",
						"multihashes": "^3.0.1",
						"uint8arrays": "^1.1.0"
					}
				},
				"multibase": {
					"version": "3.1.0",
					"resolved": "https://registry.npmjs.org/multibase/-/multibase-3.1.0.tgz",
					"integrity": "sha512-Z+pThrpbS7ckQ2DwW5mPiwCGe1a94f8DWi/OxmbyeRednVOyUKmLSE+60kL/WHFYwWnaD1OakXGk3PYI1NkMFw==",
					"requires": {
						"@multiformats/base-x": "^4.0.1",
						"web-encoding": "^1.0.4"
					}
				},
				"multicodec": {
					"version": "2.0.1",
					"resolved": "https://registry.npmjs.org/multicodec/-/multicodec-2.0.1.tgz",
					"integrity": "sha512-YDYeWn9iGa76hOHAyyZa0kbt3tr5FLg1ZXUHrZUJltjnxxdbTIbHnxWLd2zTcMOjdT3QyO+Xs4bQgJUcC2RWUA==",
					"requires": {
						"uint8arrays": "1.0.0",
						"varint": "^5.0.0"
					},
					"dependencies": {
						"uint8arrays": {
							"version": "1.0.0",
							"resolved": "https://registry.npmjs.org/uint8arrays/-/uint8arrays-1.0.0.tgz",
							"integrity": "sha512-14tqEVujDREW7YwonSZZwLvo7aFDfX7b6ubvM/U7XvZol+CC/LbhaX/550VlWmhddAL9Wou1sxp0Of3tGqXigg==",
							"requires": {
								"multibase": "^3.0.0",
								"web-encoding": "^1.0.2"
							}
						},
						"varint": {
							"version": "5.0.2",
							"resolved": "https://registry.npmjs.org/varint/-/varint-5.0.2.tgz",
							"integrity": "sha512-lKxKYG6H03yCZUpAGOPOsMcGxd1RHCu1iKvEHYDPmTyq2HueGhD73ssNBqqQWfvYs04G9iUFRvmAVLW20Jw6ow=="
						}
					}
				},
				"multihashes": {
					"version": "3.0.1",
					"resolved": "https://registry.npmjs.org/multihashes/-/multihashes-3.0.1.tgz",
					"integrity": "sha512-fFY67WOtb0359IjDZxaCU3gJILlkwkFbxbwrK9Bej5+NqNaYztzLOj8/NgMNMg/InxmhK+Uu8S/U4EcqsHzB7Q==",
					"requires": {
						"multibase": "^3.0.0",
						"uint8arrays": "^1.0.0",
						"varint": "^5.0.0"
					},
					"dependencies": {
						"varint": {
							"version": "5.0.2",
							"resolved": "https://registry.npmjs.org/varint/-/varint-5.0.2.tgz",
							"integrity": "sha512-lKxKYG6H03yCZUpAGOPOsMcGxd1RHCu1iKvEHYDPmTyq2HueGhD73ssNBqqQWfvYs04G9iUFRvmAVLW20Jw6ow=="
						}
					}
				},
				"varint": {
					"version": "6.0.0",
					"resolved": "https://registry.npmjs.org/varint/-/varint-6.0.0.tgz",
					"integrity": "sha512-cXEIW6cfr15lFv563k4GuVuW/fiwjknytD37jIOLSdSWuOI6WnO/oKwmP2FQTU2l01LP8/M5TSAJpzUaGe3uWg=="
				}
			}
		},
		"@textile/security": {
			"version": "0.4.0",
			"resolved": "https://registry.npmjs.org/@textile/security/-/security-0.4.0.tgz",
			"integrity": "sha512-jzfCyz61qLectcigIYcO74uJ1mzv84LEr2Rq4p5wwkjxC2+nbWbXyG7pnhonc90oDeWo4Psfg1doWv2qtx4E9Q==",
			"requires": {
				"@consento/sync-randombytes": "^1.0.5",
				"@types/multibase": "^0.6.0",
				"fast-sha256": "^1.3.0",
				"multibase": "^1.0.0"
			},
			"dependencies": {
				"multibase": {
					"version": "1.0.1",
					"resolved": "https://registry.npmjs.org/multibase/-/multibase-1.0.1.tgz",
					"integrity": "sha512-KcCxpBVY8fdVKu4dJMAahq4F/2Z/9xqEjIiR7PiMe7LRGeorFn2NLmicN6nLBCqQvft6MG2Lc9X5P0IdyvnxEw==",
					"requires": {
						"base-x": "^3.0.8",
						"buffer": "^5.5.0"
					}
				}
			}
		},
		"@textile/threads-client": {
			"version": "1.1.1",
			"resolved": "https://registry.npmjs.org/@textile/threads-client/-/threads-client-1.1.1.tgz",
			"integrity": "sha512-17o3qjrSrp4HLnGS+5vBSxNPEUC4uR++l7zOzbyk0dQOTp7e9AKYeZRXZjXyeYekxjfsvYc05doRa051T2GXJg==",
			"requires": {
				"@improbable-eng/grpc-web": "^0.13.0",
				"@textile/context": "^0.8.0",
				"@textile/crypto": "^0.1.2",
				"@textile/grpc-transport": "^0.0.6",
				"@textile/multiaddr": "^0.1.1",
				"@textile/security": "^0.4.0",
				"@textile/threads-client-grpc": "^1.0.1",
				"@textile/threads-id": "^0.1.16",
				"@types/to-json-schema": "^0.2.0",
				"to-json-schema": "^0.2.5"
			}
		},
		"@textile/threads-client-grpc": {
			"version": "1.0.1",
			"resolved": "https://registry.npmjs.org/@textile/threads-client-grpc/-/threads-client-grpc-1.0.1.tgz",
			"integrity": "sha512-5vvAlzK9iwtmWNm3cVnWTMkIumHX2j65eOrqqFhN2t4CI4OWQpEo+EA5YNyDWSU15Q4b0sndU7NwX4KKAoYxJA==",
			"requires": {
				"@improbable-eng/grpc-web": "^0.13.0",
				"@types/google-protobuf": "^3.7.3",
				"google-protobuf": "^3.13.0"
			}
		},
		"@textile/threads-id": {
			"version": "0.1.16",
			"resolved": "https://registry.npmjs.org/@textile/threads-id/-/threads-id-0.1.16.tgz",
			"integrity": "sha512-7QDHNLX7yLdnZYbBCX+dxJ+Rj4s0m8msknjZ0regafZ76oG0cgfs3gPC9q9sawWS6dzdDy2W5TjDZKFbkec6Hw==",
			"requires": {
				"@consento/sync-randombytes": "^1.0.4",
				"@types/multibase": "^0.6.0",
				"@types/varint": "^5.0.0",
				"multibase": "^1.0.1",
				"varint": "^6.0.0"
			},
			"dependencies": {
				"multibase": {
					"version": "1.0.1",
					"resolved": "https://registry.npmjs.org/multibase/-/multibase-1.0.1.tgz",
					"integrity": "sha512-KcCxpBVY8fdVKu4dJMAahq4F/2Z/9xqEjIiR7PiMe7LRGeorFn2NLmicN6nLBCqQvft6MG2Lc9X5P0IdyvnxEw==",
					"requires": {
						"base-x": "^3.0.8",
						"buffer": "^5.5.0"
					}
				},
				"varint": {
					"version": "6.0.0",
					"resolved": "https://registry.npmjs.org/varint/-/varint-6.0.0.tgz",
					"integrity": "sha512-cXEIW6cfr15lFv563k4GuVuW/fiwjknytD37jIOLSdSWuOI6WnO/oKwmP2FQTU2l01LP8/M5TSAJpzUaGe3uWg=="
				}
			}
		},
		"@types/bs58": {
			"version": "4.0.1",
			"resolved": "https://registry.npmjs.org/@types/bs58/-/bs58-4.0.1.tgz",
			"integrity": "sha512-yfAgiWgVLjFCmRv8zAcOIHywYATEwiTVccTLnRp6UxTNavT55M9d/uhK3T03St/+8/z/wW+CRjGKUNmEqoHHCA==",
			"requires": {
				"base-x": "^3.0.6"
			}
		},
		"@types/ed2curve": {
			"version": "0.2.2",
			"resolved": "https://registry.npmjs.org/@types/ed2curve/-/ed2curve-0.2.2.tgz",
			"integrity": "sha512-G1sTX5xo91ydevQPINbL2nfgVAj/s1ZiqZxC8OCWduwu+edoNGUm5JXtTkg9F3LsBZbRI46/0HES4CPUE2wc9g==",
			"requires": {
				"tweetnacl": "^1.0.0"
			}
		},
		"@types/google-protobuf": {
			"version": "3.7.4",
			"resolved": "https://registry.npmjs.org/@types/google-protobuf/-/google-protobuf-3.7.4.tgz",
			"integrity": "sha512-6PjMFKl13cgB4kRdYtvyjKl8VVa0PXS2IdVxHhQ8GEKbxBkyJtSbaIeK1eZGjDKN7dvUh4vkOvU9FMwYNv4GQQ=="
		},
		"@types/json-schema": {
			"version": "7.0.6",
			"resolved": "https://registry.npmjs.org/@types/json-schema/-/json-schema-7.0.6.tgz",
			"integrity": "sha512-3c+yGKvVP5Y9TYBEibGNR+kLtijnj7mYrXRg+WpFb2X9xm04g/DXYkfg4hmzJQosc9snFNUPkbYIhu+KAm6jJw=="
		},
		"@types/multiaddr": {
			"version": "7.2.0",
			"resolved": "https://registry.npmjs.org/@types/multiaddr/-/multiaddr-7.2.0.tgz",
			"integrity": "sha512-4oWyVIQjiOGIs0iApwtLSetRRBFGo2rnPQwclQFpHz6Zm0EHwyQbMcboLVJH19T8EdWKnEJ+Y62LrZ/ZNBBjbw==",
			"requires": {
				"@types/node": "*"
			}
		},
		"@types/multibase": {
			"version": "0.6.0",
			"resolved": "https://registry.npmjs.org/@types/multibase/-/multibase-0.6.0.tgz",
			"integrity": "sha512-PhQiA4pCcIG5yibX/G7K7mk/CXw0HTY98R+efcbbfce9WOyAGbIVqY3zv5kMm+vMAunY29aeOtQ96ePjeX417w==",
			"requires": {
				"@types/node": "*"
			}
		},
		"@types/node": {
			"version": "14.11.2",
			"resolved": "https://registry.npmjs.org/@types/node/-/node-14.11.2.tgz",
			"integrity": "sha512-jiE3QIxJ8JLNcb1Ps6rDbysDhN4xa8DJJvuC9prr6w+1tIh+QAbYyNF3tyiZNLDBIuBCf4KEcV2UvQm/V60xfA=="
		},
		"@types/to-json-schema": {
			"version": "0.2.0",
			"resolved": "https://registry.npmjs.org/@types/to-json-schema/-/to-json-schema-0.2.0.tgz",
			"integrity": "sha512-9fqRjNFSSxJ8dQrE4v8gThS5ftxdFj8Q0y8hAjaF+uN+saJRxLiJdtFaDd9sv3bhzwcB2oDJpT/1ZelHnexbLw==",
			"requires": {
				"@types/json-schema": "*"
			}
		},
		"@types/varint": {
			"version": "5.0.0",
			"resolved": "https://registry.npmjs.org/@types/varint/-/varint-5.0.0.tgz",
			"integrity": "sha512-dIJiYqeDnYQ5Bc4mv+E5prqFIQlUTM1yDzwC5VQfL29pcYlm/5q1shY/MjbBT1FQAU5gzKE10DdGbu8B2EoFQg==",
			"requires": {
				"@types/node": "*"
			}
		},
		"@types/ws": {
			"version": "7.4.0",
			"resolved": "https://registry.npmjs.org/@types/ws/-/ws-7.4.0.tgz",
			"integrity": "sha512-Y29uQ3Uy+58bZrFLhX36hcI3Np37nqWE7ky5tjiDoy1GDZnIwVxS0CgF+s+1bXMzjKBFy+fqaRfb708iNzdinw==",
			"requires": {
				"@types/node": "*"
			}
		},
		"axios": {
			"version": "0.20.0",
			"resolved": "https://registry.npmjs.org/axios/-/axios-0.20.0.tgz",
			"integrity": "sha512-ANA4rr2BDcmmAQLOKft2fufrtuvlqR+cXNNinUmvfeSNCOF98PZL+7M/v1zIdGo7OLjEA9J2gXJL+j4zGsl0bA==",
			"dev": true,
			"requires": {
				"follow-redirects": "^1.10.0"
			}
		},
		"balanced-match": {
			"version": "1.0.0",
			"resolved": "https://registry.npmjs.org/balanced-match/-/balanced-match-1.0.0.tgz",
			"integrity": "sha1-ibTRmasr7kneFk6gK4nORi1xt2c=",
			"dev": true
		},
		"base-x": {
			"version": "3.0.8",
			"resolved": "https://registry.npmjs.org/base-x/-/base-x-3.0.8.tgz",
			"integrity": "sha512-Rl/1AWP4J/zRrk54hhlxH4drNxPJXYUaKffODVI53/dAsV4t9fBxyxYKAVPU1XBHxYwOWP9h9H0hM2MVw4YfJA==",
			"requires": {
				"safe-buffer": "^5.0.1"
			}
		},
		"base64-js": {
			"version": "1.3.1",
			"resolved": "https://registry.npmjs.org/base64-js/-/base64-js-1.3.1.tgz",
			"integrity": "sha512-mLQ4i2QO1ytvGWFWmcngKO//JXAQueZvwEKtjgQFM4jIK0kU+ytMfplL8j+n5mspOfjHwoAg+9yhb7BwAHm36g=="
		},
		"brace-expansion": {
			"version": "1.1.11",
			"resolved": "https://registry.npmjs.org/brace-expansion/-/brace-expansion-1.1.11.tgz",
			"integrity": "sha512-iCuPHDFgrHX7H2vEI/5xpz07zSHB00TpugqhmYtVmMO6518mCuRMoOYFldEBl0g187ufozdaHgWKcYFb61qGiA==",
			"dev": true,
			"requires": {
				"balanced-match": "^1.0.0",
				"concat-map": "0.0.1"
			}
		},
		"browser-headers": {
			"version": "0.4.1",
			"resolved": "https://registry.npmjs.org/browser-headers/-/browser-headers-0.4.1.tgz",
			"integrity": "sha512-CA9hsySZVo9371qEHjHZtYxV2cFtVj5Wj/ZHi8ooEsrtm4vOnl9Y9HmyYWk9q+05d7K3rdoAE0j3MVEFVvtQtg=="
		},
		"bs58": {
			"version": "4.0.1",
			"resolved": "https://registry.npmjs.org/bs58/-/bs58-4.0.1.tgz",
			"integrity": "sha1-vhYedsNU9veIrkBx9j806MTwpCo=",
			"requires": {
				"base-x": "^3.0.2"
			}
		},
		"buffer": {
			"version": "5.6.0",
			"resolved": "https://registry.npmjs.org/buffer/-/buffer-5.6.0.tgz",
			"integrity": "sha512-/gDYp/UtU0eA1ys8bOs9J6a+E/KWIY+DZ+Q2WESNUA0jFRsJOc0SNUO6xJ5SGA1xueg3NL65W6s+NY5l9cunuw==",
			"requires": {
				"base64-js": "^1.0.2",
				"ieee754": "^1.1.4"
			}
		},
		"cids": {
			"version": "0.8.1",
			"resolved": "https://registry.npmjs.org/cids/-/cids-0.8.1.tgz",
			"integrity": "sha512-bs9hGUYHzsclGSt4ipi6SRUBIWYpuEHhd2uPc5hUatNQl6y5mFr+6JvJtN3fGUiNZNohc7rkY6OpXamwj6PQeg==",
			"requires": {
				"buffer": "^5.5.0",
				"class-is": "^1.1.0",
				"multibase": "~0.7.0",
				"multicodec": "^1.0.1",
				"multihashes": "~0.4.17"
			}
		},
		"class-is": {
			"version": "1.1.0",
			"resolved": "https://registry.npmjs.org/class-is/-/class-is-1.1.0.tgz",
			"integrity": "sha512-rhjH9AG1fvabIDoGRVH587413LPjTZgmDF9fOFCbFJQV4yuocX1mHxxvXI4g3cGwbVY9wAYIoKlg1N79frJKQw=="
		},
		"concat-map": {
			"version": "0.0.1",
			"resolved": "https://registry.npmjs.org/concat-map/-/concat-map-0.0.1.tgz",
			"integrity": "sha1-2Klr13/Wjfd5OnMDajug1UBdR3s=",
			"dev": true
		},
		"delay": {
			"version": "4.4.0",
			"resolved": "https://registry.npmjs.org/delay/-/delay-4.4.0.tgz",
			"integrity": "sha512-txgOrJu3OdtOfTiEOT2e76dJVfG/1dz2NZ4F0Pyt4UGZJryssMRp5vdM5wQoLwSOBNdrJv3F9PAhp/heqd7vrA==",
			"dev": true
		},
		"ed2curve": {
			"version": "0.3.0",
			"resolved": "https://registry.npmjs.org/ed2curve/-/ed2curve-0.3.0.tgz",
			"integrity": "sha512-8w2fmmq3hv9rCrcI7g9hms2pMunQr1JINfcjwR9tAyZqhtyaMN991lF/ZfHfr5tzZQ8c7y7aBgZbjfbd0fjFwQ==",
			"requires": {
				"tweetnacl": "1.x.x"
			}
		},
		"fast-sha256": {
			"version": "1.3.0",
			"resolved": "https://registry.npmjs.org/fast-sha256/-/fast-sha256-1.3.0.tgz",
			"integrity": "sha512-n11RGP/lrWEFI/bWdygLxhI+pVeo1ZYIVwvvPkW7azl/rOy+F3HYRZ2K5zeE9mmkhQppyv9sQFx0JM9UabnpPQ=="
		},
		"follow-redirects": {
			"version": "1.13.0",
			"resolved": "https://registry.npmjs.org/follow-redirects/-/follow-redirects-1.13.0.tgz",
			"integrity": "sha512-aq6gF1BEKje4a9i9+5jimNFIpq4Q1WiwBToeRK5NvZBd/TRsmW8BsJfOEGkr76TbOyPVD3OVDN910EcUNtRYEA==",
			"dev": true
		},
		"fs.realpath": {
			"version": "1.0.0",
			"resolved": "https://registry.npmjs.org/fs.realpath/-/fs.realpath-1.0.0.tgz",
			"integrity": "sha1-FQStJSMVjKpA20onh8sBQRmU6k8=",
			"dev": true
		},
		"glob": {
			"version": "7.1.6",
			"resolved": "https://registry.npmjs.org/glob/-/glob-7.1.6.tgz",
			"integrity": "sha512-LwaxwyZ72Lk7vZINtNNrywX0ZuLyStrdDtabefZKAY5ZGJhVtgdznluResxNmPitE0SAO+O26sWTHeKSI2wMBA==",
			"dev": true,
			"requires": {
				"fs.realpath": "^1.0.0",
				"inflight": "^1.0.4",
				"inherits": "2",
				"minimatch": "^3.0.4",
				"once": "^1.3.0",
				"path-is-absolute": "^1.0.0"
			}
		},
		"google-protobuf": {
			"version": "3.13.0",
			"resolved": "https://registry.npmjs.org/google-protobuf/-/google-protobuf-3.13.0.tgz",
			"integrity": "sha512-ZIf3qfLFayVrPvAjeKKxO5FRF1/NwRxt6Dko+fWEMuHwHbZx8/fcaAao9b0wCM6kr8qeg2te8XTpyuvKuD9aKw=="
		},
		"ieee754": {
			"version": "1.1.13",
			"resolved": "https://registry.npmjs.org/ieee754/-/ieee754-1.1.13.tgz",
			"integrity": "sha512-4vf7I2LYV/HaWerSo3XmlMkp5eZ83i+/CDluXi/IGTs/O1sejBNhTtnxzmRZfvOUqj7lZjqHkeTvpgSFDlWZTg=="
		},
		"inflight": {
			"version": "1.0.6",
			"resolved": "https://registry.npmjs.org/inflight/-/inflight-1.0.6.tgz",
			"integrity": "sha1-Sb1jMdfQLQwJvJEKEHW6gWW1bfk=",
			"dev": true,
			"requires": {
				"once": "^1.3.0",
				"wrappy": "1"
			}
		},
		"inherits": {
			"version": "2.0.4",
			"resolved": "https://registry.npmjs.org/inherits/-/inherits-2.0.4.tgz",
			"integrity": "sha512-k/vGaX4/Yla3WzyMCvTQOXYeIHvqOKtnqBduzTHpzpQZzAskKMhZ2K+EnBiSM9zGSoIFeMpXKxa4dYeZIQqewQ==",
			"dev": true
		},
		"ip-regex": {
			"version": "4.2.0",
			"resolved": "https://registry.npmjs.org/ip-regex/-/ip-regex-4.2.0.tgz",
			"integrity": "sha512-n5cDDeTWWRwK1EBoWwRti+8nP4NbytBBY0pldmnIkq6Z55KNFmWofh4rl9dPZpj+U/nVq7gweR3ylrvMt4YZ5A=="
		},
		"is-ip": {
			"version": "3.1.0",
			"resolved": "https://registry.npmjs.org/is-ip/-/is-ip-3.1.0.tgz",
			"integrity": "sha512-35vd5necO7IitFPjd/YBeqwWnyDWbuLH9ZXQdMfDA8TEo7pv5X8yfrvVO3xbJbLUlERCMvf6X0hTUamQxCYJ9Q==",
			"requires": {
				"ip-regex": "^4.0.0"
			}
		},
		"isomorphic-ws": {
			"version": "4.0.1",
			"resolved": "https://registry.npmjs.org/isomorphic-ws/-/isomorphic-ws-4.0.1.tgz",
			"integrity": "sha512-BhBvN2MBpWTaSHdWRb/bwdZJ1WaehQ2L1KngkCkfLUGF0mAWAT1sQUQacEmQ0jXkFw/czDXPNQSL5u2/Krsz1w=="
		},
		"lodash.isequal": {
			"version": "4.5.0",
			"resolved": "https://registry.npmjs.org/lodash.isequal/-/lodash.isequal-4.5.0.tgz",
			"integrity": "sha1-QVxEePK8wwEgwizhDtMib30+GOA="
		},
		"lodash.keys": {
			"version": "4.2.0",
			"resolved": "https://registry.npmjs.org/lodash.keys/-/lodash.keys-4.2.0.tgz",
			"integrity": "sha1-oIYCrBLk+4P5H8H7ejYKTZujUgU="
		},
		"lodash.merge": {
			"version": "4.6.2",
			"resolved": "https://registry.npmjs.org/lodash.merge/-/lodash.merge-4.6.2.tgz",
			"integrity": "sha512-0KpjqXRVvrYyCsX1swR/XTK0va6VQkQM6MNo7PqW77ByjAhoARA8EfrP1N4+KlKj8YS0ZUCtRT/YUuhyYDujIQ=="
		},
		"lodash.omit": {
			"version": "4.5.0",
			"resolved": "https://registry.npmjs.org/lodash.omit/-/lodash.omit-4.5.0.tgz",
			"integrity": "sha1-brGa5aHuHdnfC5aeZs4Lf6MLXmA="
		},
		"lodash.without": {
			"version": "4.4.0",
			"resolved": "https://registry.npmjs.org/lodash.without/-/lodash.without-4.4.0.tgz",
			"integrity": "sha1-PNRXSgC2e643OpS3SHcmQFB7eqw="
		},
		"lodash.xor": {
			"version": "4.5.0",
			"resolved": "https://registry.npmjs.org/lodash.xor/-/lodash.xor-4.5.0.tgz",
			"integrity": "sha1-TUjtfpgJWwYyWCunFNP/iuj7HbY="
		},
		"loglevel": {
			"version": "1.7.0",
			"resolved": "https://registry.npmjs.org/loglevel/-/loglevel-1.7.0.tgz",
			"integrity": "sha512-i2sY04nal5jDcagM3FMfG++T69GEEM8CYuOfeOIvmXzOIcwE9a/CJPR0MFM97pYMj/u10lzz7/zd7+qwhrBTqQ=="
		},
		"minimatch": {
			"version": "3.0.4",
			"resolved": "https://registry.npmjs.org/minimatch/-/minimatch-3.0.4.tgz",
			"integrity": "sha512-yJHVQEhyqPLUTgt9B83PXu6W3rx4MvvHvSUvToogpwoGDOUQ+yDrR0HRot+yOCdCO7u4hX3pWft6kWBBcqh0UA==",
			"dev": true,
			"requires": {
				"brace-expansion": "^1.1.7"
			}
		},
		"multiaddr": {
			"version": "7.5.0",
			"resolved": "https://registry.npmjs.org/multiaddr/-/multiaddr-7.5.0.tgz",
			"integrity": "sha512-GvhHsIGDULh06jyb6ev+VfREH9evJCFIRnh3jUt9iEZ6XDbyoisZRFEI9bMvK/AiR6y66y6P+eoBw9mBYMhMvw==",
			"requires": {
				"buffer": "^5.5.0",
				"cids": "~0.8.0",
				"class-is": "^1.1.0",
				"is-ip": "^3.1.0",
				"multibase": "^0.7.0",
				"varint": "^5.0.0"
			}
		},
		"multibase": {
			"version": "0.7.0",
			"resolved": "https://registry.npmjs.org/multibase/-/multibase-0.7.0.tgz",
			"integrity": "sha512-TW8q03O0f6PNFTQDvh3xxH03c8CjGaaYrjkl9UQPG6rz53TQzzxJVCIWVjzcbN/Q5Y53Zd0IBQBMVktVgNx4Fg==",
			"requires": {
				"base-x": "^3.0.8",
				"buffer": "^5.5.0"
			}
		},
		"multicodec": {
			"version": "1.0.1",
			"resolved": "https://registry.npmjs.org/multicodec/-/multicodec-1.0.1.tgz",
			"integrity": "sha512-yrrU/K8zHyAH2B0slNVeq3AiwluflHpgQ3TAzwNJcuO2AoPyXgBT2EDkdbP1D8B/yFOY+S2hDYmFlI1vhVFkQw==",
			"requires": {
				"buffer": "^5.5.0",
				"varint": "^5.0.0"
			}
		},
		"multihashes": {
			"version": "0.4.19",
			"resolved": "https://registry.npmjs.org/multihashes/-/multihashes-0.4.19.tgz",
			"integrity": "sha512-ej74GAfA20imjj00RO5h34aY3pGUFyzn9FJZFWwdeUHlHTkKmv90FrNpvYT4jYf1XXCy5O/5EjVnxTaESgOM6A==",
			"requires": {
				"buffer": "^5.5.0",
				"multibase": "^0.7.0",
				"varint": "^5.0.0"
			}
		},
		"once": {
			"version": "1.4.0",
			"resolved": "https://registry.npmjs.org/once/-/once-1.4.0.tgz",
			"integrity": "sha1-WDsap3WWHUsROsF9nFC6753Xa9E=",
			"dev": true,
			"requires": {
				"wrappy": "1"
			}
		},
		"path-is-absolute": {
			"version": "1.0.1",
			"resolved": "https://registry.npmjs.org/path-is-absolute/-/path-is-absolute-1.0.1.tgz",
			"integrity": "sha1-F0uSaHNVNP+8es5r9TpanhtcX18=",
			"dev": true
		},
		"rimraf": {
			"version": "3.0.2",
			"resolved": "https://registry.npmjs.org/rimraf/-/rimraf-3.0.2.tgz",
			"integrity": "sha512-JZkJMZkAGFFPP2YqXZXPbMlMBgsxzE8ILs4lMIX/2o0L9UBw9O/Y3o6wFw/i9YLapcUJWwqbi3kdxIPdC62TIA==",
			"dev": true,
			"requires": {
				"glob": "^7.1.3"
			}
		},
		"safe-buffer": {
			"version": "5.2.1",
			"resolved": "https://registry.npmjs.org/safe-buffer/-/safe-buffer-5.2.1.tgz",
			"integrity": "sha512-rp3So07KcdmmKbGvgaNxQSJr7bGVSVk5S9Eq1F+ppbRo70+YeaDxkw5Dd8NPN+GD6bjnYm2VuPuCXmpuYvmCXQ=="
		},
		"seedrandom": {
			"version": "3.0.5",
			"resolved": "https://registry.npmjs.org/seedrandom/-/seedrandom-3.0.5.tgz",
			"integrity": "sha512-8OwmbklUNzwezjGInmZ+2clQmExQPvomqjL7LFqOYqtmuxRgQYqOD3mHaU+MvZn5FLUeVxVfQjwLZW/n/JFuqg=="
		},
		"to-json-schema": {
			"version": "0.2.5",
			"resolved": "https://registry.npmjs.org/to-json-schema/-/to-json-schema-0.2.5.tgz",
			"integrity": "sha512-jP1ievOee8pec3tV9ncxLSS48Bnw7DIybgy112rhMCEhf3K4uyVNZZHr03iQQBzbV5v5Hos+dlZRRyk6YSMNDw==",
			"requires": {
				"lodash.isequal": "^4.5.0",
				"lodash.keys": "^4.2.0",
				"lodash.merge": "^4.6.2",
				"lodash.omit": "^4.5.0",
				"lodash.without": "^4.4.0",
				"lodash.xor": "^4.5.0"
			}
		},
		"tweetnacl": {
			"version": "1.0.3",
			"resolved": "https://registry.npmjs.org/tweetnacl/-/tweetnacl-1.0.3.tgz",
			"integrity": "sha512-6rt+RN7aOi1nGMyC4Xa5DdYiukl2UWCbcJft7YhxReBGQD7OAM8Pbxw6YMo4r2diNEA8FEmu32YOn9rhaiE5yw=="
		},
		"typescript": {
			"version": "3.9.7",
			"resolved": "https://registry.npmjs.org/typescript/-/typescript-3.9.7.tgz",
			"integrity": "sha512-BLbiRkiBzAwsjut4x/dsibSTB6yWpwT5qWmC2OfuCg3GgVQCSgMs4vEctYPhsaGtd0AeuuHMkjZ2h2WG8MSzRw==",
			"dev": true
		},
		"uint8arrays": {
			"version": "1.1.0",
			"resolved": "https://registry.npmjs.org/uint8arrays/-/uint8arrays-1.1.0.tgz",
			"integrity": "sha512-cLdlZ6jnFczsKf5IH1gPHTtcHtPGho5r4CvctohmQjw8K7Q3gFdfIGHxSTdTaCKrL4w09SsPRJTqRS0drYeszA==",
			"requires": {
				"multibase": "^3.0.0",
				"web-encoding": "^1.0.2"
			},
			"dependencies": {
				"multibase": {
					"version": "3.1.0",
					"resolved": "https://registry.npmjs.org/multibase/-/multibase-3.1.0.tgz",
					"integrity": "sha512-Z+pThrpbS7ckQ2DwW5mPiwCGe1a94f8DWi/OxmbyeRednVOyUKmLSE+60kL/WHFYwWnaD1OakXGk3PYI1NkMFw==",
					"requires": {
						"@multiformats/base-x": "^4.0.1",
						"web-encoding": "^1.0.4"
					}
				}
			}
		},
		"varint": {
			"version": "5.0.0",
			"resolved": "https://registry.npmjs.org/varint/-/varint-5.0.0.tgz",
			"integrity": "sha1-2Ca4n3SQcy+rwMDtaT7Uddyynr8="
		},
		"web-encoding": {
			"version": "1.0.4",
			"resolved": "https://registry.npmjs.org/web-encoding/-/web-encoding-1.0.4.tgz",
			"integrity": "sha512-DcXs2lbVPzuJmn2kuDEwul2oZg7p4YMa5J2f0YzsOBHaAnBYGPNUB/rJ74DTjTKpw7F0+lSsVM8sFHE2UyBixg=="
		},
		"wrappy": {
			"version": "1.0.2",
			"resolved": "https://registry.npmjs.org/wrappy/-/wrappy-1.0.2.tgz",
			"integrity": "sha1-tSQ9jz7BqjXxNkYFvA0QNuMKtp8=",
			"dev": true
		},
		"ws": {
			"version": "7.4.0",
			"resolved": "https://registry.npmjs.org/ws/-/ws-7.4.0.tgz",
			"integrity": "sha512-kyFwXuV/5ymf+IXhS6f0+eAFvydbaBW3zjpT6hUdAh/hbVjTIB5EHBGi0bPoCLSK2wcuz3BrEkB9LrYv1Nm4NQ=="
		}
	}
}
