{
	"name": "@textile/users",
	"version": "0.1.3",
	"lockfileVersion": 1,
	"requires": true,
	"dependencies": {
		"@consento/sync-randombytes": {
			"version": "1.0.5",
			"resolved": "https://registry.npmjs.org/@consento/sync-randombytes/-/sync-randombytes-1.0.5.tgz",
			"integrity": "sha512-mPJ2XvrTLQGEdhleDuSIkWtVWnvmhREOC1FjorV1nlK49t/52Z9X1d618gTj6nlQghRLiYvcd8oL4vZ2YZuDIQ==",
			"requires": {
				"buffer": "^5.4.3",
				"seedrandom": "^3.0.5"
			}
		},
		"@improbable-eng/grpc-web": {
			"version": "0.12.0",
			"resolved": "https://registry.npmjs.org/@improbable-eng/grpc-web/-/grpc-web-0.12.0.tgz",
			"integrity": "sha512-uJjgMPngreRTYPBuo6gswMj1gK39Wbqre/RgE0XnSDXJRg6ST7ZhuS53dFE6Vc2CX4jxgl+cO+0B3op8LA4Q0Q==",
			"requires": {
				"browser-headers": "^0.4.0"
			}
		},
		"@textile/buckets-grpc": {
			"version": "2.0.0-rc2",
			"resolved": "https://registry.npmjs.org/@textile/buckets-grpc/-/buckets-grpc-2.0.0-rc2.tgz",
			"integrity": "sha512-SDQp2GR5SoS6h5WYzwAGX6dyaXsWHCP+Rb8W3v6N9FyEES04czTDI/I2XbcoCTobiaDyC/TT7xP3hkd8BbTmGA==",
			"requires": {
				"@improbable-eng/grpc-web": "^0.12.0",
				"@types/google-protobuf": "^3.7.2",
				"google-protobuf": "^3.12.1"
			}
		},
		"@textile/context": {
			"version": "0.6.7",
			"resolved": "https://registry.npmjs.org/@textile/context/-/context-0.6.7.tgz",
			"integrity": "sha512-W7PaJ4lbl1lKiBoTWV1ohY8OmW9zqtIIwdiZ6uB+C45+4nlFWvqZeCFh0oVbCjbPpo9QgtHiEgZbigm/U+CMxQ==",
			"requires": {
				"@textile/security": "^0.2.6"
			}
		},
		"@textile/crypto": {
			"version": "0.1.0",
			"resolved": "https://registry.npmjs.org/@textile/crypto/-/crypto-0.1.0.tgz",
			"integrity": "sha512-RqfOjt/pfxjJ3CYvCOlPxvXPbl/VscE0/LGR6EdgclIcjpP/nCyt53E8Evo/eh+NLYfAUavOVvdVo0/eL1QwgA==",
			"requires": {
				"@types/ed2curve": "^0.2.2",
				"ed2curve": "^0.3.0",
				"multibase": "^3.0.0",
				"tweetnacl": "^1.0.3"
			},
			"dependencies": {
				"multibase": {
					"version": "3.0.0",
					"resolved": "https://registry.npmjs.org/multibase/-/multibase-3.0.0.tgz",
					"integrity": "sha512-fuB+zfRbF5zWV4L+CPM0dgA0gX7DHG/IMyzwhVi2RxbRVWn41Wk7SkKW8cxYDGOg6TVh7XgyoesjOAYrB1HBAA==",
					"requires": {
						"base-x": "^3.0.8",
						"web-encoding": "^1.0.2"
					}
				}
			}
		},
		"@textile/grpc-authentication": {
			"version": "0.1.4",
			"resolved": "https://registry.npmjs.org/@textile/grpc-authentication/-/grpc-authentication-0.1.4.tgz",
			"integrity": "sha512-VfONxt/el4zEjdZXSSkvx2AgArANjAfir+JtQ9OOMLjV3whuj04nrgNK3gr0iqd/3Gfss3cOIA9flVfozcK7dQ==",
			"requires": {
				"@textile/context": "^0.6.7",
				"@textile/crypto": "^0.1.0",
				"@textile/grpc-connection": "^0.1.2",
				"@textile/hub-threads-client": "^0.4.4",
				"@textile/security": "^0.2.6"
			}
		},
		"@textile/grpc-connection": {
			"version": "0.1.2",
			"resolved": "https://registry.npmjs.org/@textile/grpc-connection/-/grpc-connection-0.1.2.tgz",
			"integrity": "sha512-3OEIZi6E4P8oPFHaCD6OjlQiNYyIFbY3lrgLZk/nGJ+Z0ED/FQWYztpBxovtQNFz4enwptDMnROLaCSSaP5plw==",
			"requires": {
				"@improbable-eng/grpc-web": "^0.12.0",
				"@textile/context": "^0.6.7",
				"@textile/grpc-transport": "^0.0.3"
			}
		},
		"@textile/grpc-transport": {
			"version": "0.0.3",
			"resolved": "https://registry.npmjs.org/@textile/grpc-transport/-/grpc-transport-0.0.3.tgz",
			"integrity": "sha512-COBgLEzBMC3gioD16QoWXyc20KXezMyll4/YKyMannkMShPL8pOc9G4SE9z5li0v0e5v0Nv/R3pL/jFPFqLwOw==",
			"requires": {
				"@improbable-eng/grpc-web": "^0.13.0",
				"@types/ws": "^7.2.6",
				"isomorphic-ws": "^4.0.1",
				"loglevel": "^1.6.6",
				"ws": "^7.2.1"
			},
			"dependencies": {
				"@improbable-eng/grpc-web": {
					"version": "0.13.0",
					"resolved": "https://registry.npmjs.org/@improbable-eng/grpc-web/-/grpc-web-0.13.0.tgz",
					"integrity": "sha512-vaxxT+Qwb7GPqDQrBV4vAAfH0HywgOLw6xGIKXd9Q8hcV63CQhmS3p4+pZ9/wVvt4Ph3ZDK9fdC983b9aGMUFg==",
					"requires": {
						"browser-headers": "^0.4.0"
					}
				}
			}
		},
		"@textile/hub-grpc": {
			"version": "2.0.0-rc5",
			"resolved": "https://registry.npmjs.org/@textile/hub-grpc/-/hub-grpc-2.0.0-rc5.tgz",
			"integrity": "sha512-a46J2Cvo1gJhztR87LRX7X58NA22loZHBBt/ZfVyh1EltvO9ymPRx2l9/UJbyTg0rvPXnSE1ka/S+LbeXUtRqw==",
			"dev": true,
			"requires": {
				"@improbable-eng/grpc-web": "^0.13.0",
				"@types/google-protobuf": "^3.7.3",
				"google-protobuf": "^3.13.0"
			},
			"dependencies": {
				"@improbable-eng/grpc-web": {
					"version": "0.13.0",
					"resolved": "https://registry.npmjs.org/@improbable-eng/grpc-web/-/grpc-web-0.13.0.tgz",
					"integrity": "sha512-vaxxT+Qwb7GPqDQrBV4vAAfH0HywgOLw6xGIKXd9Q8hcV63CQhmS3p4+pZ9/wVvt4Ph3ZDK9fdC983b9aGMUFg==",
					"dev": true,
					"requires": {
						"browser-headers": "^0.4.0"
					}
				}
			}
		},
		"@textile/hub-threads-client": {
			"version": "0.4.4",
			"resolved": "https://registry.npmjs.org/@textile/hub-threads-client/-/hub-threads-client-0.4.4.tgz",
			"integrity": "sha512-8ggpOfm78aeeWMoJvf2v79yxs2HaklC7woaBqFRoIEZdXbhCEJNWaGgTivky4I4UIqIeuh4PC1VUXO7R83bk9Q==",
			"requires": {
				"@improbable-eng/grpc-web": "^0.12.0",
				"@textile/context": "^0.6.7",
				"@textile/security": "^0.2.6",
				"@textile/threads-client": "^0.10.1",
				"@textile/threads-id": "^0.1.13",
				"@textile/users-grpc": "^1.0.14",
				"cids": "^0.8.0",
				"loglevel": "^1.6.8",
				"multihashes": "0.4.19"
			},
			"dependencies": {
				"@textile/users-grpc": {
					"version": "1.0.14",
					"resolved": "https://registry.npmjs.org/@textile/users-grpc/-/users-grpc-1.0.14.tgz",
					"integrity": "sha512-33vnslfayb5ANKOXXkeIRRolOAnmgczd5FbHi3CInUwMYGWDL5yhyDyAAFAkmBnAUIJ4eJ7dJLe7W1uHzA36iQ==",
					"requires": {
						"@improbable-eng/grpc-web": "^0.12.0",
						"@types/google-protobuf": "^3.7.2",
						"google-protobuf": "^3.12.1"
					}
				},
				"multihashes": {
					"version": "0.4.19",
					"resolved": "https://registry.npmjs.org/multihashes/-/multihashes-0.4.19.tgz",
					"integrity": "sha512-ej74GAfA20imjj00RO5h34aY3pGUFyzn9FJZFWwdeUHlHTkKmv90FrNpvYT4jYf1XXCy5O/5EjVnxTaESgOM6A==",
					"requires": {
						"buffer": "^5.5.0",
						"multibase": "^0.7.0",
						"varint": "^5.0.0"
					}
				}
			}
		},
		"@textile/multiaddr": {
			"version": "0.0.24",
			"resolved": "https://registry.npmjs.org/@textile/multiaddr/-/multiaddr-0.0.24.tgz",
			"integrity": "sha512-CRU17Un0KltE3UMLziF0NHotx+RIu+bXofluWgQoVJnxR/zTtH57t9VW1qprgaFagwo4ybqFuNpBgJR06rjuCw==",
			"requires": {
				"@textile/threads-id": "^0.1.13",
				"@types/bs58": "^4.0.1",
				"@types/multiaddr": "^7.2.0",
				"@types/multibase": "^0.6.0",
				"@types/varint": "^5.0.0",
				"bs58": "^4.0.1",
				"cids": "^0.8.0",
				"multiaddr": "^7.4.2",
				"varint": "^5.0.0"
			}
		},
		"@textile/security": {
			"version": "0.2.6",
			"resolved": "https://registry.npmjs.org/@textile/security/-/security-0.2.6.tgz",
			"integrity": "sha512-/29b4aCjYjuSvmX6zOnNUJUsPUpJQhPx/t+RRRk7rlXKBKd/CIpFUXcb2qVwUzSQertPwnGmi644OIx14qpKxQ==",
			"requires": {
				"@types/multibase": "^0.6.0",
				"fast-sha256": "^1.3.0",
				"multibase": "^1.0.0"
			},
			"dependencies": {
				"multibase": {
					"version": "1.0.1",
					"resolved": "https://registry.npmjs.org/multibase/-/multibase-1.0.1.tgz",
					"integrity": "sha512-KcCxpBVY8fdVKu4dJMAahq4F/2Z/9xqEjIiR7PiMe7LRGeorFn2NLmicN6nLBCqQvft6MG2Lc9X5P0IdyvnxEw==",
					"requires": {
						"base-x": "^3.0.8",
						"buffer": "^5.5.0"
					}
				}
			}
		},
		"@textile/threads-client": {
			"version": "0.10.1",
			"resolved": "https://registry.npmjs.org/@textile/threads-client/-/threads-client-0.10.1.tgz",
			"integrity": "sha512-esbmup75bHFDxV1HAC3qxycsUxsMebi37yzCBZxCNh0eukSFf5w+DqYBUcGPg8c199Z1690lwRQMKebUnTtGyQ==",
			"requires": {
				"@improbable-eng/grpc-web": "^0.13.0",
				"@textile/context": "^0.6.7",
				"@textile/grpc-transport": "^0.0.3",
				"@textile/multiaddr": "^0.0.24",
				"@textile/security": "^0.2.6",
				"@textile/threads-client-grpc": "^0.1.23",
				"@textile/threads-core": "^0.3.0",
				"@textile/threads-id": "^0.1.13",
				"@types/google-protobuf": "^3.7.2",
				"@types/multibase": "^0.6.0",
				"@types/to-json-schema": "^0.2.0",
				"cids": "^0.8.3",
				"google-protobuf": "^3.10.0",
				"to-json-schema": "^0.2.5"
			},
			"dependencies": {
				"@improbable-eng/grpc-web": {
					"version": "0.13.0",
					"resolved": "https://registry.npmjs.org/@improbable-eng/grpc-web/-/grpc-web-0.13.0.tgz",
					"integrity": "sha512-vaxxT+Qwb7GPqDQrBV4vAAfH0HywgOLw6xGIKXd9Q8hcV63CQhmS3p4+pZ9/wVvt4Ph3ZDK9fdC983b9aGMUFg==",
					"requires": {
						"browser-headers": "^0.4.0"
					}
				}
			}
		},
		"@textile/threads-client-grpc": {
			"version": "0.1.23",
			"resolved": "https://registry.npmjs.org/@textile/threads-client-grpc/-/threads-client-grpc-0.1.23.tgz",
			"integrity": "sha512-IOnPIm9nkaBWes06KJfdfdev0hHCuLvGa27HLogsAVM8QTjU6wqDaG3baAMEtnElpIAOH9SP7rFVuvQNVUC5PQ==",
			"requires": {
				"@improbable-eng/grpc-web": "^0.12.0",
				"@types/google-protobuf": "^3.7.2",
				"google-protobuf": "^3.12.2"
			}
		},
		"@textile/threads-core": {
			"version": "0.3.1",
			"resolved": "https://registry.npmjs.org/@textile/threads-core/-/threads-core-0.3.1.tgz",
			"integrity": "sha512-6WYJVph7Txv290yGaYDnVIwq1OPBaIXyc0XXnrd4XOntK9zA5Tfx5ygFg/KPMeFuHbhvYdD8z157SRUup57r4g==",
			"requires": {
				"@textile/multiaddr": "^0.0.24",
				"@textile/threads-crypto": "^0.1.5",
				"@textile/threads-id": "^0.1.13",
				"@types/multibase": "^0.6.0",
				"@types/node": "^14.0.5",
				"@types/varint": "^5.0.0",
				"cids": "^0.8.3",
				"multibase": "^1.0.1",
				"varint": "^5.0.0"
			},
			"dependencies": {
				"multibase": {
					"version": "1.0.1",
					"resolved": "https://registry.npmjs.org/multibase/-/multibase-1.0.1.tgz",
					"integrity": "sha512-KcCxpBVY8fdVKu4dJMAahq4F/2Z/9xqEjIiR7PiMe7LRGeorFn2NLmicN6nLBCqQvft6MG2Lc9X5P0IdyvnxEw==",
					"requires": {
						"base-x": "^3.0.8",
						"buffer": "^5.5.0"
					}
				}
			}
		},
		"@textile/threads-crypto": {
			"version": "0.1.5",
			"resolved": "https://registry.npmjs.org/@textile/threads-crypto/-/threads-crypto-0.1.5.tgz",
			"integrity": "sha512-h4grzXrxheFAgGhXMEAJdbH2e5h3t+l3QKb4QZpYPE0JAg3hWRH+5NB2mLhxJZM947OADYS9EE3zNvFRkGmFRg==",
			"requires": {
				"@consento/sync-randombytes": "^1.0.5",
				"@types/google-protobuf": "^3.7.2",
				"@types/multibase": "^0.6.0",
				"@types/varint": "^5.0.0",
				"fast-sha256": "^1.3.0",
				"google-protobuf": "3.13.0",
				"libp2p-crypto": "^0.17.7",
				"micro-aes-gcm": "^0.2.0",
				"multibase": "^1.0.1",
				"noble-ed25519": "^1.0.0",
				"varint": "^5.0.0"
			},
			"dependencies": {
				"multibase": {
					"version": "1.0.1",
					"resolved": "https://registry.npmjs.org/multibase/-/multibase-1.0.1.tgz",
					"integrity": "sha512-KcCxpBVY8fdVKu4dJMAahq4F/2Z/9xqEjIiR7PiMe7LRGeorFn2NLmicN6nLBCqQvft6MG2Lc9X5P0IdyvnxEw==",
					"requires": {
						"base-x": "^3.0.8",
						"buffer": "^5.5.0"
					}
				}
			}
		},
		"@textile/threads-id": {
			"version": "0.1.13",
			"resolved": "https://registry.npmjs.org/@textile/threads-id/-/threads-id-0.1.13.tgz",
			"integrity": "sha512-JgFdKr9+d55QcxBw7ht194nrXWjFa64bUf1X1diSQNlPgPGTXm0OIeV7Vdnuy93Jvvo8NV5j3UnUmDXzUvGIoA==",
			"requires": {
				"@consento/sync-randombytes": "^1.0.4",
				"@types/multibase": "^0.6.0",
				"@types/varint": "^5.0.0",
				"multibase": "^1.0.1",
				"varint": "^5.0.0"
			},
			"dependencies": {
				"multibase": {
					"version": "1.0.1",
					"resolved": "https://registry.npmjs.org/multibase/-/multibase-1.0.1.tgz",
					"integrity": "sha512-KcCxpBVY8fdVKu4dJMAahq4F/2Z/9xqEjIiR7PiMe7LRGeorFn2NLmicN6nLBCqQvft6MG2Lc9X5P0IdyvnxEw==",
					"requires": {
						"base-x": "^3.0.8",
						"buffer": "^5.5.0"
					}
				}
			}
		},
		"@textile/users-grpc": {
			"version": "2.0.0-rc2",
			"resolved": "https://registry.npmjs.org/@textile/users-grpc/-/users-grpc-2.0.0-rc2.tgz",
			"integrity": "sha512-wGUIGWIqPmfg7B1Kj9bl7AnpKy4yQFDfg5jI7am/rWriJaGHtxYBPlxC2kcmA+hZFdoR/n5RK2y5W1CqmA7TjQ==",
			"requires": {
				"@improbable-eng/grpc-web": "^0.12.0",
				"@types/google-protobuf": "^3.7.2",
				"google-protobuf": "^3.12.1"
			}
		},
		"@types/bs58": {
			"version": "4.0.1",
			"resolved": "https://registry.npmjs.org/@types/bs58/-/bs58-4.0.1.tgz",
			"integrity": "sha512-yfAgiWgVLjFCmRv8zAcOIHywYATEwiTVccTLnRp6UxTNavT55M9d/uhK3T03St/+8/z/wW+CRjGKUNmEqoHHCA==",
			"requires": {
				"base-x": "^3.0.6"
			}
		},
		"@types/ed2curve": {
			"version": "0.2.2",
			"resolved": "https://registry.npmjs.org/@types/ed2curve/-/ed2curve-0.2.2.tgz",
			"integrity": "sha512-G1sTX5xo91ydevQPINbL2nfgVAj/s1ZiqZxC8OCWduwu+edoNGUm5JXtTkg9F3LsBZbRI46/0HES4CPUE2wc9g==",
			"requires": {
				"tweetnacl": "^1.0.0"
			}
		},
		"@types/google-protobuf": {
			"version": "3.7.3",
			"resolved": "https://registry.npmjs.org/@types/google-protobuf/-/google-protobuf-3.7.3.tgz",
			"integrity": "sha512-FRwj40euE2bYkG+0X5w2nEA8yAzgJRcEa7RBd0Gsdkb9/tPM2pctVVAvnOUTbcXo2VmIHPo0Ae94Gl9vRHfKzg=="
		},
		"@types/json-schema": {
			"version": "7.0.6",
			"resolved": "https://registry.npmjs.org/@types/json-schema/-/json-schema-7.0.6.tgz",
			"integrity": "sha512-3c+yGKvVP5Y9TYBEibGNR+kLtijnj7mYrXRg+WpFb2X9xm04g/DXYkfg4hmzJQosc9snFNUPkbYIhu+KAm6jJw=="
		},
		"@types/multiaddr": {
			"version": "7.2.0",
			"resolved": "https://registry.npmjs.org/@types/multiaddr/-/multiaddr-7.2.0.tgz",
			"integrity": "sha512-4oWyVIQjiOGIs0iApwtLSetRRBFGo2rnPQwclQFpHz6Zm0EHwyQbMcboLVJH19T8EdWKnEJ+Y62LrZ/ZNBBjbw==",
			"requires": {
				"@types/node": "*"
			}
		},
		"@types/multibase": {
			"version": "0.6.0",
			"resolved": "https://registry.npmjs.org/@types/multibase/-/multibase-0.6.0.tgz",
			"integrity": "sha512-PhQiA4pCcIG5yibX/G7K7mk/CXw0HTY98R+efcbbfce9WOyAGbIVqY3zv5kMm+vMAunY29aeOtQ96ePjeX417w==",
			"requires": {
				"@types/node": "*"
			}
		},
		"@types/next-tick": {
			"version": "1.0.0",
			"resolved": "https://registry.npmjs.org/@types/next-tick/-/next-tick-1.0.0.tgz",
			"integrity": "sha512-J9zljHWKO5EpdiJG9WHLE8Op6Zr34bTfeVw1hhRIRc9GHUVNKT0HdRUFAXOntT/ttl4BP9BJU2keR0C3pZXFdQ=="
		},
		"@types/node": {
			"version": "14.0.27",
			"resolved": "https://registry.npmjs.org/@types/node/-/node-14.0.27.tgz",
			"integrity": "sha512-kVrqXhbclHNHGu9ztnAwSncIgJv/FaxmzXJvGXNdcCpV1b8u1/Mi6z6m0vwy0LzKeXFTPLH0NzwmoJ3fNCIq0g=="
		},
		"@types/to-json-schema": {
			"version": "0.2.0",
			"resolved": "https://registry.npmjs.org/@types/to-json-schema/-/to-json-schema-0.2.0.tgz",
			"integrity": "sha512-9fqRjNFSSxJ8dQrE4v8gThS5ftxdFj8Q0y8hAjaF+uN+saJRxLiJdtFaDd9sv3bhzwcB2oDJpT/1ZelHnexbLw==",
			"requires": {
				"@types/json-schema": "*"
			}
		},
		"@types/varint": {
			"version": "5.0.0",
			"resolved": "https://registry.npmjs.org/@types/varint/-/varint-5.0.0.tgz",
			"integrity": "sha512-dIJiYqeDnYQ5Bc4mv+E5prqFIQlUTM1yDzwC5VQfL29pcYlm/5q1shY/MjbBT1FQAU5gzKE10DdGbu8B2EoFQg==",
			"requires": {
				"@types/node": "*"
			}
		},
		"@types/ws": {
			"version": "7.2.6",
			"resolved": "https://registry.npmjs.org/@types/ws/-/ws-7.2.6.tgz",
			"integrity": "sha512-Q07IrQUSNpr+cXU4E4LtkSIBPie5GLZyyMC1QtQYRLWz701+XcoVygGUZgvLqElq1nU4ICldMYPnexlBsg3dqQ==",
			"requires": {
				"@types/node": "*"
			}
		},
		"asn1.js": {
			"version": "5.4.1",
			"resolved": "https://registry.npmjs.org/asn1.js/-/asn1.js-5.4.1.tgz",
			"integrity": "sha512-+I//4cYPccV8LdmBLiX8CYvf9Sp3vQsrqu2QNXRcrbiWvcx/UdlFiqUJJzxRQxgsZmvhXhn4cSKeSmoFjVdupA==",
			"requires": {
				"bn.js": "^4.0.0",
				"inherits": "^2.0.1",
				"minimalistic-assert": "^1.0.0",
				"safer-buffer": "^2.1.0"
			}
		},
		"axios": {
			"version": "0.19.2",
			"resolved": "https://registry.npmjs.org/axios/-/axios-0.19.2.tgz",
			"integrity": "sha512-fjgm5MvRHLhx+osE2xoekY70AhARk3a6hkN+3Io1jc00jtquGvxYlKlsFUhmUET0V5te6CcZI7lcv2Ym61mjHA==",
			"dev": true,
			"requires": {
				"follow-redirects": "1.5.10"
			}
		},
		"balanced-match": {
			"version": "1.0.0",
			"resolved": "https://registry.npmjs.org/balanced-match/-/balanced-match-1.0.0.tgz",
			"integrity": "sha1-ibTRmasr7kneFk6gK4nORi1xt2c=",
			"dev": true
		},
		"base-x": {
			"version": "3.0.8",
			"resolved": "https://registry.npmjs.org/base-x/-/base-x-3.0.8.tgz",
			"integrity": "sha512-Rl/1AWP4J/zRrk54hhlxH4drNxPJXYUaKffODVI53/dAsV4t9fBxyxYKAVPU1XBHxYwOWP9h9H0hM2MVw4YfJA==",
			"requires": {
				"safe-buffer": "^5.0.1"
			}
		},
		"base64-js": {
			"version": "1.3.1",
			"resolved": "https://registry.npmjs.org/base64-js/-/base64-js-1.3.1.tgz",
			"integrity": "sha512-mLQ4i2QO1ytvGWFWmcngKO//JXAQueZvwEKtjgQFM4jIK0kU+ytMfplL8j+n5mspOfjHwoAg+9yhb7BwAHm36g=="
		},
		"bindings": {
			"version": "1.5.0",
			"resolved": "https://registry.npmjs.org/bindings/-/bindings-1.5.0.tgz",
			"integrity": "sha512-p2q/t/mhvuOj/UeLlV6566GD/guowlr0hHxClI0W9m7MWYkL1F0hLo+0Aexs9HSPCtR1SXQ0TD3MMKrXZajbiQ==",
			"requires": {
				"file-uri-to-path": "1.0.0"
			}
		},
		"blakejs": {
			"version": "1.1.0",
			"resolved": "https://registry.npmjs.org/blakejs/-/blakejs-1.1.0.tgz",
			"integrity": "sha1-ad+S75U6qIylGjLfarHFShVfx6U="
		},
		"bn.js": {
			"version": "4.11.9",
			"resolved": "https://registry.npmjs.org/bn.js/-/bn.js-4.11.9.tgz",
			"integrity": "sha512-E6QoYqCKZfgatHTdHzs1RRKP7ip4vvm+EyRUeE2RF0NblwVvb0p6jSVeNTOFxPn26QXN2o6SMfNxKp6kU8zQaw=="
		},
		"brace-expansion": {
			"version": "1.1.11",
			"resolved": "https://registry.npmjs.org/brace-expansion/-/brace-expansion-1.1.11.tgz",
			"integrity": "sha512-iCuPHDFgrHX7H2vEI/5xpz07zSHB00TpugqhmYtVmMO6518mCuRMoOYFldEBl0g187ufozdaHgWKcYFb61qGiA==",
			"dev": true,
			"requires": {
				"balanced-match": "^1.0.0",
				"concat-map": "0.0.1"
			}
		},
		"brorand": {
			"version": "1.1.0",
			"resolved": "https://registry.npmjs.org/brorand/-/brorand-1.1.0.tgz",
			"integrity": "sha1-EsJe/kCkXjwyPrhnWgoM5XsiNx8="
		},
		"browser-headers": {
			"version": "0.4.1",
			"resolved": "https://registry.npmjs.org/browser-headers/-/browser-headers-0.4.1.tgz",
			"integrity": "sha512-CA9hsySZVo9371qEHjHZtYxV2cFtVj5Wj/ZHi8ooEsrtm4vOnl9Y9HmyYWk9q+05d7K3rdoAE0j3MVEFVvtQtg=="
		},
		"bs58": {
			"version": "4.0.1",
			"resolved": "https://registry.npmjs.org/bs58/-/bs58-4.0.1.tgz",
			"integrity": "sha1-vhYedsNU9veIrkBx9j806MTwpCo=",
			"requires": {
				"base-x": "^3.0.2"
			}
		},
		"buffer": {
			"version": "5.6.0",
			"resolved": "https://registry.npmjs.org/buffer/-/buffer-5.6.0.tgz",
			"integrity": "sha512-/gDYp/UtU0eA1ys8bOs9J6a+E/KWIY+DZ+Q2WESNUA0jFRsJOc0SNUO6xJ5SGA1xueg3NL65W6s+NY5l9cunuw==",
			"requires": {
				"base64-js": "^1.0.2",
				"ieee754": "^1.1.4"
			}
		},
		"cids": {
			"version": "0.8.3",
			"resolved": "https://registry.npmjs.org/cids/-/cids-0.8.3.tgz",
			"integrity": "sha512-yoXTbV3llpm+EBGWKeL9xKtksPE/s6DPoDSY4fn8I8TEW1zehWXPSB0pwAXVDlLaOlrw+sNynj995uD9abmPhA==",
			"requires": {
				"buffer": "^5.6.0",
				"class-is": "^1.1.0",
				"multibase": "^1.0.0",
				"multicodec": "^1.0.1",
				"multihashes": "^1.0.1"
			},
			"dependencies": {
				"multibase": {
					"version": "1.0.1",
					"resolved": "https://registry.npmjs.org/multibase/-/multibase-1.0.1.tgz",
					"integrity": "sha512-KcCxpBVY8fdVKu4dJMAahq4F/2Z/9xqEjIiR7PiMe7LRGeorFn2NLmicN6nLBCqQvft6MG2Lc9X5P0IdyvnxEw==",
					"requires": {
						"base-x": "^3.0.8",
						"buffer": "^5.5.0"
					}
				}
			}
		},
		"class-is": {
			"version": "1.1.0",
			"resolved": "https://registry.npmjs.org/class-is/-/class-is-1.1.0.tgz",
			"integrity": "sha512-rhjH9AG1fvabIDoGRVH587413LPjTZgmDF9fOFCbFJQV4yuocX1mHxxvXI4g3cGwbVY9wAYIoKlg1N79frJKQw=="
		},
		"concat-map": {
			"version": "0.0.1",
			"resolved": "https://registry.npmjs.org/concat-map/-/concat-map-0.0.1.tgz",
			"integrity": "sha1-2Klr13/Wjfd5OnMDajug1UBdR3s=",
			"dev": true
		},
		"debug": {
			"version": "3.1.0",
			"resolved": "https://registry.npmjs.org/debug/-/debug-3.1.0.tgz",
			"integrity": "sha512-OX8XqP7/1a9cqkxYw2yXss15f26NKWBpDXQd0/uK/KPqdQhxbPa994hnzjcE2VqQpDslf55723cKPUOGSmMY3g==",
			"dev": true,
			"requires": {
				"ms": "2.0.0"
			}
		},
		"delay": {
			"version": "4.4.0",
			"resolved": "https://registry.npmjs.org/delay/-/delay-4.4.0.tgz",
			"integrity": "sha512-txgOrJu3OdtOfTiEOT2e76dJVfG/1dz2NZ4F0Pyt4UGZJryssMRp5vdM5wQoLwSOBNdrJv3F9PAhp/heqd7vrA==",
			"dev": true
		},
		"ed2curve": {
			"version": "0.3.0",
			"resolved": "https://registry.npmjs.org/ed2curve/-/ed2curve-0.3.0.tgz",
			"integrity": "sha512-8w2fmmq3hv9rCrcI7g9hms2pMunQr1JINfcjwR9tAyZqhtyaMN991lF/ZfHfr5tzZQ8c7y7aBgZbjfbd0fjFwQ==",
			"requires": {
				"tweetnacl": "1.x.x"
			}
		},
		"elliptic": {
			"version": "6.5.3",
			"resolved": "https://registry.npmjs.org/elliptic/-/elliptic-6.5.3.tgz",
			"integrity": "sha512-IMqzv5wNQf+E6aHeIqATs0tOLeOTwj1QKbRcS3jBbYkl5oLAserA8yJTT7/VyHUYG91PRmPyeQDObKLPpeS4dw==",
			"requires": {
				"bn.js": "^4.4.0",
				"brorand": "^1.0.1",
				"hash.js": "^1.0.0",
				"hmac-drbg": "^1.0.0",
				"inherits": "^2.0.1",
				"minimalistic-assert": "^1.0.0",
				"minimalistic-crypto-utils": "^1.0.0"
			}
		},
		"err-code": {
			"version": "2.0.3",
			"resolved": "https://registry.npmjs.org/err-code/-/err-code-2.0.3.tgz",
			"integrity": "sha512-2bmlRpNKBxT/CRmPOlyISQpNj+qSeYvcym/uT0Jx2bMOlKLtSy1ZmLuVxSEKKyor/N5yhvp/ZiG1oE3DEYMSFA=="
		},
		"event-iterator": {
			"version": "2.0.0",
			"resolved": "https://registry.npmjs.org/event-iterator/-/event-iterator-2.0.0.tgz",
			"integrity": "sha512-KGft0ldl31BZVV//jj+IAIGCxkvvUkkON+ScH6zfoX+l+omX6001ggyRSpI0Io2Hlro0ThXotswCtfzS8UkIiQ=="
		},
		"fast-sha256": {
			"version": "1.3.0",
			"resolved": "https://registry.npmjs.org/fast-sha256/-/fast-sha256-1.3.0.tgz",
			"integrity": "sha512-n11RGP/lrWEFI/bWdygLxhI+pVeo1ZYIVwvvPkW7azl/rOy+F3HYRZ2K5zeE9mmkhQppyv9sQFx0JM9UabnpPQ=="
		},
		"file-uri-to-path": {
			"version": "1.0.0",
			"resolved": "https://registry.npmjs.org/file-uri-to-path/-/file-uri-to-path-1.0.0.tgz",
			"integrity": "sha512-0Zt+s3L7Vf1biwWZ29aARiVYLx7iMGnEUl9x33fbB/j3jR81u/O2LbqK+Bm1CDSNDKVtJ/YjwY7TUd5SkeLQLw=="
		},
		"follow-redirects": {
			"version": "1.5.10",
			"resolved": "https://registry.npmjs.org/follow-redirects/-/follow-redirects-1.5.10.tgz",
			"integrity": "sha512-0V5l4Cizzvqt5D44aTXbFZz+FtyXV1vrDN6qrelxtfYQKW0KO0W2T/hkE8xvGa/540LkZlkaUjO4ailYTFtHVQ==",
			"dev": true,
			"requires": {
				"debug": "=3.1.0"
			}
		},
		"fs.realpath": {
			"version": "1.0.0",
			"resolved": "https://registry.npmjs.org/fs.realpath/-/fs.realpath-1.0.0.tgz",
			"integrity": "sha1-FQStJSMVjKpA20onh8sBQRmU6k8=",
			"dev": true
		},
		"glob": {
			"version": "7.1.6",
			"resolved": "https://registry.npmjs.org/glob/-/glob-7.1.6.tgz",
			"integrity": "sha512-LwaxwyZ72Lk7vZINtNNrywX0ZuLyStrdDtabefZKAY5ZGJhVtgdznluResxNmPitE0SAO+O26sWTHeKSI2wMBA==",
			"dev": true,
			"requires": {
				"fs.realpath": "^1.0.0",
				"inflight": "^1.0.4",
				"inherits": "2",
				"minimatch": "^3.0.4",
				"once": "^1.3.0",
				"path-is-absolute": "^1.0.0"
			}
		},
		"google-protobuf": {
			"version": "3.13.0",
			"resolved": "https://registry.npmjs.org/google-protobuf/-/google-protobuf-3.13.0.tgz",
			"integrity": "sha512-ZIf3qfLFayVrPvAjeKKxO5FRF1/NwRxt6Dko+fWEMuHwHbZx8/fcaAao9b0wCM6kr8qeg2te8XTpyuvKuD9aKw=="
		},
		"hash.js": {
			"version": "1.1.7",
			"resolved": "https://registry.npmjs.org/hash.js/-/hash.js-1.1.7.tgz",
			"integrity": "sha512-taOaskGt4z4SOANNseOviYDvjEJinIkRgmp7LbKP2YTTmVxWBl87s/uzK9r+44BclBSp2X7K1hqeNfz9JbBeXA==",
			"requires": {
				"inherits": "^2.0.3",
				"minimalistic-assert": "^1.0.1"
			}
		},
		"hmac-drbg": {
			"version": "1.0.1",
			"resolved": "https://registry.npmjs.org/hmac-drbg/-/hmac-drbg-1.0.1.tgz",
			"integrity": "sha1-0nRXAQJabHdabFRXk+1QL8DGSaE=",
			"requires": {
				"hash.js": "^1.0.3",
				"minimalistic-assert": "^1.0.0",
				"minimalistic-crypto-utils": "^1.0.1"
			}
		},
		"ieee754": {
			"version": "1.1.13",
			"resolved": "https://registry.npmjs.org/ieee754/-/ieee754-1.1.13.tgz",
			"integrity": "sha512-4vf7I2LYV/HaWerSo3XmlMkp5eZ83i+/CDluXi/IGTs/O1sejBNhTtnxzmRZfvOUqj7lZjqHkeTvpgSFDlWZTg=="
		},
		"inflight": {
			"version": "1.0.6",
			"resolved": "https://registry.npmjs.org/inflight/-/inflight-1.0.6.tgz",
			"integrity": "sha1-Sb1jMdfQLQwJvJEKEHW6gWW1bfk=",
			"dev": true,
			"requires": {
				"once": "^1.3.0",
				"wrappy": "1"
			}
		},
		"inherits": {
			"version": "2.0.4",
			"resolved": "https://registry.npmjs.org/inherits/-/inherits-2.0.4.tgz",
			"integrity": "sha512-k/vGaX4/Yla3WzyMCvTQOXYeIHvqOKtnqBduzTHpzpQZzAskKMhZ2K+EnBiSM9zGSoIFeMpXKxa4dYeZIQqewQ=="
		},
		"ip-regex": {
			"version": "4.1.0",
			"resolved": "https://registry.npmjs.org/ip-regex/-/ip-regex-4.1.0.tgz",
			"integrity": "sha512-pKnZpbgCTfH/1NLIlOduP/V+WRXzC2MOz3Qo8xmxk8C5GudJLgK5QyLVXOSWy3ParAH7Eemurl3xjv/WXYFvMA=="
		},
		"is-ip": {
			"version": "3.1.0",
			"resolved": "https://registry.npmjs.org/is-ip/-/is-ip-3.1.0.tgz",
			"integrity": "sha512-35vd5necO7IitFPjd/YBeqwWnyDWbuLH9ZXQdMfDA8TEo7pv5X8yfrvVO3xbJbLUlERCMvf6X0hTUamQxCYJ9Q==",
			"requires": {
				"ip-regex": "^4.0.0"
			}
		},
		"is-typedarray": {
			"version": "1.0.0",
			"resolved": "https://registry.npmjs.org/is-typedarray/-/is-typedarray-1.0.0.tgz",
			"integrity": "sha1-5HnICFjfDBsR3dppQPlgEfzaSpo="
		},
		"iso-random-stream": {
			"version": "1.1.1",
			"resolved": "https://registry.npmjs.org/iso-random-stream/-/iso-random-stream-1.1.1.tgz",
			"integrity": "sha512-YEt/7xOwTdu4KXIgtdgGFkiLUsBaddbnkmHyaFdjJYIcD7V4gpQHPvYC5tyh3kA0PQ01y9lWm1ruVdf8Mqzovg==",
			"requires": {
				"buffer": "^5.4.3",
				"readable-stream": "^3.4.0"
			}
		},
		"isomorphic-ws": {
			"version": "4.0.1",
			"resolved": "https://registry.npmjs.org/isomorphic-ws/-/isomorphic-ws-4.0.1.tgz",
			"integrity": "sha512-BhBvN2MBpWTaSHdWRb/bwdZJ1WaehQ2L1KngkCkfLUGF0mAWAT1sQUQacEmQ0jXkFw/czDXPNQSL5u2/Krsz1w=="
		},
		"js-sha3": {
			"version": "0.8.0",
			"resolved": "https://registry.npmjs.org/js-sha3/-/js-sha3-0.8.0.tgz",
			"integrity": "sha512-gF1cRrHhIzNfToc802P800N8PpXS+evLLXfsVpowqmAFR9uwbi89WvXg2QspOmXL8QL86J4T1EpFu+yUkwJY3Q=="
		},
		"keypair": {
			"version": "1.0.1",
			"resolved": "https://registry.npmjs.org/keypair/-/keypair-1.0.1.tgz",
			"integrity": "sha1-dgNxknCvtlZO04oiCHoG/Jqk6hs="
		},
		"libp2p-crypto": {
			"version": "0.17.9",
			"resolved": "https://registry.npmjs.org/libp2p-crypto/-/libp2p-crypto-0.17.9.tgz",
			"integrity": "sha512-nH3vTfQ4UqhZ1SORTP7HOsmFdJBs604Qy0Xi3IFFtU6ofYt+rFAZ2QNgo4MH1ZTT38/LEM374N9K7yzj1IQm0g==",
			"requires": {
				"buffer": "^5.5.0",
				"err-code": "^2.0.0",
				"is-typedarray": "^1.0.0",
				"iso-random-stream": "^1.1.0",
				"keypair": "^1.0.1",
				"multibase": "^1.0.1",
				"multicodec": "^1.0.4",
				"multihashing-async": "^0.8.1",
				"node-forge": "^0.9.1",
				"pem-jwk": "^2.0.0",
				"protons": "^1.2.1",
				"secp256k1": "^4.0.0",
				"uint8arrays": "^1.0.0",
				"ursa-optional": "^0.10.1"
			},
			"dependencies": {
				"multibase": {
					"version": "1.0.1",
					"resolved": "https://registry.npmjs.org/multibase/-/multibase-1.0.1.tgz",
					"integrity": "sha512-KcCxpBVY8fdVKu4dJMAahq4F/2Z/9xqEjIiR7PiMe7LRGeorFn2NLmicN6nLBCqQvft6MG2Lc9X5P0IdyvnxEw==",
					"requires": {
						"base-x": "^3.0.8",
						"buffer": "^5.5.0"
					}
				}
			}
		},
		"lodash.isequal": {
			"version": "4.5.0",
			"resolved": "https://registry.npmjs.org/lodash.isequal/-/lodash.isequal-4.5.0.tgz",
			"integrity": "sha1-QVxEePK8wwEgwizhDtMib30+GOA="
		},
		"lodash.keys": {
			"version": "4.2.0",
			"resolved": "https://registry.npmjs.org/lodash.keys/-/lodash.keys-4.2.0.tgz",
			"integrity": "sha1-oIYCrBLk+4P5H8H7ejYKTZujUgU="
		},
		"lodash.merge": {
			"version": "4.6.2",
			"resolved": "https://registry.npmjs.org/lodash.merge/-/lodash.merge-4.6.2.tgz",
			"integrity": "sha512-0KpjqXRVvrYyCsX1swR/XTK0va6VQkQM6MNo7PqW77ByjAhoARA8EfrP1N4+KlKj8YS0ZUCtRT/YUuhyYDujIQ=="
		},
		"lodash.omit": {
			"version": "4.5.0",
			"resolved": "https://registry.npmjs.org/lodash.omit/-/lodash.omit-4.5.0.tgz",
			"integrity": "sha1-brGa5aHuHdnfC5aeZs4Lf6MLXmA="
		},
		"lodash.without": {
			"version": "4.4.0",
			"resolved": "https://registry.npmjs.org/lodash.without/-/lodash.without-4.4.0.tgz",
			"integrity": "sha1-PNRXSgC2e643OpS3SHcmQFB7eqw="
		},
		"lodash.xor": {
			"version": "4.5.0",
			"resolved": "https://registry.npmjs.org/lodash.xor/-/lodash.xor-4.5.0.tgz",
			"integrity": "sha1-TUjtfpgJWwYyWCunFNP/iuj7HbY="
		},
		"loglevel": {
			"version": "1.6.8",
			"resolved": "https://registry.npmjs.org/loglevel/-/loglevel-1.6.8.tgz",
			"integrity": "sha512-bsU7+gc9AJ2SqpzxwU3+1fedl8zAntbtC5XYlt3s2j1hJcn2PsXSmgN8TaLG/J1/2mod4+cE/3vNL70/c1RNCA=="
		},
		"micro-aes-gcm": {
			"version": "0.2.0",
			"resolved": "https://registry.npmjs.org/micro-aes-gcm/-/micro-aes-gcm-0.2.0.tgz",
			"integrity": "sha512-ZowHH8+/nh9Z209al2K05rKJ7Tkh/3HGqKjwp1UaovL5zA0FyK158F7RUArMKDjTaT7FPARLY4+0D/B+AciE+A=="
		},
		"minimalistic-assert": {
			"version": "1.0.1",
			"resolved": "https://registry.npmjs.org/minimalistic-assert/-/minimalistic-assert-1.0.1.tgz",
			"integrity": "sha512-UtJcAD4yEaGtjPezWuO9wC4nwUnVH/8/Im3yEHQP4b67cXlD/Qr9hdITCU1xDbSEXg2XKNaP8jsReV7vQd00/A=="
		},
		"minimalistic-crypto-utils": {
			"version": "1.0.1",
			"resolved": "https://registry.npmjs.org/minimalistic-crypto-utils/-/minimalistic-crypto-utils-1.0.1.tgz",
			"integrity": "sha1-9sAMHAsIIkblxNmd+4x8CDsrWCo="
		},
		"minimatch": {
			"version": "3.0.4",
			"resolved": "https://registry.npmjs.org/minimatch/-/minimatch-3.0.4.tgz",
			"integrity": "sha512-yJHVQEhyqPLUTgt9B83PXu6W3rx4MvvHvSUvToogpwoGDOUQ+yDrR0HRot+yOCdCO7u4hX3pWft6kWBBcqh0UA==",
			"dev": true,
			"requires": {
				"brace-expansion": "^1.1.7"
			}
		},
		"ms": {
			"version": "2.0.0",
			"resolved": "https://registry.npmjs.org/ms/-/ms-2.0.0.tgz",
			"integrity": "sha1-VgiurfwAvmwpAd9fmGF4jeDVl8g=",
			"dev": true
		},
		"multiaddr": {
			"version": "7.5.0",
			"resolved": "https://registry.npmjs.org/multiaddr/-/multiaddr-7.5.0.tgz",
			"integrity": "sha512-GvhHsIGDULh06jyb6ev+VfREH9evJCFIRnh3jUt9iEZ6XDbyoisZRFEI9bMvK/AiR6y66y6P+eoBw9mBYMhMvw==",
			"requires": {
				"buffer": "^5.5.0",
				"cids": "~0.8.0",
				"class-is": "^1.1.0",
				"is-ip": "^3.1.0",
				"multibase": "^0.7.0",
				"varint": "^5.0.0"
			}
		},
		"multibase": {
			"version": "0.7.0",
			"resolved": "https://registry.npmjs.org/multibase/-/multibase-0.7.0.tgz",
			"integrity": "sha512-TW8q03O0f6PNFTQDvh3xxH03c8CjGaaYrjkl9UQPG6rz53TQzzxJVCIWVjzcbN/Q5Y53Zd0IBQBMVktVgNx4Fg==",
			"requires": {
				"base-x": "^3.0.8",
				"buffer": "^5.5.0"
			}
		},
		"multicodec": {
			"version": "1.0.4",
			"resolved": "https://registry.npmjs.org/multicodec/-/multicodec-1.0.4.tgz",
			"integrity": "sha512-NDd7FeS3QamVtbgfvu5h7fd1IlbaC4EQ0/pgU4zqE2vdHCmBGsUa0TiM8/TdSeG6BMPC92OOCf8F1ocE/Wkrrg==",
			"requires": {
				"buffer": "^5.6.0",
				"varint": "^5.0.0"
			}
		},
		"multihashes": {
			"version": "1.0.1",
			"resolved": "https://registry.npmjs.org/multihashes/-/multihashes-1.0.1.tgz",
			"integrity": "sha512-S27Tepg4i8atNiFaU5ZOm3+gl3KQlUanLs/jWcBxQHFttgq+5x1OgbQmf2d8axJ/48zYGBd/wT9d723USMFduw==",
			"requires": {
				"buffer": "^5.6.0",
				"multibase": "^1.0.1",
				"varint": "^5.0.0"
			},
			"dependencies": {
				"multibase": {
					"version": "1.0.1",
					"resolved": "https://registry.npmjs.org/multibase/-/multibase-1.0.1.tgz",
					"integrity": "sha512-KcCxpBVY8fdVKu4dJMAahq4F/2Z/9xqEjIiR7PiMe7LRGeorFn2NLmicN6nLBCqQvft6MG2Lc9X5P0IdyvnxEw==",
					"requires": {
						"base-x": "^3.0.8",
						"buffer": "^5.5.0"
					}
				}
			}
		},
		"multihashing-async": {
			"version": "0.8.2",
			"resolved": "https://registry.npmjs.org/multihashing-async/-/multihashing-async-0.8.2.tgz",
			"integrity": "sha512-2lKa1autuCy8x7KIEj9aVNbAb3aIMRFYIwN7mq/zD4pxgNIVgGlm+f6GKY4880EOF2Y3GktHYssRy7TAJQ2DyQ==",
			"requires": {
				"blakejs": "^1.1.0",
				"buffer": "^5.4.3",
				"err-code": "^2.0.0",
				"js-sha3": "^0.8.0",
				"multihashes": "^1.0.1",
				"murmurhash3js-revisited": "^3.0.0"
			}
		},
		"murmurhash3js-revisited": {
			"version": "3.0.0",
			"resolved": "https://registry.npmjs.org/murmurhash3js-revisited/-/murmurhash3js-revisited-3.0.0.tgz",
			"integrity": "sha512-/sF3ee6zvScXMb1XFJ8gDsSnY+X8PbOyjIuBhtgis10W2Jx4ZjIhikUCIF9c4gpJxVnQIsPAFrSwTCuAjicP6g=="
		},
		"nan": {
			"version": "2.14.1",
			"resolved": "https://registry.npmjs.org/nan/-/nan-2.14.1.tgz",
			"integrity": "sha512-isWHgVjnFjh2x2yuJ/tj3JbwoHu3UC2dX5G/88Cm24yB6YopVgxvBObDY7n5xW6ExmFhJpSEQqFPvq9zaXc8Jw=="
		},
		"next-tick": {
			"version": "1.1.0",
			"resolved": "https://registry.npmjs.org/next-tick/-/next-tick-1.1.0.tgz",
			"integrity": "sha512-CXdUiJembsNjuToQvxayPZF9Vqht7hewsvy2sOWafLvi2awflj9mOC6bHIg50orX8IJvWKY9wYQ/zB2kogPslQ=="
		},
		"noble-ed25519": {
			"version": "1.0.1",
			"resolved": "https://registry.npmjs.org/noble-ed25519/-/noble-ed25519-1.0.1.tgz",
			"integrity": "sha512-T19X5XxWvixfuRU3pX7BQK+7rUDFlveHwrhMcGbHS++YAapEh5ZdE/26BFbUzZ0dbdTmdMFsZIPVs3yf96t8dg=="
		},
		"node-addon-api": {
			"version": "2.0.2",
			"resolved": "https://registry.npmjs.org/node-addon-api/-/node-addon-api-2.0.2.tgz",
			"integrity": "sha512-Ntyt4AIXyaLIuMHF6IOoTakB3K+RWxwtsHNRxllEoA6vPwP9o4866g6YWDLUdnucilZhmkxiHwHr11gAENw+QA=="
		},
		"node-forge": {
			"version": "0.9.2",
			"resolved": "https://registry.npmjs.org/node-forge/-/node-forge-0.9.2.tgz",
			"integrity": "sha512-naKSScof4Wn+aoHU6HBsifh92Zeicm1GDQKd1vp3Y/kOi8ub0DozCa9KpvYNCXslFHYRmLNiqRopGdTGwNLpNw=="
		},
		"node-gyp-build": {
			"version": "4.2.3",
			"resolved": "https://registry.npmjs.org/node-gyp-build/-/node-gyp-build-4.2.3.tgz",
			"integrity": "sha512-MN6ZpzmfNCRM+3t57PTJHgHyw/h4OWnZ6mR8P5j/uZtqQr46RRuDE/P+g3n0YR/AiYXeWixZZzaip77gdICfRg=="
		},
		"once": {
			"version": "1.4.0",
			"resolved": "https://registry.npmjs.org/once/-/once-1.4.0.tgz",
			"integrity": "sha1-WDsap3WWHUsROsF9nFC6753Xa9E=",
			"dev": true,
			"requires": {
				"wrappy": "1"
			}
		},
		"path-is-absolute": {
			"version": "1.0.1",
			"resolved": "https://registry.npmjs.org/path-is-absolute/-/path-is-absolute-1.0.1.tgz",
			"integrity": "sha1-F0uSaHNVNP+8es5r9TpanhtcX18=",
			"dev": true
		},
		"pem-jwk": {
			"version": "2.0.0",
			"resolved": "https://registry.npmjs.org/pem-jwk/-/pem-jwk-2.0.0.tgz",
			"integrity": "sha512-rFxu7rVoHgQ5H9YsP50dDWf0rHjreVA2z0yPiWr5WdH/UHb29hKtF7h6l8vNd1cbYR1t0QL+JKhW55a2ZV4KtA==",
			"requires": {
				"asn1.js": "^5.0.1"
			}
		},
		"protocol-buffers-schema": {
			"version": "3.4.0",
			"resolved": "https://registry.npmjs.org/protocol-buffers-schema/-/protocol-buffers-schema-3.4.0.tgz",
			"integrity": "sha512-G/2kcamPF2S49W5yaMGdIpkG6+5wZF0fzBteLKgEHjbNzqjZQ85aAs1iJGto31EJaSTkNvHs5IXuHSaTLWBAiA=="
		},
		"protons": {
			"version": "1.2.1",
			"resolved": "https://registry.npmjs.org/protons/-/protons-1.2.1.tgz",
			"integrity": "sha512-2oqDyc/SN+tNcJf8XxrXhYL7sQn2/OMl8mSdD7NVGsWjMEmAbks4eDVnCyf0vAoRbBWyWTEXWk4D8XfuKVl3zg==",
			"requires": {
				"buffer": "^5.5.0",
				"protocol-buffers-schema": "^3.3.1",
				"signed-varint": "^2.0.1",
				"varint": "^5.0.0"
			}
		},
		"readable-stream": {
			"version": "3.6.0",
			"resolved": "https://registry.npmjs.org/readable-stream/-/readable-stream-3.6.0.tgz",
			"integrity": "sha512-BViHy7LKeTz4oNnkcLJ+lVSL6vpiFeX6/d3oSH8zCW7UxP2onchk+vTGB143xuFjHS3deTgkKoXXymXqymiIdA==",
			"requires": {
				"inherits": "^2.0.3",
				"string_decoder": "^1.1.1",
				"util-deprecate": "^1.0.1"
			}
		},
		"rimraf": {
			"version": "3.0.2",
			"resolved": "https://registry.npmjs.org/rimraf/-/rimraf-3.0.2.tgz",
			"integrity": "sha512-JZkJMZkAGFFPP2YqXZXPbMlMBgsxzE8ILs4lMIX/2o0L9UBw9O/Y3o6wFw/i9YLapcUJWwqbi3kdxIPdC62TIA==",
			"dev": true,
			"requires": {
				"glob": "^7.1.3"
			}
		},
		"safe-buffer": {
			"version": "5.2.1",
			"resolved": "https://registry.npmjs.org/safe-buffer/-/safe-buffer-5.2.1.tgz",
			"integrity": "sha512-rp3So07KcdmmKbGvgaNxQSJr7bGVSVk5S9Eq1F+ppbRo70+YeaDxkw5Dd8NPN+GD6bjnYm2VuPuCXmpuYvmCXQ=="
		},
		"safer-buffer": {
			"version": "2.1.2",
			"resolved": "https://registry.npmjs.org/safer-buffer/-/safer-buffer-2.1.2.tgz",
			"integrity": "sha512-YZo3K82SD7Riyi0E1EQPojLz7kpepnSQI9IyPbHHg1XXXevb5dJI7tpyN2ADxGcQbHG7vcyRHk0cbwqcQriUtg=="
		},
		"secp256k1": {
			"version": "4.0.2",
			"resolved": "https://registry.npmjs.org/secp256k1/-/secp256k1-4.0.2.tgz",
			"integrity": "sha512-UDar4sKvWAksIlfX3xIaQReADn+WFnHvbVujpcbr+9Sf/69odMwy2MUsz5CKLQgX9nsIyrjuxL2imVyoNHa3fg==",
			"requires": {
				"elliptic": "^6.5.2",
				"node-addon-api": "^2.0.0",
				"node-gyp-build": "^4.2.0"
			}
		},
		"seedrandom": {
			"version": "3.0.5",
			"resolved": "https://registry.npmjs.org/seedrandom/-/seedrandom-3.0.5.tgz",
			"integrity": "sha512-8OwmbklUNzwezjGInmZ+2clQmExQPvomqjL7LFqOYqtmuxRgQYqOD3mHaU+MvZn5FLUeVxVfQjwLZW/n/JFuqg=="
		},
		"signed-varint": {
			"version": "2.0.1",
			"resolved": "https://registry.npmjs.org/signed-varint/-/signed-varint-2.0.1.tgz",
			"integrity": "sha1-UKmYnafJjCxh2tEZvJdHDvhSgSk=",
			"requires": {
				"varint": "~5.0.0"
			}
		},
		"string_decoder": {
			"version": "1.3.0",
			"resolved": "https://registry.npmjs.org/string_decoder/-/string_decoder-1.3.0.tgz",
			"integrity": "sha512-hkRX8U1WjJFd8LsDJ2yQ/wWWxaopEsABU1XfkM8A+j0+85JAGppt16cr1Whg6KIbb4okU6Mql6BOj+uup/wKeA==",
			"requires": {
				"safe-buffer": "~5.2.0"
			}
		},
		"to-json-schema": {
			"version": "0.2.5",
			"resolved": "https://registry.npmjs.org/to-json-schema/-/to-json-schema-0.2.5.tgz",
			"integrity": "sha512-jP1ievOee8pec3tV9ncxLSS48Bnw7DIybgy112rhMCEhf3K4uyVNZZHr03iQQBzbV5v5Hos+dlZRRyk6YSMNDw==",
			"requires": {
				"lodash.isequal": "^4.5.0",
				"lodash.keys": "^4.2.0",
				"lodash.merge": "^4.6.2",
				"lodash.omit": "^4.5.0",
				"lodash.without": "^4.4.0",
				"lodash.xor": "^4.5.0"
			}
		},
		"tweetnacl": {
			"version": "1.0.3",
			"resolved": "https://registry.npmjs.org/tweetnacl/-/tweetnacl-1.0.3.tgz",
			"integrity": "sha512-6rt+RN7aOi1nGMyC4Xa5DdYiukl2UWCbcJft7YhxReBGQD7OAM8Pbxw6YMo4r2diNEA8FEmu32YOn9rhaiE5yw=="
		},
		"typescript": {
			"version": "3.9.7",
			"resolved": "https://registry.npmjs.org/typescript/-/typescript-3.9.7.tgz",
			"integrity": "sha512-BLbiRkiBzAwsjut4x/dsibSTB6yWpwT5qWmC2OfuCg3GgVQCSgMs4vEctYPhsaGtd0AeuuHMkjZ2h2WG8MSzRw==",
			"dev": true
		},
		"uint8arrays": {
			"version": "1.1.0",
			"resolved": "https://registry.npmjs.org/uint8arrays/-/uint8arrays-1.1.0.tgz",
			"integrity": "sha512-cLdlZ6jnFczsKf5IH1gPHTtcHtPGho5r4CvctohmQjw8K7Q3gFdfIGHxSTdTaCKrL4w09SsPRJTqRS0drYeszA==",
			"requires": {
				"multibase": "^3.0.0",
				"web-encoding": "^1.0.2"
			},
			"dependencies": {
				"multibase": {
					"version": "3.0.0",
					"resolved": "https://registry.npmjs.org/multibase/-/multibase-3.0.0.tgz",
					"integrity": "sha512-fuB+zfRbF5zWV4L+CPM0dgA0gX7DHG/IMyzwhVi2RxbRVWn41Wk7SkKW8cxYDGOg6TVh7XgyoesjOAYrB1HBAA==",
					"requires": {
						"base-x": "^3.0.8",
						"web-encoding": "^1.0.2"
					}
				}
			}
		},
		"ursa-optional": {
			"version": "0.10.1",
			"resolved": "https://registry.npmjs.org/ursa-optional/-/ursa-optional-0.10.1.tgz",
			"integrity": "sha512-/pgpBXVJut57dHNrdGF+1/qXi+5B7JrlmZDWPSyoivEcbwFWRZJBJGkWb6ivknMBA3bnFA7lqsb6iHiFfp79QQ==",
			"requires": {
				"bindings": "^1.5.0",
				"nan": "^2.14.0"
			}
		},
		"util-deprecate": {
			"version": "1.0.2",
			"resolved": "https://registry.npmjs.org/util-deprecate/-/util-deprecate-1.0.2.tgz",
			"integrity": "sha1-RQ1Nyfpw3nMnYvvS1KKJgUGaDM8="
		},
		"varint": {
			"version": "5.0.0",
			"resolved": "https://registry.npmjs.org/varint/-/varint-5.0.0.tgz",
			"integrity": "sha1-2Ca4n3SQcy+rwMDtaT7Uddyynr8="
		},
		"web-encoding": {
			"version": "1.0.3",
			"resolved": "https://registry.npmjs.org/web-encoding/-/web-encoding-1.0.3.tgz",
			"integrity": "sha512-Ajn64qJ0Z3oMwOIwBtxajFPA+4guB12n4EfmY1Mtlgb9296WJxwH1q/ykedmQrBNpjcKCM207S5OM2wpJfl4VA=="
		},
		"wrappy": {
			"version": "1.0.2",
			"resolved": "https://registry.npmjs.org/wrappy/-/wrappy-1.0.2.tgz",
			"integrity": "sha1-tSQ9jz7BqjXxNkYFvA0QNuMKtp8=",
			"dev": true
		},
		"ws": {
			"version": "7.3.1",
			"resolved": "https://registry.npmjs.org/ws/-/ws-7.3.1.tgz",
			"integrity": "sha512-D3RuNkynyHmEJIpD2qrgVkc9DQ23OrN/moAwZX4L8DfvszsJxpjQuUq3LMx6HoYji9fbIOBY18XWBsAux1ZZUA=="
		}
	}
}
