{
	"name": "@textile/threaddb",
	"version": "0.0.6",
	"lockfileVersion": 1,
	"requires": true,
	"dependencies": {
		"@consento/sync-randombytes": {
			"version": "1.0.5",
			"resolved": "https://registry.npmjs.org/@consento/sync-randombytes/-/sync-randombytes-1.0.5.tgz",
			"integrity": "sha512-mPJ2XvrTLQGEdhleDuSIkWtVWnvmhREOC1FjorV1nlK49t/52Z9X1d618gTj6nlQghRLiYvcd8oL4vZ2YZuDIQ==",
			"requires": {
				"buffer": "^5.4.3",
				"seedrandom": "^3.0.5"
			},
			"dependencies": {
				"buffer": {
					"version": "5.7.1",
					"resolved": "https://registry.npmjs.org/buffer/-/buffer-5.7.1.tgz",
					"integrity": "sha512-EHcyIPBQ4BSGlvjB16k5KgAJ27CIsHY/2JBmCRReo48y9rQ3MaUzWX3KVlBa4U7MyX02HdVj0K7C3WaB3ju7FQ==",
					"requires": {
						"base64-js": "^1.3.1",
						"ieee754": "^1.1.13"
					}
				}
			}
		},
		"@improbable-eng/grpc-web": {
			"version": "0.14.0",
			"resolved": "https://registry.npmjs.org/@improbable-eng/grpc-web/-/grpc-web-0.14.0.tgz",
			"integrity": "sha512-ag1PTMWpBZKGi6GrEcZ4lkU5Qag23Xjo10BmnK9qyx4TMmSVcWmQ3rECirfQzm2uogrM9n1M6xfOpFsJP62ivA==",
			"requires": {
				"browser-headers": "^0.4.1"
			}
		},
		"@multiformats/base-x": {
			"version": "4.0.1",
			"resolved": "https://registry.npmjs.org/@multiformats/base-x/-/base-x-4.0.1.tgz",
			"integrity": "sha512-eMk0b9ReBbV23xXU693TAIrLyeO5iTgBZGSJfpqriG8UkYvr/hC9u9pyMlAakDNHWmbhMZCDs6KQO0jzKD8OTw=="
		},
		"@textile/context": {
			"version": "0.11.1",
			"resolved": "https://registry.npmjs.org/@textile/context/-/context-0.11.1.tgz",
			"integrity": "sha512-XP1cBT5OaJVt8LrTCzE/OffnmE4ImwDXiGG7kzU5gCRSx5ftafEwgOOjbQA3HRPl7nWW1YdBsiZf35xSM1KmoQ==",
			"requires": {
				"@improbable-eng/grpc-web": "^0.13.0",
				"@textile/security": "^0.8.1"
			},
			"dependencies": {
				"@improbable-eng/grpc-web": {
					"version": "0.13.0",
					"resolved": "https://registry.npmjs.org/@improbable-eng/grpc-web/-/grpc-web-0.13.0.tgz",
					"integrity": "sha512-vaxxT+Qwb7GPqDQrBV4vAAfH0HywgOLw6xGIKXd9Q8hcV63CQhmS3p4+pZ9/wVvt4Ph3ZDK9fdC983b9aGMUFg==",
					"requires": {
						"browser-headers": "^0.4.0"
					}
				}
			}
		},
		"@textile/crypto": {
			"version": "4.1.1",
			"resolved": "https://registry.npmjs.org/@textile/crypto/-/crypto-4.1.1.tgz",
			"integrity": "sha512-n/SxZyNvAD4FEyfX1HXtyNDcK+stUYur0vgwIoi5NzT6jP6gwhFVzf8NI3TBNIP2rInCAuF3Qks8hWS+LWL/YA==",
			"requires": {
				"@types/ed2curve": "^0.2.2",
				"ed2curve": "^0.3.0",
				"fastestsmallesttextencoderdecoder": "^1.0.22",
				"multibase": "^3.1.0",
				"tweetnacl": "^1.0.3"
			}
		},
		"@textile/grpc-transport": {
			"version": "0.4.0",
			"resolved": "https://registry.npmjs.org/@textile/grpc-transport/-/grpc-transport-0.4.0.tgz",
			"integrity": "sha512-OyHyv963Y0y1qlMkuIp7urWCKbCL0Tjn06ffFo+u82yy6G1YprjTQDE980dUGQMZfK1EF2/OTjqZb04PxHa5zQ==",
			"requires": {
				"@improbable-eng/grpc-web": "^0.13.0",
				"@types/ws": "^7.2.6",
				"isomorphic-ws": "^4.0.1",
				"loglevel": "^1.6.6",
				"ws": "^7.2.1"
			},
			"dependencies": {
				"@improbable-eng/grpc-web": {
					"version": "0.13.0",
					"resolved": "https://registry.npmjs.org/@improbable-eng/grpc-web/-/grpc-web-0.13.0.tgz",
					"integrity": "sha512-vaxxT+Qwb7GPqDQrBV4vAAfH0HywgOLw6xGIKXd9Q8hcV63CQhmS3p4+pZ9/wVvt4Ph3ZDK9fdC983b9aGMUFg==",
					"requires": {
						"browser-headers": "^0.4.0"
					}
				}
			}
		},
		"@textile/multiaddr": {
			"version": "0.5.1",
			"resolved": "https://registry.npmjs.org/@textile/multiaddr/-/multiaddr-0.5.1.tgz",
			"integrity": "sha512-i/lBZ9j+MgxqcjLl+4lbOCbw5dU3Vbn39aGKma8yBILLPbmCAWWUDGzk5+Rbcnk3giuPBM/nNhJLLSeKzK+rhA==",
			"requires": {
				"@textile/threads-id": "^0.5.1",
				"multiaddr": "^8.1.2",
				"varint": "^6.0.0"
			}
		},
		"@textile/security": {
			"version": "0.8.1",
			"resolved": "https://registry.npmjs.org/@textile/security/-/security-0.8.1.tgz",
			"integrity": "sha512-FVoBRP7DAL+lh1+CyUQPE3ceG8HO3LMClTPYuNjW+2BAOR+KiKf5vFbeSpe29l6p+A9LF5/r2KWz7bN5cqCs8w==",
			"requires": {
				"@consento/sync-randombytes": "^1.0.5",
				"fast-sha256": "^1.3.0",
				"fastestsmallesttextencoderdecoder": "^1.0.22",
				"multibase": "^3.1.0"
			}
		},
		"@textile/threads-client": {
			"version": "2.1.2",
			"resolved": "https://registry.npmjs.org/@textile/threads-client/-/threads-client-2.1.2.tgz",
			"integrity": "sha512-N4ItF3hxKmdC3oA1dAENw9uA7Q89q86/foYiNaXLPq5KJ1B3IYP3GdXjxe56wkT6dRRniCIREkRnqDdwVpRtQA==",
			"requires": {
				"@improbable-eng/grpc-web": "^0.13.0",
				"@textile/context": "^0.11.1",
				"@textile/crypto": "^4.1.1",
				"@textile/grpc-transport": "^0.4.0",
				"@textile/multiaddr": "^0.5.1",
				"@textile/security": "^0.8.1",
				"@textile/threads-client-grpc": "^1.0.2",
				"@textile/threads-id": "^0.5.1",
				"@types/to-json-schema": "^0.2.0",
				"fastestsmallesttextencoderdecoder": "^1.0.22",
				"to-json-schema": "^0.2.5"
			},
			"dependencies": {
				"@improbable-eng/grpc-web": {
					"version": "0.13.0",
					"resolved": "https://registry.npmjs.org/@improbable-eng/grpc-web/-/grpc-web-0.13.0.tgz",
					"integrity": "sha512-vaxxT+Qwb7GPqDQrBV4vAAfH0HywgOLw6xGIKXd9Q8hcV63CQhmS3p4+pZ9/wVvt4Ph3ZDK9fdC983b9aGMUFg==",
					"requires": {
						"browser-headers": "^0.4.0"
					}
				}
			}
		},
		"@textile/threads-client-grpc": {
			"version": "1.0.2",
			"resolved": "https://registry.npmjs.org/@textile/threads-client-grpc/-/threads-client-grpc-1.0.2.tgz",
			"integrity": "sha512-yrgdUb3VLGW18HKmbzAU8L7NElhnPYKWG9cHZG6EnV3ITS9zOiDydfVSNSkojEDfoFSel5x3eAUiOQbXUrkKng==",
			"requires": {
				"@improbable-eng/grpc-web": "^0.13.0",
				"@types/google-protobuf": "^3.7.3",
				"google-protobuf": "^3.13.0"
			},
			"dependencies": {
				"@improbable-eng/grpc-web": {
					"version": "0.13.0",
					"resolved": "https://registry.npmjs.org/@improbable-eng/grpc-web/-/grpc-web-0.13.0.tgz",
					"integrity": "sha512-vaxxT+Qwb7GPqDQrBV4vAAfH0HywgOLw6xGIKXd9Q8hcV63CQhmS3p4+pZ9/wVvt4Ph3ZDK9fdC983b9aGMUFg==",
					"requires": {
						"browser-headers": "^0.4.0"
					}
				}
			}
		},
		"@textile/threads-id": {
			"version": "0.5.1",
			"resolved": "https://registry.npmjs.org/@textile/threads-id/-/threads-id-0.5.1.tgz",
			"integrity": "sha512-Nyvp24RsHarLBT3JxEI5akshcKKXA4Yx851bAooReE5G/40cijMuxTeVK4hDM0HdTex4PZRYozpPRXIDFDA96Q==",
			"requires": {
				"@consento/sync-randombytes": "^1.0.4",
				"multibase": "^3.1.0",
				"varint": "^6.0.0"
			}
		},
		"@types/ed2curve": {
			"version": "0.2.2",
			"resolved": "https://registry.npmjs.org/@types/ed2curve/-/ed2curve-0.2.2.tgz",
			"integrity": "sha512-G1sTX5xo91ydevQPINbL2nfgVAj/s1ZiqZxC8OCWduwu+edoNGUm5JXtTkg9F3LsBZbRI46/0HES4CPUE2wc9g==",
			"requires": {
				"tweetnacl": "^1.0.0"
			}
		},
		"@types/google-protobuf": {
			"version": "3.7.4",
			"resolved": "https://registry.npmjs.org/@types/google-protobuf/-/google-protobuf-3.7.4.tgz",
			"integrity": "sha512-6PjMFKl13cgB4kRdYtvyjKl8VVa0PXS2IdVxHhQ8GEKbxBkyJtSbaIeK1eZGjDKN7dvUh4vkOvU9FMwYNv4GQQ=="
		},
		"@types/json-schema": {
			"version": "7.0.7",
			"resolved": "https://registry.npmjs.org/@types/json-schema/-/json-schema-7.0.7.tgz",
			"integrity": "sha512-cxWFQVseBm6O9Gbw1IWb8r6OS4OhSt3hPZLkFApLjM8TEXROBuQGLAH2i2gZpcXdLBIrpXuTDhH7Vbm1iXmNGA=="
		},
		"@types/node": {
			"version": "14.14.28",
			"resolved": "https://registry.npmjs.org/@types/node/-/node-14.14.28.tgz",
			"integrity": "sha512-lg55ArB+ZiHHbBBttLpzD07akz0QPrZgUODNakeC09i62dnrywr9mFErHuaPlB6I7z+sEbK+IYmplahvplCj2g=="
		},
		"@types/to-json-schema": {
			"version": "0.2.0",
			"resolved": "https://registry.npmjs.org/@types/to-json-schema/-/to-json-schema-0.2.0.tgz",
			"integrity": "sha512-9fqRjNFSSxJ8dQrE4v8gThS5ftxdFj8Q0y8hAjaF+uN+saJRxLiJdtFaDd9sv3bhzwcB2oDJpT/1ZelHnexbLw==",
			"requires": {
				"@types/json-schema": "*"
			}
		},
		"@types/ws": {
			"version": "7.4.0",
			"resolved": "https://registry.npmjs.org/@types/ws/-/ws-7.4.0.tgz",
			"integrity": "sha512-Y29uQ3Uy+58bZrFLhX36hcI3Np37nqWE7ky5tjiDoy1GDZnIwVxS0CgF+s+1bXMzjKBFy+fqaRfb708iNzdinw==",
			"requires": {
				"@types/node": "*"
			}
		},
		"abbrev": {
			"version": "1.1.1",
			"resolved": "https://registry.npmjs.org/abbrev/-/abbrev-1.1.1.tgz",
			"integrity": "sha512-nne9/IiQ/hzIhY6pdDnbBtz7DjPTKrY00P/zvPSm5pOFkl6xuGrGnXn/VtTNNfNtAfZ9/1RtehkszU9qcTii0Q=="
		},
		"ajv": {
			"version": "7.1.1",
			"resolved": "https://registry.npmjs.org/ajv/-/ajv-7.1.1.tgz",
			"integrity": "sha512-ga/aqDYnUy/o7vbsRTFhhTsNeXiYb5JWDIcRIeZfwRNCefwjNTVYCGdGSUrEmiu3yDK3vFvNbgJxvrQW4JXrYQ==",
			"requires": {
				"fast-deep-equal": "^3.1.1",
				"json-schema-traverse": "^1.0.0",
				"require-from-string": "^2.0.2",
				"uri-js": "^4.2.2"
			}
		},
		"ansi-regex": {
			"version": "2.1.1",
			"resolved": "https://registry.npmjs.org/ansi-regex/-/ansi-regex-2.1.1.tgz",
			"integrity": "sha1-w7M6te42DYbg5ijwRorn7yfWVN8="
		},
		"aproba": {
			"version": "1.2.0",
			"resolved": "https://registry.npmjs.org/aproba/-/aproba-1.2.0.tgz",
			"integrity": "sha512-Y9J6ZjXtoYh8RnXVCMOU/ttDmk1aBjunq9vO0ta5x85WDQiQfUF9sIPBITdbiiIVcBo03Hi3jMxigBtsddlXRw=="
		},
		"are-we-there-yet": {
			"version": "1.1.5",
			"resolved": "https://registry.npmjs.org/are-we-there-yet/-/are-we-there-yet-1.1.5.tgz",
			"integrity": "sha512-5hYdAkZlcG8tOLujVDTgCT+uPX0VnpAH28gWsLfzpXYm7wP6mp5Q/gYyR7YQ0cKVJcXJnl3j2kpBan13PtQf6w==",
			"requires": {
				"delegates": "^1.0.0",
				"readable-stream": "^2.0.6"
			}
		},
		"argsarray": {
			"version": "0.0.1",
			"resolved": "https://registry.npmjs.org/argsarray/-/argsarray-0.0.1.tgz",
			"integrity": "sha1-bnIHtOzbObCviDA/pa4ivajfYcs="
		},
		"array-concat": {
			"version": "0.1.1",
			"resolved": "https://registry.npmjs.org/array-concat/-/array-concat-0.1.1.tgz",
			"integrity": "sha1-Ux8SlN8CN7LmNHweRLNvw6qfSRc=",
			"requires": {
				"curry2": "^0.1.0"
			}
		},
		"balanced-match": {
			"version": "1.0.0",
			"resolved": "https://registry.npmjs.org/balanced-match/-/balanced-match-1.0.0.tgz",
			"integrity": "sha1-ibTRmasr7kneFk6gK4nORi1xt2c="
		},
		"base64-arraybuffer-es6": {
			"version": "0.6.0",
			"resolved": "https://registry.npmjs.org/base64-arraybuffer-es6/-/base64-arraybuffer-es6-0.6.0.tgz",
			"integrity": "sha512-57nLqKj4ShsDwFJWJsM4sZx6u60WbCge35rWRSevUwqxDtRwwxiKAO800zD2upPv4CfdWjQp//wSLar35nDKvA=="
		},
		"base64-js": {
			"version": "1.5.1",
			"resolved": "https://registry.npmjs.org/base64-js/-/base64-js-1.5.1.tgz",
			"integrity": "sha512-AKpaYlHn8t4SVbOHCy+b5+KKgvR4vrsD8vbvrbiQJps7fKDTkjkDry6ji0rUJjC0kzbNePLwzxq8iypo41qeWA=="
		},
		"brace-expansion": {
			"version": "1.1.11",
			"resolved": "https://registry.npmjs.org/brace-expansion/-/brace-expansion-1.1.11.tgz",
			"integrity": "sha512-iCuPHDFgrHX7H2vEI/5xpz07zSHB00TpugqhmYtVmMO6518mCuRMoOYFldEBl0g187ufozdaHgWKcYFb61qGiA==",
			"requires": {
				"balanced-match": "^1.0.0",
				"concat-map": "0.0.1"
			}
		},
		"browser-headers": {
			"version": "0.4.1",
			"resolved": "https://registry.npmjs.org/browser-headers/-/browser-headers-0.4.1.tgz",
			"integrity": "sha512-CA9hsySZVo9371qEHjHZtYxV2cFtVj5Wj/ZHi8ooEsrtm4vOnl9Y9HmyYWk9q+05d7K3rdoAE0j3MVEFVvtQtg=="
		},
		"buffer": {
			"version": "6.0.3",
			"resolved": "https://registry.npmjs.org/buffer/-/buffer-6.0.3.tgz",
			"integrity": "sha512-FTiCpNxtwiZZHEZbcbTIcZjERVICn9yq/pDFkTl95/AxzD1naBctN7YO68riM/gLSDY7sdrMby8hofADYuuqOA==",
			"requires": {
				"base64-js": "^1.3.1",
				"ieee754": "^1.2.1"
			}
		},
		"chownr": {
			"version": "1.1.4",
			"resolved": "https://registry.npmjs.org/chownr/-/chownr-1.1.4.tgz",
			"integrity": "sha512-jJ0bqzaylmJtVnNgzTeSOs8DPavpbYgEr/b0YL8/2GO3xJEhInFmhKMUnEJQjZumK7KXGFhUy89PrsJWlakBVg=="
		},
		"cids": {
			"version": "1.1.5",
			"resolved": "https://registry.npmjs.org/cids/-/cids-1.1.5.tgz",
			"integrity": "sha512-i0V7tF2Jf78BKXyy2rpy1H/ozaJEP8b3Z7ZcHe9J86RRvJZ4e7daaJP3xwL09e14/Bl/mYX5WVc36fbQtjH7Sg==",
			"requires": {
				"multibase": "^3.0.1",
				"multicodec": "^2.1.0",
				"multihashes": "^3.1.0",
				"uint8arrays": "^2.0.5"
			},
			"dependencies": {
				"uint8arrays": {
					"version": "2.1.2",
					"resolved": "https://registry.npmjs.org/uint8arrays/-/uint8arrays-2.1.2.tgz",
					"integrity": "sha512-/VcLZbPMs/dk23u22IZlPWycfBxntpwrvISHQs93/OdRlUTnQw9Uzmzaoq7DgJAZl1SlP/kw+NhbjFAEED42rQ==",
					"requires": {
						"multibase": "^3.0.0",
						"web-encoding": "^1.0.5"
					}
				}
			}
		},
		"class-is": {
			"version": "1.1.0",
			"resolved": "https://registry.npmjs.org/class-is/-/class-is-1.1.0.tgz",
			"integrity": "sha512-rhjH9AG1fvabIDoGRVH587413LPjTZgmDF9fOFCbFJQV4yuocX1mHxxvXI4g3cGwbVY9wAYIoKlg1N79frJKQw=="
		},
		"code-point-at": {
			"version": "1.1.0",
			"resolved": "https://registry.npmjs.org/code-point-at/-/code-point-at-1.1.0.tgz",
			"integrity": "sha1-DQcLTQQ6W+ozovGkDi7bPZpMz3c="
		},
		"concat-map": {
			"version": "0.0.1",
			"resolved": "https://registry.npmjs.org/concat-map/-/concat-map-0.0.1.tgz",
			"integrity": "sha1-2Klr13/Wjfd5OnMDajug1UBdR3s="
		},
		"console-control-strings": {
			"version": "1.1.0",
			"resolved": "https://registry.npmjs.org/console-control-strings/-/console-control-strings-1.1.0.tgz",
			"integrity": "sha1-PXz0Rk22RG6mRL9LOVB/mFEAjo4="
		},
		"core-util-is": {
			"version": "1.0.2",
			"resolved": "https://registry.npmjs.org/core-util-is/-/core-util-is-1.0.2.tgz",
			"integrity": "sha1-tf1UIgqivFq1eqtxQMlAdUUDwac="
		},
		"curry2": {
			"version": "0.1.0",
			"resolved": "https://registry.npmjs.org/curry2/-/curry2-0.1.0.tgz",
			"integrity": "sha1-zJg37JFIpurqR/bO3yVNEDAxojM="
		},
		"debug": {
			"version": "3.2.7",
			"resolved": "https://registry.npmjs.org/debug/-/debug-3.2.7.tgz",
			"integrity": "sha512-CFjzYYAi4ThfiQvizrFQevTTXHtnCqWfe7x1AhgEscTz6ZbLbfoLRLPugTQyBth6f8ZERVUSyWHFD/7Wu4t1XQ==",
			"requires": {
				"ms": "^2.1.1"
			}
		},
		"deep-extend": {
			"version": "0.6.0",
			"resolved": "https://registry.npmjs.org/deep-extend/-/deep-extend-0.6.0.tgz",
			"integrity": "sha512-LOHxIOaPYdHlJRtCQfDIVZtfw/ufM8+rVj649RIHzcm/vGwQRXFt6OPqIFWsm2XEMrNIEtWR64sY1LEKD2vAOA=="
		},
		"define-properties": {
			"version": "1.1.3",
			"resolved": "https://registry.npmjs.org/define-properties/-/define-properties-1.1.3.tgz",
			"integrity": "sha512-3MqfYKj2lLzdMSf8ZIZE/V+Zuy+BgD6f164e8K2w7dgnpKArBDerGYpM46IYYcjnkdPNMjPk9A6VFB8+3SKlXQ==",
			"requires": {
				"object-keys": "^1.0.12"
			}
		},
		"delegates": {
			"version": "1.0.0",
			"resolved": "https://registry.npmjs.org/delegates/-/delegates-1.0.0.tgz",
			"integrity": "sha1-hMbhWbgZBP3KWaDvRM2HDTElD5o="
		},
		"detect-libc": {
			"version": "1.0.3",
			"resolved": "https://registry.npmjs.org/detect-libc/-/detect-libc-1.0.3.tgz",
			"integrity": "sha1-+hN8S9aY7fVc1c0CrFWfkaTEups="
		},
		"dexie": {
			"version": "3.0.2",
			"resolved": "https://registry.npmjs.org/dexie/-/dexie-3.0.2.tgz",
			"integrity": "sha512-go4FnIoAhcUiCdxutfIZRxnSaSyDgfEq+GH7N0I8nTCJbC2FmeBj+0FrETa3ln5ix+VQMOPsFeYHlgE/8SZWwQ=="
		},
		"dexie-mongoify": {
			"version": "1.3.0",
			"resolved": "https://registry.npmjs.org/dexie-mongoify/-/dexie-mongoify-1.3.0.tgz",
			"integrity": "sha512-LEmeiYk3SJ2IUqb4yiY5ZYQ63WeRSbICoFO9bYwwhBsa9p//MnfLEyPk3Cj0tG4al/eOWhXt+lMg0z2KpRRsOQ==",
			"requires": {
				"array-concat": "^0.1.1",
				"object-assign": "^4.1.0",
				"only": "^0.0.2"
			}
		},
		"dns-over-http-resolver": {
			"version": "1.2.1",
			"resolved": "https://registry.npmjs.org/dns-over-http-resolver/-/dns-over-http-resolver-1.2.1.tgz",
			"integrity": "sha512-bYGLGLraOc1tllkC0Xaw+zBiQBnPyooNDpaXNYZprLn0bI6zLmX73QfR+jODz6rZ9oAUn1pw5OWxlEsSoho5TQ==",
			"requires": {
				"debug": "^4.2.0",
				"native-fetch": "^2.0.1",
				"receptacle": "^1.3.2"
			},
			"dependencies": {
				"debug": {
					"version": "4.3.1",
					"resolved": "https://registry.npmjs.org/debug/-/debug-4.3.1.tgz",
					"integrity": "sha512-doEwdvm4PCeK4K3RQN2ZC2BYUBaxwLARCqZmMjtF8a51J2Rb0xpVloFRnCODwqjpwnAoao4pelN8l3RJdv3gRQ==",
					"requires": {
						"ms": "2.1.2"
					}
				},
				"ms": {
					"version": "2.1.2",
					"resolved": "https://registry.npmjs.org/ms/-/ms-2.1.2.tgz",
					"integrity": "sha512-sGkPx+VjMtmA6MX27oA4FBFELFCZZ4S4XqeGOXCv68tT+jb3vk/RyaKWP0PTKyWtmLSM0b+adUTEvbs1PEaH2w=="
				}
			}
		},
		"ed2curve": {
			"version": "0.3.0",
			"resolved": "https://registry.npmjs.org/ed2curve/-/ed2curve-0.3.0.tgz",
			"integrity": "sha512-8w2fmmq3hv9rCrcI7g9hms2pMunQr1JINfcjwR9tAyZqhtyaMN991lF/ZfHfr5tzZQ8c7y7aBgZbjfbd0fjFwQ==",
			"requires": {
				"tweetnacl": "1.x.x"
			}
		},
		"err-code": {
			"version": "2.0.3",
			"resolved": "https://registry.npmjs.org/err-code/-/err-code-2.0.3.tgz",
			"integrity": "sha512-2bmlRpNKBxT/CRmPOlyISQpNj+qSeYvcym/uT0Jx2bMOlKLtSy1ZmLuVxSEKKyor/N5yhvp/ZiG1oE3DEYMSFA=="
		},
		"eventtargeter": {
			"version": "0.8.0",
			"resolved": "https://registry.npmjs.org/eventtargeter/-/eventtargeter-0.8.0.tgz",
			"integrity": "sha512-ldFAonAo7vyXeBDcTTOoxTtdibw1JvADllLkldxxdqb4+8LPoibU+e9XGQkD98l5wavImIab1jNwuzMtnR2MAg=="
		},
		"fast-deep-equal": {
			"version": "3.1.3",
			"resolved": "https://registry.npmjs.org/fast-deep-equal/-/fast-deep-equal-3.1.3.tgz",
			"integrity": "sha512-f3qQ9oQy9j2AhBe/H9VC91wLmKBCCU/gDOnKNAYG5hswO7BLKj09Hc5HYNz9cGI++xlpDCIgDaitVs03ATR84Q=="
		},
		"fast-json-patch": {
			"version": "3.0.0-1",
			"resolved": "https://registry.npmjs.org/fast-json-patch/-/fast-json-patch-3.0.0-1.tgz",
			"integrity": "sha512-6pdFb07cknxvPzCeLsFHStEy+MysPJPgZQ9LbQ/2O67unQF93SNqfdSqnPPl71YMHX+AD8gbl7iuoGFzHEdDuw=="
		},
		"fast-sha256": {
			"version": "1.3.0",
			"resolved": "https://registry.npmjs.org/fast-sha256/-/fast-sha256-1.3.0.tgz",
			"integrity": "sha512-n11RGP/lrWEFI/bWdygLxhI+pVeo1ZYIVwvvPkW7azl/rOy+F3HYRZ2K5zeE9mmkhQppyv9sQFx0JM9UabnpPQ=="
		},
		"fastestsmallesttextencoderdecoder": {
			"version": "1.0.22",
			"resolved": "https://registry.npmjs.org/fastestsmallesttextencoderdecoder/-/fastestsmallesttextencoderdecoder-1.0.22.tgz",
			"integrity": "sha512-Pb8d48e+oIuY4MaM64Cd7OW1gt4nxCHs7/ddPPZ/Ic3sg8yVGM7O9wDvZ7us6ScaUupzM+pfBolwtYhN1IxBIw=="
		},
		"fs-minipass": {
			"version": "1.2.7",
			"resolved": "https://registry.npmjs.org/fs-minipass/-/fs-minipass-1.2.7.tgz",
			"integrity": "sha512-GWSSJGFy4e9GUeCcbIkED+bgAoFyj7XF1mV8rma3QW4NIqX9Kyx79N/PF61H5udOV3aY1IaMLs6pGbH71nlCTA==",
			"requires": {
				"minipass": "^2.6.0"
			}
		},
		"fs.realpath": {
			"version": "1.0.0",
			"resolved": "https://registry.npmjs.org/fs.realpath/-/fs.realpath-1.0.0.tgz",
			"integrity": "sha1-FQStJSMVjKpA20onh8sBQRmU6k8="
		},
		"gauge": {
			"version": "2.7.4",
			"resolved": "https://registry.npmjs.org/gauge/-/gauge-2.7.4.tgz",
			"integrity": "sha1-LANAXHU4w51+s3sxcCLjJfsBi/c=",
			"requires": {
				"aproba": "^1.0.3",
				"console-control-strings": "^1.0.0",
				"has-unicode": "^2.0.0",
				"object-assign": "^4.1.0",
				"signal-exit": "^3.0.0",
				"string-width": "^1.0.1",
				"strip-ansi": "^3.0.1",
				"wide-align": "^1.1.0"
			}
		},
		"glob": {
			"version": "7.1.6",
			"resolved": "https://registry.npmjs.org/glob/-/glob-7.1.6.tgz",
			"integrity": "sha512-LwaxwyZ72Lk7vZINtNNrywX0ZuLyStrdDtabefZKAY5ZGJhVtgdznluResxNmPitE0SAO+O26sWTHeKSI2wMBA==",
			"requires": {
				"fs.realpath": "^1.0.0",
				"inflight": "^1.0.4",
				"inherits": "2",
				"minimatch": "^3.0.4",
				"once": "^1.3.0",
				"path-is-absolute": "^1.0.0"
			}
		},
		"globalthis": {
			"version": "1.0.1",
			"resolved": "https://registry.npmjs.org/globalthis/-/globalthis-1.0.1.tgz",
			"integrity": "sha512-mJPRTc/P39NH/iNG4mXa9aIhNymaQikTrnspeCa2ZuJ+mH2QN/rXwtX3XwKrHqWgUQFbNZKtHM105aHzJalElw==",
			"requires": {
				"define-properties": "^1.1.3"
			}
		},
		"google-protobuf": {
			"version": "3.14.0",
			"resolved": "https://registry.npmjs.org/google-protobuf/-/google-protobuf-3.14.0.tgz",
			"integrity": "sha512-bwa8dBuMpOxg7COyqkW6muQuvNnWgVN8TX/epDRGW5m0jcrmq2QJyCyiV8ZE2/6LaIIqJtiv9bYokFhfpy/o6w=="
		},
		"has-unicode": {
			"version": "2.0.1",
			"resolved": "https://registry.npmjs.org/has-unicode/-/has-unicode-2.0.1.tgz",
			"integrity": "sha1-4Ob+aijPUROIVeCG0Wkedx3iqLk="
		},
		"iconv-lite": {
			"version": "0.4.24",
			"resolved": "https://registry.npmjs.org/iconv-lite/-/iconv-lite-0.4.24.tgz",
			"integrity": "sha512-v3MXnZAcvnywkTUEZomIActle7RXXeedOR31wwl7VlyoXO4Qi9arvSenNQWne1TcRwhCL1HwLI21bEqdpj8/rA==",
			"requires": {
				"safer-buffer": ">= 2.1.2 < 3"
			}
		},
		"ieee754": {
			"version": "1.2.1",
			"resolved": "https://registry.npmjs.org/ieee754/-/ieee754-1.2.1.tgz",
			"integrity": "sha512-dcyqhDvX1C46lXZcVqCpK+FtMRQVdIMN6/Df5js2zouUsqG7I6sFxitIC+7KYK29KdXOLHdu9zL4sFnoVQnqaA=="
		},
		"ignore-walk": {
			"version": "3.0.3",
			"resolved": "https://registry.npmjs.org/ignore-walk/-/ignore-walk-3.0.3.tgz",
			"integrity": "sha512-m7o6xuOaT1aqheYHKf8W6J5pYH85ZI9w077erOzLje3JsB1gkafkAhHHY19dqjulgIZHFm32Cp5uNZgcQqdJKw==",
			"requires": {
				"minimatch": "^3.0.4"
			}
		},
		"immediate": {
			"version": "3.3.0",
			"resolved": "https://registry.npmjs.org/immediate/-/immediate-3.3.0.tgz",
			"integrity": "sha512-HR7EVodfFUdQCTIeySw+WDRFJlPcLOJbXfwwZ7Oom6tjsvZ3bOkCDJHehQC3nxJrv7+f9XecwazynjU8e4Vw3Q=="
		},
		"indexeddbshim": {
			"version": "7.0.0",
			"resolved": "https://registry.npmjs.org/indexeddbshim/-/indexeddbshim-7.0.0.tgz",
			"integrity": "sha512-2/jdyXICFoWaoQgBMQflJSVxjWVKbNeISRhA8NRRiJtQBsjjwvT+YAOaZTixs30URK6Ty6ruWNcN2sjviuGqUw==",
			"requires": {
				"eventtargeter": "0.8.0",
				"regenerator-runtime": "^0.13.7",
				"sync-promise": "git+https://github.com/brettz9/sync-promise.git#full-sync-missing-promise-features",
				"typeson": "5.18.2",
				"typeson-registry": "1.0.0-alpha.38",
				"websql": "git+https://github.com/brettz9/node-websql.git#configurable-secure2"
			}
		},
		"inflight": {
			"version": "1.0.6",
			"resolved": "https://registry.npmjs.org/inflight/-/inflight-1.0.6.tgz",
			"integrity": "sha1-Sb1jMdfQLQwJvJEKEHW6gWW1bfk=",
			"requires": {
				"once": "^1.3.0",
				"wrappy": "1"
			}
		},
		"inherits": {
			"version": "2.0.4",
			"resolved": "https://registry.npmjs.org/inherits/-/inherits-2.0.4.tgz",
			"integrity": "sha512-k/vGaX4/Yla3WzyMCvTQOXYeIHvqOKtnqBduzTHpzpQZzAskKMhZ2K+EnBiSM9zGSoIFeMpXKxa4dYeZIQqewQ=="
		},
		"ini": {
			"version": "1.3.8",
			"resolved": "https://registry.npmjs.org/ini/-/ini-1.3.8.tgz",
			"integrity": "sha512-JV/yugV2uzW5iMRSiZAyDtQd+nxtUnjeLt0acNdw98kKLrvuRVyB80tsREOE7yvGVgalhZ6RNXCmEHkUKBKxew=="
		},
		"ip-regex": {
			"version": "4.3.0",
			"resolved": "https://registry.npmjs.org/ip-regex/-/ip-regex-4.3.0.tgz",
			"integrity": "sha512-B9ZWJxHHOHUhUjCPrMpLD4xEq35bUTClHM1S6CBU5ixQnkZmwipwgc96vAd7AAGM9TGHvJR+Uss+/Ak6UphK+Q=="
		},
		"is-fullwidth-code-point": {
			"version": "1.0.0",
			"resolved": "https://registry.npmjs.org/is-fullwidth-code-point/-/is-fullwidth-code-point-1.0.0.tgz",
			"integrity": "sha1-754xOG8DGn8NZDr4L95QxFfvAMs=",
			"requires": {
				"number-is-nan": "^1.0.0"
			}
		},
		"is-ip": {
			"version": "3.1.0",
			"resolved": "https://registry.npmjs.org/is-ip/-/is-ip-3.1.0.tgz",
			"integrity": "sha512-35vd5necO7IitFPjd/YBeqwWnyDWbuLH9ZXQdMfDA8TEo7pv5X8yfrvVO3xbJbLUlERCMvf6X0hTUamQxCYJ9Q==",
			"requires": {
				"ip-regex": "^4.0.0"
			}
		},
		"isarray": {
			"version": "1.0.0",
			"resolved": "https://registry.npmjs.org/isarray/-/isarray-1.0.0.tgz",
			"integrity": "sha1-u5NdSFgsuhaMBoNJV6VKPgcSTxE="
		},
		"isomorphic-ws": {
			"version": "4.0.1",
			"resolved": "https://registry.npmjs.org/isomorphic-ws/-/isomorphic-ws-4.0.1.tgz",
			"integrity": "sha512-BhBvN2MBpWTaSHdWRb/bwdZJ1WaehQ2L1KngkCkfLUGF0mAWAT1sQUQacEmQ0jXkFw/czDXPNQSL5u2/Krsz1w=="
		},
		"json-schema": {
			"version": "0.3.0",
			"resolved": "https://registry.npmjs.org/json-schema/-/json-schema-0.3.0.tgz",
			"integrity": "sha512-TYfxx36xfl52Rf1LU9HyWSLGPdYLL+SQ8/E/0yVyKG8wCCDaSrhPap0vEdlsZWRaS6tnKKLPGiEJGiREVC8kxQ=="
		},
		"json-schema-traverse": {
			"version": "1.0.0",
			"resolved": "https://registry.npmjs.org/json-schema-traverse/-/json-schema-traverse-1.0.0.tgz",
			"integrity": "sha512-NM8/P9n3XjXhIZn1lLhkFaACTOURQXjWhV4BA/RnOv8xvgqtqpAX9IO4mRQxSx1Rlo4tqzeqb0sOlruaOy3dug=="
		},
		"lodash.isequal": {
			"version": "4.5.0",
			"resolved": "https://registry.npmjs.org/lodash.isequal/-/lodash.isequal-4.5.0.tgz",
			"integrity": "sha1-QVxEePK8wwEgwizhDtMib30+GOA="
		},
		"lodash.keys": {
			"version": "4.2.0",
			"resolved": "https://registry.npmjs.org/lodash.keys/-/lodash.keys-4.2.0.tgz",
			"integrity": "sha1-oIYCrBLk+4P5H8H7ejYKTZujUgU="
		},
		"lodash.merge": {
			"version": "4.6.2",
			"resolved": "https://registry.npmjs.org/lodash.merge/-/lodash.merge-4.6.2.tgz",
			"integrity": "sha512-0KpjqXRVvrYyCsX1swR/XTK0va6VQkQM6MNo7PqW77ByjAhoARA8EfrP1N4+KlKj8YS0ZUCtRT/YUuhyYDujIQ=="
		},
		"lodash.omit": {
			"version": "4.5.0",
			"resolved": "https://registry.npmjs.org/lodash.omit/-/lodash.omit-4.5.0.tgz",
			"integrity": "sha1-brGa5aHuHdnfC5aeZs4Lf6MLXmA="
		},
		"lodash.sortby": {
			"version": "4.7.0",
			"resolved": "https://registry.npmjs.org/lodash.sortby/-/lodash.sortby-4.7.0.tgz",
			"integrity": "sha1-7dFMgk4sycHgsKG0K7UhBRakJDg="
		},
		"lodash.without": {
			"version": "4.4.0",
			"resolved": "https://registry.npmjs.org/lodash.without/-/lodash.without-4.4.0.tgz",
			"integrity": "sha1-PNRXSgC2e643OpS3SHcmQFB7eqw="
		},
		"lodash.xor": {
			"version": "4.5.0",
			"resolved": "https://registry.npmjs.org/lodash.xor/-/lodash.xor-4.5.0.tgz",
			"integrity": "sha1-TUjtfpgJWwYyWCunFNP/iuj7HbY="
		},
		"loglevel": {
			"version": "1.7.1",
			"resolved": "https://registry.npmjs.org/loglevel/-/loglevel-1.7.1.tgz",
			"integrity": "sha512-Hesni4s5UkWkwCGJMQGAh71PaLUmKFM60dHvq0zi/vDhhrzuk+4GgNbTXJ12YYQJn6ZKBDNIjYcuQGKudvqrIw=="
		},
		"minimatch": {
			"version": "3.0.4",
			"resolved": "https://registry.npmjs.org/minimatch/-/minimatch-3.0.4.tgz",
			"integrity": "sha512-yJHVQEhyqPLUTgt9B83PXu6W3rx4MvvHvSUvToogpwoGDOUQ+yDrR0HRot+yOCdCO7u4hX3pWft6kWBBcqh0UA==",
			"requires": {
				"brace-expansion": "^1.1.7"
			}
		},
		"minimist": {
			"version": "1.2.5",
			"resolved": "https://registry.npmjs.org/minimist/-/minimist-1.2.5.tgz",
			"integrity": "sha512-FM9nNUYrRBAELZQT3xeZQ7fmMOBg6nWNmJKTcgsJeaLstP/UODVpGsr5OhXhhXg6f+qtJ8uiZ+PUxkDWcgIXLw=="
		},
		"minipass": {
			"version": "2.9.0",
			"resolved": "https://registry.npmjs.org/minipass/-/minipass-2.9.0.tgz",
			"integrity": "sha512-wxfUjg9WebH+CUDX/CdbRlh5SmfZiy/hpkxaRI16Y9W56Pa75sWgd/rvFilSgrauD9NyFymP/+JFV3KwzIsJeg==",
			"requires": {
				"safe-buffer": "^5.1.2",
				"yallist": "^3.0.0"
			}
		},
		"minizlib": {
			"version": "1.3.3",
			"resolved": "https://registry.npmjs.org/minizlib/-/minizlib-1.3.3.tgz",
			"integrity": "sha512-6ZYMOEnmVsdCeTJVE0W9ZD+pVnE8h9Hma/iOwwRDsdQoePpoX56/8B6z3P9VNwppJuBKNRuFDRNRqRWexT9G9Q==",
			"requires": {
				"minipass": "^2.9.0"
			}
		},
		"mkdirp": {
			"version": "0.5.5",
			"resolved": "https://registry.npmjs.org/mkdirp/-/mkdirp-0.5.5.tgz",
			"integrity": "sha512-NKmAlESf6jMGym1++R0Ra7wvhV+wFW63FaSOFPwRahvea0gMUcGUhVeAg/0BC0wiv9ih5NYPB1Wn1UEI1/L+xQ==",
			"requires": {
				"minimist": "^1.2.5"
			}
		},
		"ms": {
			"version": "2.1.3",
			"resolved": "https://registry.npmjs.org/ms/-/ms-2.1.3.tgz",
			"integrity": "sha512-6FlzubTLZG3J2a/NVCAleEhjzq5oxgHyaCU9yYXvcLsvoVaHJq/s5xXI6/XXP6tz7R9xAOtHnSO/tXtF3WRTlA=="
		},
		"multiaddr": {
			"version": "8.1.2",
			"resolved": "https://registry.npmjs.org/multiaddr/-/multiaddr-8.1.2.tgz",
			"integrity": "sha512-r13IzW8+Sv9zab9Gt8RPMIN2WkptIPq99EpAzg4IbJ/zTELhiEwXWr9bAmEatSCI4j/LSA6ESJzvz95JZ+ZYXQ==",
			"requires": {
				"cids": "^1.0.0",
				"class-is": "^1.1.0",
				"dns-over-http-resolver": "^1.0.0",
				"err-code": "^2.0.3",
				"is-ip": "^3.1.0",
				"multibase": "^3.0.0",
				"uint8arrays": "^1.1.0",
				"varint": "^5.0.0"
			},
			"dependencies": {
				"varint": {
					"version": "5.0.2",
					"resolved": "https://registry.npmjs.org/varint/-/varint-5.0.2.tgz",
					"integrity": "sha512-lKxKYG6H03yCZUpAGOPOsMcGxd1RHCu1iKvEHYDPmTyq2HueGhD73ssNBqqQWfvYs04G9iUFRvmAVLW20Jw6ow=="
				}
			}
		},
		"multibase": {
			"version": "3.1.1",
			"resolved": "https://registry.npmjs.org/multibase/-/multibase-3.1.1.tgz",
			"integrity": "sha512-kkSd8jWGznDNEC2eDwtnvSGlZeTeEt0+oHieNWUhv8rIi8JU3voIUo02HpJBNOtgmtxT2CPwkElub7Y9kz3nrw==",
			"requires": {
				"@multiformats/base-x": "^4.0.1",
				"web-encoding": "^1.0.6"
			}
		},
		"multicodec": {
			"version": "2.1.0",
			"resolved": "https://registry.npmjs.org/multicodec/-/multicodec-2.1.0.tgz",
			"integrity": "sha512-7AYpK/avswOWvnqQ9/jOkQCS7Fp4aKxw5ojvn5gyK2VQTZz3YVXeLMzoIZDBy745JSfJMXkTS0ptnHci5Mt1mA==",
			"requires": {
				"uint8arrays": "1.1.0",
				"varint": "^6.0.0"
			}
		},
		"multihashes": {
			"version": "3.1.2",
			"resolved": "https://registry.npmjs.org/multihashes/-/multihashes-3.1.2.tgz",
			"integrity": "sha512-AP4IoV/YzkNrfbQKZE3OMPibrmy350OmCd6cJkwyM8oExaXIlOY4UnOOVSQtAEuq/LR01XfXKCESidzZvSwHCQ==",
			"requires": {
				"multibase": "^3.1.0",
				"uint8arrays": "^2.0.5",
				"varint": "^6.0.0"
			},
			"dependencies": {
				"uint8arrays": {
					"version": "2.1.2",
					"resolved": "https://registry.npmjs.org/uint8arrays/-/uint8arrays-2.1.2.tgz",
					"integrity": "sha512-/VcLZbPMs/dk23u22IZlPWycfBxntpwrvISHQs93/OdRlUTnQw9Uzmzaoq7DgJAZl1SlP/kw+NhbjFAEED42rQ==",
					"requires": {
						"multibase": "^3.0.0",
						"web-encoding": "^1.0.5"
					}
				}
			}
		},
		"nan": {
			"version": "2.14.2",
			"resolved": "https://registry.npmjs.org/nan/-/nan-2.14.2.tgz",
			"integrity": "sha512-M2ufzIiINKCuDfBSAUr1vWQ+vuVcA9kqx8JJUsbQi6yf1uGRyb7HfpdfUr5qLXf3B/t8dPvcjhKMmlfnP47EzQ=="
		},
		"native-fetch": {
			"version": "2.0.1",
			"resolved": "https://registry.npmjs.org/native-fetch/-/native-fetch-2.0.1.tgz",
			"integrity": "sha512-gv4Bea+ga9QdXINurpkEqun3ap3vnB+WYoe4c8ddqUYEH7B2h6iD39RF8uVN7OwmSfMY3RDxkvBnoI4e2/vLXQ==",
			"requires": {
				"globalthis": "^1.0.1"
			}
		},
		"needle": {
			"version": "2.6.0",
			"resolved": "https://registry.npmjs.org/needle/-/needle-2.6.0.tgz",
			"integrity": "sha512-KKYdza4heMsEfSWD7VPUIz3zX2XDwOyX2d+geb4vrERZMT5RMU6ujjaD+I5Yr54uZxQ2w6XRTAhHBbSCyovZBg==",
			"requires": {
				"debug": "^3.2.6",
				"iconv-lite": "^0.4.4",
				"sax": "^1.2.4"
			}
		},
		"node-pre-gyp": {
			"version": "0.11.0",
			"resolved": "https://registry.npmjs.org/node-pre-gyp/-/node-pre-gyp-0.11.0.tgz",
			"integrity": "sha512-TwWAOZb0j7e9eGaf9esRx3ZcLaE5tQ2lvYy1pb5IAaG1a2e2Kv5Lms1Y4hpj+ciXJRofIxxlt5haeQ/2ANeE0Q==",
			"requires": {
				"detect-libc": "^1.0.2",
				"mkdirp": "^0.5.1",
				"needle": "^2.2.1",
				"nopt": "^4.0.1",
				"npm-packlist": "^1.1.6",
				"npmlog": "^4.0.2",
				"rc": "^1.2.7",
				"rimraf": "^2.6.1",
				"semver": "^5.3.0",
				"tar": "^4"
			}
		},
		"noop-fn": {
			"version": "1.0.0",
			"resolved": "https://registry.npmjs.org/noop-fn/-/noop-fn-1.0.0.tgz",
			"integrity": "sha1-XzPUfxPSFQ35PgywNmmemC94/78="
		},
		"nopt": {
			"version": "4.0.3",
			"resolved": "https://registry.npmjs.org/nopt/-/nopt-4.0.3.tgz",
			"integrity": "sha512-CvaGwVMztSMJLOeXPrez7fyfObdZqNUK1cPAEzLHrTybIua9pMdmmPR5YwtfNftIOMv3DPUhFaxsZMNTQO20Kg==",
			"requires": {
				"abbrev": "1",
				"osenv": "^0.1.4"
			}
		},
		"npm-bundled": {
			"version": "1.1.1",
			"resolved": "https://registry.npmjs.org/npm-bundled/-/npm-bundled-1.1.1.tgz",
			"integrity": "sha512-gqkfgGePhTpAEgUsGEgcq1rqPXA+tv/aVBlgEzfXwA1yiUJF7xtEt3CtVwOjNYQOVknDk0F20w58Fnm3EtG0fA==",
			"requires": {
				"npm-normalize-package-bin": "^1.0.1"
			}
		},
		"npm-normalize-package-bin": {
			"version": "1.0.1",
			"resolved": "https://registry.npmjs.org/npm-normalize-package-bin/-/npm-normalize-package-bin-1.0.1.tgz",
			"integrity": "sha512-EPfafl6JL5/rU+ot6P3gRSCpPDW5VmIzX959Ob1+ySFUuuYHWHekXpwdUZcKP5C+DS4GEtdJluwBjnsNDl+fSA=="
		},
		"npm-packlist": {
			"version": "1.4.8",
			"resolved": "https://registry.npmjs.org/npm-packlist/-/npm-packlist-1.4.8.tgz",
			"integrity": "sha512-5+AZgwru5IevF5ZdnFglB5wNlHG1AOOuw28WhUq8/8emhBmLv6jX5by4WJCh7lW0uSYZYS6DXqIsyZVIXRZU9A==",
			"requires": {
				"ignore-walk": "^3.0.1",
				"npm-bundled": "^1.0.1",
				"npm-normalize-package-bin": "^1.0.1"
			}
		},
		"npmlog": {
			"version": "4.1.2",
			"resolved": "https://registry.npmjs.org/npmlog/-/npmlog-4.1.2.tgz",
			"integrity": "sha512-2uUqazuKlTaSI/dC8AzicUck7+IrEaOnN/e0jd3Xtt1KcGpwx30v50mL7oPyr/h9bL3E4aZccVwpwP+5W9Vjkg==",
			"requires": {
				"are-we-there-yet": "~1.1.2",
				"console-control-strings": "~1.1.0",
				"gauge": "~2.7.3",
				"set-blocking": "~2.0.0"
			}
		},
		"number-is-nan": {
			"version": "1.0.1",
			"resolved": "https://registry.npmjs.org/number-is-nan/-/number-is-nan-1.0.1.tgz",
			"integrity": "sha1-CXtgK1NCKlIsGvuHkDGDNpQaAR0="
		},
		"object-assign": {
			"version": "4.1.1",
			"resolved": "https://registry.npmjs.org/object-assign/-/object-assign-4.1.1.tgz",
			"integrity": "sha1-IQmtx5ZYh8/AXLvUQsrIv7s2CGM="
		},
		"object-keys": {
			"version": "1.1.1",
			"resolved": "https://registry.npmjs.org/object-keys/-/object-keys-1.1.1.tgz",
			"integrity": "sha512-NuAESUOUMrlIXOfHKzD6bpPu3tYt3xvjNdRIQ+FeT0lNb4K8WR70CaDxhuNguS2XG+GjkyMwOzsN5ZktImfhLA=="
		},
		"once": {
			"version": "1.4.0",
			"resolved": "https://registry.npmjs.org/once/-/once-1.4.0.tgz",
			"integrity": "sha1-WDsap3WWHUsROsF9nFC6753Xa9E=",
			"requires": {
				"wrappy": "1"
			}
		},
		"only": {
			"version": "0.0.2",
			"resolved": "https://registry.npmjs.org/only/-/only-0.0.2.tgz",
			"integrity": "sha1-Kv3oTQPlC5qO3EROMGEKcCle37Q="
		},
		"os-homedir": {
			"version": "1.0.2",
			"resolved": "https://registry.npmjs.org/os-homedir/-/os-homedir-1.0.2.tgz",
			"integrity": "sha1-/7xJiDNuDoM94MFox+8VISGqf7M="
		},
		"os-tmpdir": {
			"version": "1.0.2",
			"resolved": "https://registry.npmjs.org/os-tmpdir/-/os-tmpdir-1.0.2.tgz",
			"integrity": "sha1-u+Z0BseaqFxc/sdm/lc0VV36EnQ="
		},
		"osenv": {
			"version": "0.1.5",
			"resolved": "https://registry.npmjs.org/osenv/-/osenv-0.1.5.tgz",
			"integrity": "sha512-0CWcCECdMVc2Rw3U5w9ZjqX6ga6ubk1xDVKxtBQPK7wis/0F2r9T6k4ydGYhecl7YUBxBVxhL5oisPsNxAPe2g==",
			"requires": {
				"os-homedir": "^1.0.0",
				"os-tmpdir": "^1.0.0"
			}
		},
		"path-is-absolute": {
			"version": "1.0.1",
			"resolved": "https://registry.npmjs.org/path-is-absolute/-/path-is-absolute-1.0.1.tgz",
			"integrity": "sha1-F0uSaHNVNP+8es5r9TpanhtcX18="
		},
		"process-nextick-args": {
			"version": "2.0.1",
			"resolved": "https://registry.npmjs.org/process-nextick-args/-/process-nextick-args-2.0.1.tgz",
			"integrity": "sha512-3ouUOpQhtgrbOa17J7+uxOTpITYWaGP7/AhoR3+A+/1e9skrzelGi/dXzEYyvbxubEF6Wn2ypscTKiKJFFn1ag=="
		},
		"punycode": {
			"version": "2.1.1",
			"resolved": "https://registry.npmjs.org/punycode/-/punycode-2.1.1.tgz",
			"integrity": "sha512-XRsRjdf+j5ml+y/6GKHPZbrF/8p2Yga0JPtdqTIY2Xe5ohJPD9saDJJLPvp9+NSBprVvevdXZybnj2cv8OEd0A=="
		},
		"rc": {
			"version": "1.2.8",
			"resolved": "https://registry.npmjs.org/rc/-/rc-1.2.8.tgz",
			"integrity": "sha512-y3bGgqKj3QBdxLbLkomlohkvsA8gdAiUQlSBJnBhfn+BPxg4bc62d8TcBW15wavDfgexCgccckhcZvywyQYPOw==",
			"requires": {
				"deep-extend": "^0.6.0",
				"ini": "~1.3.0",
				"minimist": "^1.2.0",
				"strip-json-comments": "~2.0.1"
			}
		},
		"readable-stream": {
			"version": "2.3.7",
			"resolved": "https://registry.npmjs.org/readable-stream/-/readable-stream-2.3.7.tgz",
			"integrity": "sha512-Ebho8K4jIbHAxnuxi7o42OrZgF/ZTNcsZj6nRKyUmkhLFq8CHItp/fy6hQZuZmP/n3yZ9VBUbp4zz/mX8hmYPw==",
			"requires": {
				"core-util-is": "~1.0.0",
				"inherits": "~2.0.3",
				"isarray": "~1.0.0",
				"process-nextick-args": "~2.0.0",
				"safe-buffer": "~5.1.1",
				"string_decoder": "~1.1.1",
				"util-deprecate": "~1.0.1"
			}
		},
		"receptacle": {
			"version": "1.3.2",
			"resolved": "https://registry.npmjs.org/receptacle/-/receptacle-1.3.2.tgz",
			"integrity": "sha512-HrsFvqZZheusncQRiEE7GatOAETrARKV/lnfYicIm8lbvp/JQOdADOfhjBd2DajvoszEyxSM6RlAAIZgEoeu/A==",
			"requires": {
				"ms": "^2.1.1"
			}
		},
		"regenerator-runtime": {
			"version": "0.13.7",
			"resolved": "https://registry.npmjs.org/regenerator-runtime/-/regenerator-runtime-0.13.7.tgz",
			"integrity": "sha512-a54FxoJDIr27pgf7IgeQGxmqUNYrcV338lf/6gH456HZ/PhX+5BcwHXG9ajESmwe6WRO0tAzRUrRmNONWgkrew=="
		},
		"require-from-string": {
			"version": "2.0.2",
			"resolved": "https://registry.npmjs.org/require-from-string/-/require-from-string-2.0.2.tgz",
			"integrity": "sha512-Xf0nWe6RseziFMu+Ap9biiUbmplq6S9/p+7w7YXP/JBHhrUDDUhwa+vANyubuqfZWTveU//DYVGsDG7RKL/vEw=="
		},
		"rimraf": {
			"version": "2.7.1",
			"resolved": "https://registry.npmjs.org/rimraf/-/rimraf-2.7.1.tgz",
			"integrity": "sha512-uWjbaKIK3T1OSVptzX7Nl6PvQ3qAGtKEtVRjRuazjfL3Bx5eI409VZSqgND+4UNnmzLVdPj9FqFJNPqBZFve4w==",
			"requires": {
				"glob": "^7.1.3"
			}
		},
		"safe-buffer": {
			"version": "5.1.2",
			"resolved": "https://registry.npmjs.org/safe-buffer/-/safe-buffer-5.1.2.tgz",
			"integrity": "sha512-Gd2UZBJDkXlY7GbJxfsE8/nvKkUEU1G38c1siN6QP6a9PT9MmHB8GnpscSmMJSoF8LOIrt8ud/wPtojys4G6+g=="
		},
		"safer-buffer": {
			"version": "2.1.2",
			"resolved": "https://registry.npmjs.org/safer-buffer/-/safer-buffer-2.1.2.tgz",
			"integrity": "sha512-YZo3K82SD7Riyi0E1EQPojLz7kpepnSQI9IyPbHHg1XXXevb5dJI7tpyN2ADxGcQbHG7vcyRHk0cbwqcQriUtg=="
		},
		"sax": {
			"version": "1.2.4",
			"resolved": "https://registry.npmjs.org/sax/-/sax-1.2.4.tgz",
			"integrity": "sha512-NqVDv9TpANUjFm0N8uM5GxL36UgKi9/atZw+x7YFnQ8ckwFGKrl4xX4yWtrey3UJm5nP1kUbnYgLopqWNSRhWw=="
		},
		"seedrandom": {
			"version": "3.0.5",
			"resolved": "https://registry.npmjs.org/seedrandom/-/seedrandom-3.0.5.tgz",
			"integrity": "sha512-8OwmbklUNzwezjGInmZ+2clQmExQPvomqjL7LFqOYqtmuxRgQYqOD3mHaU+MvZn5FLUeVxVfQjwLZW/n/JFuqg=="
		},
		"semver": {
			"version": "5.7.1",
			"resolved": "https://registry.npmjs.org/semver/-/semver-5.7.1.tgz",
			"integrity": "sha512-sauaDf/PZdVgrLTNYHRtpXa1iRiKcaebiKQ1BJdpQlWH2lCvexQdX55snPFyK7QzpudqbCI0qXFfOasHdyNDGQ=="
		},
		"set-blocking": {
			"version": "2.0.0",
			"resolved": "https://registry.npmjs.org/set-blocking/-/set-blocking-2.0.0.tgz",
			"integrity": "sha1-BF+XgtARrppoA93TgrJDkrPYkPc="
		},
		"signal-exit": {
			"version": "3.0.3",
			"resolved": "https://registry.npmjs.org/signal-exit/-/signal-exit-3.0.3.tgz",
			"integrity": "sha512-VUJ49FC8U1OxwZLxIbTTrDvLnf/6TDgxZcK8wxR8zs13xpx7xbG60ndBlhNrFi2EMuFRoeDoJO7wthSLq42EjA=="
		},
		"sqlite3": {
			"version": "4.2.0",
			"resolved": "https://registry.npmjs.org/sqlite3/-/sqlite3-4.2.0.tgz",
			"integrity": "sha512-roEOz41hxui2Q7uYnWsjMOTry6TcNUNmp8audCx18gF10P2NknwdpF+E+HKvz/F2NvPKGGBF4NGc+ZPQ+AABwg==",
			"requires": {
				"nan": "^2.12.1",
				"node-pre-gyp": "^0.11.0"
			}
		},
		"string-width": {
			"version": "1.0.2",
			"resolved": "https://registry.npmjs.org/string-width/-/string-width-1.0.2.tgz",
			"integrity": "sha1-EYvfW4zcUaKn5w0hHgfisLmxB9M=",
			"requires": {
				"code-point-at": "^1.0.0",
				"is-fullwidth-code-point": "^1.0.0",
				"strip-ansi": "^3.0.0"
			}
		},
		"string_decoder": {
			"version": "1.1.1",
			"resolved": "https://registry.npmjs.org/string_decoder/-/string_decoder-1.1.1.tgz",
			"integrity": "sha512-n/ShnvDi6FHbbVfviro+WojiFzv+s8MPMHBczVePfUpDJLwoLT0ht1l4YwBCbi8pJAveEEdnkHyPyTP/mzRfwg==",
			"requires": {
				"safe-buffer": "~5.1.0"
			}
		},
		"strip-ansi": {
			"version": "3.0.1",
			"resolved": "https://registry.npmjs.org/strip-ansi/-/strip-ansi-3.0.1.tgz",
			"integrity": "sha1-ajhfuIU9lS1f8F0Oiq+UJ43GPc8=",
			"requires": {
				"ansi-regex": "^2.0.0"
			}
		},
		"strip-json-comments": {
			"version": "2.0.1",
			"resolved": "https://registry.npmjs.org/strip-json-comments/-/strip-json-comments-2.0.1.tgz",
			"integrity": "sha1-PFMZQukIwml8DsNEhYwobHygpgo="
		},
		"sync-promise": {
			"version": "git+https://github.com/brettz9/sync-promise.git#25845a49a00aa2d2c985a5149b97c86a1fcdc75a",
			"from": "git+https://github.com/brettz9/sync-promise.git#full-sync-missing-promise-features"
		},
		"tar": {
			"version": "4.4.13",
			"resolved": "https://registry.npmjs.org/tar/-/tar-4.4.13.tgz",
			"integrity": "sha512-w2VwSrBoHa5BsSyH+KxEqeQBAllHhccyMFVHtGtdMpF4W7IRWfZjFiQceJPChOeTsSDVUpER2T8FA93pr0L+QA==",
			"requires": {
				"chownr": "^1.1.1",
				"fs-minipass": "^1.2.5",
				"minipass": "^2.8.6",
				"minizlib": "^1.2.1",
				"mkdirp": "^0.5.0",
				"safe-buffer": "^5.1.2",
				"yallist": "^3.0.3"
			}
		},
		"tiny-queue": {
			"version": "0.2.1",
			"resolved": "https://registry.npmjs.org/tiny-queue/-/tiny-queue-0.2.1.tgz",
			"integrity": "sha1-JaZ/LG4lOyypQZd7XvdELvl6YEY="
		},
		"to-json-schema": {
			"version": "0.2.5",
			"resolved": "https://registry.npmjs.org/to-json-schema/-/to-json-schema-0.2.5.tgz",
			"integrity": "sha512-jP1ievOee8pec3tV9ncxLSS48Bnw7DIybgy112rhMCEhf3K4uyVNZZHr03iQQBzbV5v5Hos+dlZRRyk6YSMNDw==",
			"requires": {
				"lodash.isequal": "^4.5.0",
				"lodash.keys": "^4.2.0",
				"lodash.merge": "^4.6.2",
				"lodash.omit": "^4.5.0",
				"lodash.without": "^4.4.0",
				"lodash.xor": "^4.5.0"
			}
		},
		"tr46": {
			"version": "2.0.2",
			"resolved": "https://registry.npmjs.org/tr46/-/tr46-2.0.2.tgz",
			"integrity": "sha512-3n1qG+/5kg+jrbTzwAykB5yRYtQCTqOGKq5U5PE3b0a1/mzo6snDhjGS0zJVJunO0NrT3Dg1MLy5TjWP/UJppg==",
			"requires": {
				"punycode": "^2.1.1"
			}
		},
		"tweetnacl": {
			"version": "1.0.3",
			"resolved": "https://registry.npmjs.org/tweetnacl/-/tweetnacl-1.0.3.tgz",
			"integrity": "sha512-6rt+RN7aOi1nGMyC4Xa5DdYiukl2UWCbcJft7YhxReBGQD7OAM8Pbxw6YMo4r2diNEA8FEmu32YOn9rhaiE5yw=="
		},
		"typeson": {
			"version": "5.18.2",
			"resolved": "https://registry.npmjs.org/typeson/-/typeson-5.18.2.tgz",
			"integrity": "sha512-Vetd+OGX05P4qHyHiSLdHZ5Z5GuQDrHHwSdjkqho9NSCYVSLSfRMjklD/unpHH8tXBR9Z/R05rwJSuMpMFrdsw=="
		},
		"typeson-registry": {
			"version": "1.0.0-alpha.38",
			"resolved": "https://registry.npmjs.org/typeson-registry/-/typeson-registry-1.0.0-alpha.38.tgz",
			"integrity": "sha512-6lt2IhbNT9hyow5hljZqjWtVDXBIaC1X8bBGlBva0Pod2f42g23bVqww09ruquwSC48I8BSSCPi+B2dFHM5ihQ==",
			"requires": {
				"base64-arraybuffer-es6": "^0.6.0",
				"typeson": "^5.18.2",
				"whatwg-url": "^8.1.0"
			}
		},
		"uint8arrays": {
			"version": "1.1.0",
			"resolved": "https://registry.npmjs.org/uint8arrays/-/uint8arrays-1.1.0.tgz",
			"integrity": "sha512-cLdlZ6jnFczsKf5IH1gPHTtcHtPGho5r4CvctohmQjw8K7Q3gFdfIGHxSTdTaCKrL4w09SsPRJTqRS0drYeszA==",
			"requires": {
				"multibase": "^3.0.0",
				"web-encoding": "^1.0.2"
			}
		},
		"ulid": {
			"version": "2.3.0",
			"resolved": "https://registry.npmjs.org/ulid/-/ulid-2.3.0.tgz",
			"integrity": "sha512-keqHubrlpvT6G2wH0OEfSW4mquYRcbe/J8NMmveoQOjUqmo+hXtO+ORCpWhdbZ7k72UtY61BL7haGxW6enBnjw=="
		},
		"uri-js": {
			"version": "4.4.1",
			"resolved": "https://registry.npmjs.org/uri-js/-/uri-js-4.4.1.tgz",
			"integrity": "sha512-7rKUyy33Q1yc98pQ1DAmLtwX109F7TIfWlW1Ydo8Wl1ii1SeHieeh0HHfPeL2fMXK6z0s8ecKs9frCuLJvndBg==",
			"requires": {
				"punycode": "^2.1.0"
			}
		},
		"util-deprecate": {
			"version": "1.0.2",
			"resolved": "https://registry.npmjs.org/util-deprecate/-/util-deprecate-1.0.2.tgz",
			"integrity": "sha1-RQ1Nyfpw3nMnYvvS1KKJgUGaDM8="
		},
		"varint": {
			"version": "6.0.0",
			"resolved": "https://registry.npmjs.org/varint/-/varint-6.0.0.tgz",
			"integrity": "sha512-cXEIW6cfr15lFv563k4GuVuW/fiwjknytD37jIOLSdSWuOI6WnO/oKwmP2FQTU2l01LP8/M5TSAJpzUaGe3uWg=="
		},
		"web-encoding": {
			"version": "1.0.6",
			"resolved": "https://registry.npmjs.org/web-encoding/-/web-encoding-1.0.6.tgz",
			"integrity": "sha512-26wEnRPEFAc5d5lmH1Q/DuvWEYsRF1D2alX2jlKpdmqv7cj+BbANL7Xlcl9r4s72Eg9kItZa9RWVbBMC9dMv4w=="
		},
		"webidl-conversions": {
			"version": "6.1.0",
			"resolved": "https://registry.npmjs.org/webidl-conversions/-/webidl-conversions-6.1.0.tgz",
			"integrity": "sha512-qBIvFLGiBpLjfwmYAaHPXsn+ho5xZnGvyGvsarywGNc8VyQJUMHJ8OBKGGrPER0okBeMDaan4mNBlgBROxuI8w=="
		},
		"websql": {
			"version": "git+https://github.com/brettz9/node-websql.git#5149bc0763376ca757fc32dc74345ada0467bfbb",
			"from": "git+https://github.com/brettz9/node-websql.git#configurable-secure2",
			"requires": {
				"argsarray": "^0.0.1",
				"immediate": "^3.2.2",
				"noop-fn": "^1.0.0",
				"sqlite3": "^4.0.0",
				"tiny-queue": "^0.2.1"
			}
		},
		"whatwg-url": {
			"version": "8.4.0",
			"resolved": "https://registry.npmjs.org/whatwg-url/-/whatwg-url-8.4.0.tgz",
			"integrity": "sha512-vwTUFf6V4zhcPkWp/4CQPr1TW9Ml6SF4lVyaIMBdJw5i6qUUJ1QWM4Z6YYVkfka0OUIzVo/0aNtGVGk256IKWw==",
			"requires": {
				"lodash.sortby": "^4.7.0",
				"tr46": "^2.0.2",
				"webidl-conversions": "^6.1.0"
			}
		},
		"wide-align": {
			"version": "1.1.3",
			"resolved": "https://registry.npmjs.org/wide-align/-/wide-align-1.1.3.tgz",
			"integrity": "sha512-QGkOQc8XL6Bt5PwnsExKBPuMKBxnGxWWW3fU55Xt4feHozMUhdUMaBCk290qpm/wG5u/RSKzwdAC4i51YigihA==",
			"requires": {
				"string-width": "^1.0.2 || 2"
			}
		},
		"wrappy": {
			"version": "1.0.2",
			"resolved": "https://registry.npmjs.org/wrappy/-/wrappy-1.0.2.tgz",
			"integrity": "sha1-tSQ9jz7BqjXxNkYFvA0QNuMKtp8="
		},
		"ws": {
			"version": "7.4.3",
			"resolved": "https://registry.npmjs.org/ws/-/ws-7.4.3.tgz",
			"integrity": "sha512-hr6vCR76GsossIRsr8OLR9acVVm1jyfEWvhbNjtgPOrfvAlKzvyeg/P6r8RuDjRyrcQoPQT7K0DGEPc7Ae6jzA=="
		},
		"yallist": {
			"version": "3.1.1",
			"resolved": "https://registry.npmjs.org/yallist/-/yallist-3.1.1.tgz",
			"integrity": "sha512-a4UGQaWPH59mOXUYnAG2ewncQS4i4F43Tv3JoAM+s2VDAmS9NsK8GpDMLrCHPksFT7h3K6TOoUNn2pb7RoXx4g=="
		}
	}
}
