{
	"name": "@textile/threads-core",
	"version": "0.1.33",
	"lockfileVersion": 1,
	"requires": true,
	"dependencies": {
		"@ipld/block": {
			"version": "4.0.2",
			"resolved": "https://registry.npmjs.org/@ipld/block/-/block-4.0.2.tgz",
			"integrity": "sha512-O041EI8D3hOws5PqRsiQpeOSAwtkm4z/EfBHPszwR/qd353h6GQ0uiAV/Qru1dWYN+eR5z37/KpnrM3iLCKPjA==",
			"requires": {
				"@ipld/get-codec": "^4.0.0",
				"buffer": "^5.6.0",
				"cids": "~0.8.0",
				"class-is": "^1.1.0",
				"lodash.transform": "^4.6.0",
				"multihashing-async": "^0.8.1"
			}
		},
		"@ipld/codec-interface": {
			"version": "1.0.12",
			"resolved": "https://registry.npmjs.org/@ipld/codec-interface/-/codec-interface-1.0.12.tgz",
			"integrity": "sha512-IMhSCs9qqOw6CSXpqXx0RacGdjc1OPt49uiGLUf3OwdeZrEkQBvTfaqih4f3xa7E1C/0RQpcICT5Z+lqCqvyXQ==",
			"requires": {
				"cids": "~0.7.2"
			},
			"dependencies": {
				"cids": {
					"version": "0.7.5",
					"resolved": "https://registry.npmjs.org/cids/-/cids-0.7.5.tgz",
					"integrity": "sha512-zT7mPeghoWAu+ppn8+BS1tQ5qGmbMfB4AregnQjA/qHY3GC1m1ptI9GkWNlgeu38r7CuRdXB47uY2XgAYt6QVA==",
					"requires": {
						"buffer": "^5.5.0",
						"class-is": "^1.1.0",
						"multibase": "~0.6.0",
						"multicodec": "^1.0.0",
						"multihashes": "~0.4.15"
					},
					"dependencies": {
						"multihashes": {
							"version": "0.4.21",
							"resolved": "https://registry.npmjs.org/multihashes/-/multihashes-0.4.21.tgz",
							"integrity": "sha512-uVSvmeCWf36pU2nB4/1kzYZjsXD9vofZKpgudqkceYY5g2aZZXJ5r9lxuzoRLl1OAp28XljXsEJ/X/85ZsKmKw==",
							"requires": {
								"buffer": "^5.5.0",
								"multibase": "^0.7.0",
								"varint": "^5.0.0"
							},
							"dependencies": {
								"multibase": {
									"version": "0.7.0",
									"resolved": "https://registry.npmjs.org/multibase/-/multibase-0.7.0.tgz",
									"integrity": "sha512-TW8q03O0f6PNFTQDvh3xxH03c8CjGaaYrjkl9UQPG6rz53TQzzxJVCIWVjzcbN/Q5Y53Zd0IBQBMVktVgNx4Fg==",
									"requires": {
										"base-x": "^3.0.8",
										"buffer": "^5.5.0"
									}
								}
							}
						}
					}
				},
				"multibase": {
					"version": "0.6.1",
					"resolved": "https://registry.npmjs.org/multibase/-/multibase-0.6.1.tgz",
					"integrity": "sha512-pFfAwyTjbbQgNc3G7D48JkJxWtoJoBMaR4xQUOuB8RnCgRqaYmWNFeJTTvrJ2w51bjLq2zTby6Rqj9TQ9elSUw==",
					"requires": {
						"base-x": "^3.0.8",
						"buffer": "^5.5.0"
					}
				}
			}
		},
		"@ipld/dag-json": {
			"version": "2.0.10",
			"resolved": "https://registry.npmjs.org/@ipld/dag-json/-/dag-json-2.0.10.tgz",
			"integrity": "sha512-Cq1FV073HEXx1TwdWhvM6RLztCtPpfLN4DiRaDYIvJpLCugdgwSmAyLgBeOJOz3CUC4RZCbhgBG3UtTweGdYnQ==",
			"requires": {
				"@ipld/codec-interface": "^1.0.8",
				"cids": "~0.7.3",
				"fast-json-stable-stringify": "^2.1.0",
				"is-circular": "^1.0.2",
				"lodash.transform": "^4.6.0"
			},
			"dependencies": {
				"cids": {
					"version": "0.7.5",
					"resolved": "https://registry.npmjs.org/cids/-/cids-0.7.5.tgz",
					"integrity": "sha512-zT7mPeghoWAu+ppn8+BS1tQ5qGmbMfB4AregnQjA/qHY3GC1m1ptI9GkWNlgeu38r7CuRdXB47uY2XgAYt6QVA==",
					"requires": {
						"buffer": "^5.5.0",
						"class-is": "^1.1.0",
						"multibase": "~0.6.0",
						"multicodec": "^1.0.0",
						"multihashes": "~0.4.15"
					},
					"dependencies": {
						"multihashes": {
							"version": "0.4.21",
							"resolved": "https://registry.npmjs.org/multihashes/-/multihashes-0.4.21.tgz",
							"integrity": "sha512-uVSvmeCWf36pU2nB4/1kzYZjsXD9vofZKpgudqkceYY5g2aZZXJ5r9lxuzoRLl1OAp28XljXsEJ/X/85ZsKmKw==",
							"requires": {
								"buffer": "^5.5.0",
								"multibase": "^0.7.0",
								"varint": "^5.0.0"
							},
							"dependencies": {
								"multibase": {
									"version": "0.7.0",
									"resolved": "https://registry.npmjs.org/multibase/-/multibase-0.7.0.tgz",
									"integrity": "sha512-TW8q03O0f6PNFTQDvh3xxH03c8CjGaaYrjkl9UQPG6rz53TQzzxJVCIWVjzcbN/Q5Y53Zd0IBQBMVktVgNx4Fg==",
									"requires": {
										"base-x": "^3.0.8",
										"buffer": "^5.5.0"
									}
								}
							}
						}
					}
				},
				"multibase": {
					"version": "0.6.1",
					"resolved": "https://registry.npmjs.org/multibase/-/multibase-0.6.1.tgz",
					"integrity": "sha512-pFfAwyTjbbQgNc3G7D48JkJxWtoJoBMaR4xQUOuB8RnCgRqaYmWNFeJTTvrJ2w51bjLq2zTby6Rqj9TQ9elSUw==",
					"requires": {
						"base-x": "^3.0.8",
						"buffer": "^5.5.0"
					}
				}
			}
		},
		"@ipld/get-codec": {
			"version": "4.0.0",
			"resolved": "https://registry.npmjs.org/@ipld/get-codec/-/get-codec-4.0.0.tgz",
			"integrity": "sha512-HXxM2BUP0ZVUvYlAINGUIZcrpynSmlVU335ENLXPLOrAZBk3gueIcGyCHqCCrJ1Lu8EhCVo14gAjCEZM6DFYVg==",
			"requires": {
				"@ipld/codec-interface": "^1.0.5",
				"@ipld/dag-json": "^2.0.4",
				"buffer": "^5.5.0",
				"ipld-bitcoin": "~0.3.0",
				"ipld-dag-cbor": "~0.15.0",
				"ipld-dag-pb": "~0.18.1",
				"ipld-git": "~0.5.0",
				"ipld-zcash": "~0.4.0",
				"multicodec": "^1.0.0"
			}
		},
		"@types/multiaddr": {
			"version": "7.2.0",
			"resolved": "https://registry.npmjs.org/@types/multiaddr/-/multiaddr-7.2.0.tgz",
			"integrity": "sha512-4oWyVIQjiOGIs0iApwtLSetRRBFGo2rnPQwclQFpHz6Zm0EHwyQbMcboLVJH19T8EdWKnEJ+Y62LrZ/ZNBBjbw==",
			"requires": {
				"@types/node": "*"
			}
		},
		"@types/multibase": {
			"version": "0.6.0",
			"resolved": "https://registry.npmjs.org/@types/multibase/-/multibase-0.6.0.tgz",
			"integrity": "sha512-PhQiA4pCcIG5yibX/G7K7mk/CXw0HTY98R+efcbbfce9WOyAGbIVqY3zv5kMm+vMAunY29aeOtQ96ePjeX417w==",
			"requires": {
				"@types/node": "*"
			}
		},
		"@types/node": {
			"version": "14.0.10",
			"resolved": "https://registry.npmjs.org/@types/node/-/node-14.0.10.tgz",
			"integrity": "sha512-Bz23oN/5bi0rniKT24ExLf4cK0JdvN3dH/3k0whYkdN4eI4vS2ZW/2ENNn2uxHCzWcbdHIa/GRuWQytfzCjRYw=="
		},
		"@types/varint": {
			"version": "5.0.0",
			"resolved": "https://registry.npmjs.org/@types/varint/-/varint-5.0.0.tgz",
			"integrity": "sha512-dIJiYqeDnYQ5Bc4mv+E5prqFIQlUTM1yDzwC5VQfL29pcYlm/5q1shY/MjbBT1FQAU5gzKE10DdGbu8B2EoFQg==",
			"requires": {
				"@types/node": "*"
			}
		},
		"asn1.js": {
			"version": "4.10.1",
			"resolved": "https://registry.npmjs.org/asn1.js/-/asn1.js-4.10.1.tgz",
			"integrity": "sha512-p32cOF5q0Zqs9uBiONKYLm6BClCoBCM5O9JfeUSlnQLBTxYdTK+pW+nXflm8UkKd2UYlEbYz5qEi0JuZR9ckSw==",
			"requires": {
				"bn.js": "^4.0.0",
				"inherits": "^2.0.1",
				"minimalistic-assert": "^1.0.0"
			}
		},
		"balanced-match": {
			"version": "1.0.0",
			"resolved": "https://registry.npmjs.org/balanced-match/-/balanced-match-1.0.0.tgz",
			"integrity": "sha1-ibTRmasr7kneFk6gK4nORi1xt2c=",
			"dev": true
		},
		"base-x": {
			"version": "3.0.8",
			"resolved": "https://registry.npmjs.org/base-x/-/base-x-3.0.8.tgz",
			"integrity": "sha512-Rl/1AWP4J/zRrk54hhlxH4drNxPJXYUaKffODVI53/dAsV4t9fBxyxYKAVPU1XBHxYwOWP9h9H0hM2MVw4YfJA==",
			"requires": {
				"safe-buffer": "^5.0.1"
			}
		},
		"base64-js": {
			"version": "1.3.1",
			"resolved": "https://registry.npmjs.org/base64-js/-/base64-js-1.3.1.tgz",
			"integrity": "sha512-mLQ4i2QO1ytvGWFWmcngKO//JXAQueZvwEKtjgQFM4jIK0kU+ytMfplL8j+n5mspOfjHwoAg+9yhb7BwAHm36g=="
		},
		"bech32": {
			"version": "1.1.4",
			"resolved": "https://registry.npmjs.org/bech32/-/bech32-1.1.4.tgz",
			"integrity": "sha512-s0IrSOzLlbvX7yp4WBfPITzpAU8sqQcpsmwXDiKwrG4r491vwCO/XpejasRNl0piBMe/DvP4Tz0mIS/X1DPJBQ=="
		},
		"bignumber.js": {
			"version": "9.0.0",
			"resolved": "https://registry.npmjs.org/bignumber.js/-/bignumber.js-9.0.0.tgz",
			"integrity": "sha512-t/OYhhJ2SD+YGBQcjY8GzzDHEk9f3nerxjtfa6tlMXfe7frs/WozhvCNoGvpM0P3bNf3Gq5ZRMlGr5f3r4/N8A=="
		},
		"bindings": {
			"version": "1.5.0",
			"resolved": "https://registry.npmjs.org/bindings/-/bindings-1.5.0.tgz",
			"integrity": "sha512-p2q/t/mhvuOj/UeLlV6566GD/guowlr0hHxClI0W9m7MWYkL1F0hLo+0Aexs9HSPCtR1SXQ0TD3MMKrXZajbiQ==",
			"requires": {
				"file-uri-to-path": "1.0.0"
			}
		},
		"bip174": {
			"version": "1.0.1",
			"resolved": "https://registry.npmjs.org/bip174/-/bip174-1.0.1.tgz",
			"integrity": "sha512-Mq2aFs1TdMfxBpYPg7uzjhsiXbAtoVq44TNjEWtvuZBiBgc3m7+n55orYMtTAxdg7jWbL4DtH0MKocJER4xERQ=="
		},
		"bip32": {
			"version": "2.0.5",
			"resolved": "https://registry.npmjs.org/bip32/-/bip32-2.0.5.tgz",
			"integrity": "sha512-zVY4VvJV+b2fS0/dcap/5XLlpqtgwyN8oRkuGgAS1uLOeEp0Yo6Tw2yUTozTtlrMJO3G8n4g/KX/XGFHW6Pq3g==",
			"requires": {
				"@types/node": "10.12.18",
				"bs58check": "^2.1.1",
				"create-hash": "^1.2.0",
				"create-hmac": "^1.1.7",
				"tiny-secp256k1": "^1.1.3",
				"typeforce": "^1.11.5",
				"wif": "^2.0.6"
			},
			"dependencies": {
				"@types/node": {
					"version": "10.12.18",
					"resolved": "https://registry.npmjs.org/@types/node/-/node-10.12.18.tgz",
					"integrity": "sha512-fh+pAqt4xRzPfqA6eh3Z2y6fyZavRIumvjhaCL753+TVkGKGhpPeyrJG2JftD0T9q4GF00KjefsQ+PQNDdWQaQ=="
				}
			}
		},
		"bip66": {
			"version": "1.1.5",
			"resolved": "https://registry.npmjs.org/bip66/-/bip66-1.1.5.tgz",
			"integrity": "sha1-AfqHSHhcpwlV1QESF9GzE5lpyiI=",
			"requires": {
				"safe-buffer": "^5.0.1"
			}
		},
		"bitcoin-ops": {
			"version": "1.4.1",
			"resolved": "https://registry.npmjs.org/bitcoin-ops/-/bitcoin-ops-1.4.1.tgz",
			"integrity": "sha512-pef6gxZFztEhaE9RY9HmWVmiIHqCb2OyS4HPKkpc6CIiiOa3Qmuoylxc5P2EkU3w+5eTSifI9SEZC88idAIGow=="
		},
		"bitcoinjs-lib": {
			"version": "5.1.10",
			"resolved": "https://registry.npmjs.org/bitcoinjs-lib/-/bitcoinjs-lib-5.1.10.tgz",
			"integrity": "sha512-CesUqtBtnYc+SOMsYN9jWQWhdohW1MpklUkF7Ukn4HiAyN6yxykG+cIJogfRt6x5xcgH87K1Q+Mnoe/B+du1Iw==",
			"requires": {
				"bech32": "^1.1.2",
				"bip174": "^1.0.1",
				"bip32": "^2.0.4",
				"bip66": "^1.1.0",
				"bitcoin-ops": "^1.4.0",
				"bs58check": "^2.0.0",
				"create-hash": "^1.1.0",
				"create-hmac": "^1.1.3",
				"merkle-lib": "^2.0.10",
				"pushdata-bitcoin": "^1.0.1",
				"randombytes": "^2.0.1",
				"tiny-secp256k1": "^1.1.1",
				"typeforce": "^1.11.3",
				"varuint-bitcoin": "^1.0.4",
				"wif": "^2.0.1"
			}
		},
		"blakejs": {
			"version": "1.1.0",
			"resolved": "https://registry.npmjs.org/blakejs/-/blakejs-1.1.0.tgz",
			"integrity": "sha1-ad+S75U6qIylGjLfarHFShVfx6U="
		},
		"bn.js": {
			"version": "4.11.9",
			"resolved": "https://registry.npmjs.org/bn.js/-/bn.js-4.11.9.tgz",
			"integrity": "sha512-E6QoYqCKZfgatHTdHzs1RRKP7ip4vvm+EyRUeE2RF0NblwVvb0p6jSVeNTOFxPn26QXN2o6SMfNxKp6kU8zQaw=="
		},
		"borc": {
			"version": "2.1.2",
			"resolved": "https://registry.npmjs.org/borc/-/borc-2.1.2.tgz",
			"integrity": "sha512-Sy9eoUi4OiKzq7VovMn246iTo17kzuyHJKomCfpWMlI6RpfN1gk95w7d7gH264nApVLg0HZfcpz62/g4VH1Y4w==",
			"requires": {
				"bignumber.js": "^9.0.0",
				"buffer": "^5.5.0",
				"commander": "^2.15.0",
				"ieee754": "^1.1.13",
				"iso-url": "~0.4.7",
				"json-text-sequence": "~0.1.0",
				"readable-stream": "^3.6.0"
			}
		},
		"brace-expansion": {
			"version": "1.1.11",
			"resolved": "https://registry.npmjs.org/brace-expansion/-/brace-expansion-1.1.11.tgz",
			"integrity": "sha512-iCuPHDFgrHX7H2vEI/5xpz07zSHB00TpugqhmYtVmMO6518mCuRMoOYFldEBl0g187ufozdaHgWKcYFb61qGiA==",
			"dev": true,
			"requires": {
				"balanced-match": "^1.0.0",
				"concat-map": "0.0.1"
			}
		},
		"brorand": {
			"version": "1.1.0",
			"resolved": "https://registry.npmjs.org/brorand/-/brorand-1.1.0.tgz",
			"integrity": "sha1-EsJe/kCkXjwyPrhnWgoM5XsiNx8="
		},
		"browserify-aes": {
			"version": "1.2.0",
			"resolved": "https://registry.npmjs.org/browserify-aes/-/browserify-aes-1.2.0.tgz",
			"integrity": "sha512-+7CHXqGuspUn/Sl5aO7Ea0xWGAtETPXNSAjHo48JfLdPWcMng33Xe4znFvQweqc/uzk5zSOI3H52CYnjCfb5hA==",
			"requires": {
				"buffer-xor": "^1.0.3",
				"cipher-base": "^1.0.0",
				"create-hash": "^1.1.0",
				"evp_bytestokey": "^1.0.3",
				"inherits": "^2.0.1",
				"safe-buffer": "^5.0.1"
			}
		},
		"browserify-cipher": {
			"version": "1.0.1",
			"resolved": "https://registry.npmjs.org/browserify-cipher/-/browserify-cipher-1.0.1.tgz",
			"integrity": "sha512-sPhkz0ARKbf4rRQt2hTpAHqn47X3llLkUGn+xEJzLjwY8LRs2p0v7ljvI5EyoRO/mexrNunNECisZs+gw2zz1w==",
			"requires": {
				"browserify-aes": "^1.0.4",
				"browserify-des": "^1.0.0",
				"evp_bytestokey": "^1.0.0"
			}
		},
		"browserify-des": {
			"version": "1.0.2",
			"resolved": "https://registry.npmjs.org/browserify-des/-/browserify-des-1.0.2.tgz",
			"integrity": "sha512-BioO1xf3hFwz4kc6iBhI3ieDFompMhrMlnDFC4/0/vd5MokpuAc3R+LYbwTA9A5Yc9pq9UYPqffKpW2ObuwX5A==",
			"requires": {
				"cipher-base": "^1.0.1",
				"des.js": "^1.0.0",
				"inherits": "^2.0.1",
				"safe-buffer": "^5.1.2"
			}
		},
		"browserify-rsa": {
			"version": "4.0.1",
			"resolved": "https://registry.npmjs.org/browserify-rsa/-/browserify-rsa-4.0.1.tgz",
			"integrity": "sha1-IeCr+vbyApzy+vsTNWenAdQTVSQ=",
			"requires": {
				"bn.js": "^4.1.0",
				"randombytes": "^2.0.1"
			}
		},
		"browserify-sign": {
			"version": "4.2.0",
			"resolved": "https://registry.npmjs.org/browserify-sign/-/browserify-sign-4.2.0.tgz",
			"integrity": "sha512-hEZC1KEeYuoHRqhGhTy6gWrpJA3ZDjFWv0DE61643ZnOXAKJb3u7yWcrU0mMc9SwAqK1n7myPGndkp0dFG7NFA==",
			"requires": {
				"bn.js": "^5.1.1",
				"browserify-rsa": "^4.0.1",
				"create-hash": "^1.2.0",
				"create-hmac": "^1.1.7",
				"elliptic": "^6.5.2",
				"inherits": "^2.0.4",
				"parse-asn1": "^5.1.5",
				"readable-stream": "^3.6.0",
				"safe-buffer": "^5.2.0"
			},
			"dependencies": {
				"bn.js": {
					"version": "5.1.2",
					"resolved": "https://registry.npmjs.org/bn.js/-/bn.js-5.1.2.tgz",
					"integrity": "sha512-40rZaf3bUNKTVYu9sIeeEGOg7g14Yvnj9kH7b50EiwX0Q7A6umbvfI5tvHaOERH0XigqKkfLkFQxzb4e6CIXnA=="
				}
			}
		},
		"bs58": {
			"version": "4.0.1",
			"resolved": "https://registry.npmjs.org/bs58/-/bs58-4.0.1.tgz",
			"integrity": "sha1-vhYedsNU9veIrkBx9j806MTwpCo=",
			"requires": {
				"base-x": "^3.0.2"
			}
		},
		"bs58check": {
			"version": "2.1.2",
			"resolved": "https://registry.npmjs.org/bs58check/-/bs58check-2.1.2.tgz",
			"integrity": "sha512-0TS1jicxdU09dwJMNZtVAfzPi6Q6QeN0pM1Fkzrjn+XYHvzMKPU3pHVpva+769iNVSfIYWf7LJ6WR+BuuMf8cA==",
			"requires": {
				"bs58": "^4.0.0",
				"create-hash": "^1.1.0",
				"safe-buffer": "^5.1.2"
			}
		},
		"buffer": {
			"version": "5.6.0",
			"resolved": "https://registry.npmjs.org/buffer/-/buffer-5.6.0.tgz",
			"integrity": "sha512-/gDYp/UtU0eA1ys8bOs9J6a+E/KWIY+DZ+Q2WESNUA0jFRsJOc0SNUO6xJ5SGA1xueg3NL65W6s+NY5l9cunuw==",
			"requires": {
				"base64-js": "^1.0.2",
				"ieee754": "^1.1.4"
			}
		},
		"buffer-xor": {
			"version": "1.0.3",
			"resolved": "https://registry.npmjs.org/buffer-xor/-/buffer-xor-1.0.3.tgz",
			"integrity": "sha1-JuYe0UIvtw3ULm42cp7VHYVf6Nk="
		},
		"cids": {
			"version": "0.8.3",
			"resolved": "https://registry.npmjs.org/cids/-/cids-0.8.3.tgz",
			"integrity": "sha512-yoXTbV3llpm+EBGWKeL9xKtksPE/s6DPoDSY4fn8I8TEW1zehWXPSB0pwAXVDlLaOlrw+sNynj995uD9abmPhA==",
			"requires": {
				"buffer": "^5.6.0",
				"class-is": "^1.1.0",
				"multibase": "^1.0.0",
				"multicodec": "^1.0.1",
				"multihashes": "^1.0.1"
			},
			"dependencies": {
				"multihashes": {
					"version": "1.0.1",
					"resolved": "https://registry.npmjs.org/multihashes/-/multihashes-1.0.1.tgz",
					"integrity": "sha512-S27Tepg4i8atNiFaU5ZOm3+gl3KQlUanLs/jWcBxQHFttgq+5x1OgbQmf2d8axJ/48zYGBd/wT9d723USMFduw==",
					"requires": {
						"buffer": "^5.6.0",
						"multibase": "^1.0.1",
						"varint": "^5.0.0"
					}
				}
			}
		},
		"cipher-base": {
			"version": "1.0.4",
			"resolved": "https://registry.npmjs.org/cipher-base/-/cipher-base-1.0.4.tgz",
			"integrity": "sha512-Kkht5ye6ZGmwv40uUDZztayT2ThLQGfnj/T71N/XzeZeo3nf8foyW7zGTsPYkEya3m5f3cAypH+qe7YOrM1U2Q==",
			"requires": {
				"inherits": "^2.0.1",
				"safe-buffer": "^5.0.1"
			}
		},
		"class-is": {
			"version": "1.1.0",
			"resolved": "https://registry.npmjs.org/class-is/-/class-is-1.1.0.tgz",
			"integrity": "sha512-rhjH9AG1fvabIDoGRVH587413LPjTZgmDF9fOFCbFJQV4yuocX1mHxxvXI4g3cGwbVY9wAYIoKlg1N79frJKQw=="
		},
		"commander": {
			"version": "2.20.3",
			"resolved": "https://registry.npmjs.org/commander/-/commander-2.20.3.tgz",
			"integrity": "sha512-GpVkmM8vF2vQUkj2LvZmD35JxeJOLCwJ9cUkugyk2nuhbv3+mJvpLYYt+0+USMxE+oj+ey/lJEnhZw75x/OMcQ=="
		},
		"concat-map": {
			"version": "0.0.1",
			"resolved": "https://registry.npmjs.org/concat-map/-/concat-map-0.0.1.tgz",
			"integrity": "sha1-2Klr13/Wjfd5OnMDajug1UBdR3s=",
			"dev": true
		},
		"create-ecdh": {
			"version": "4.0.3",
			"resolved": "https://registry.npmjs.org/create-ecdh/-/create-ecdh-4.0.3.tgz",
			"integrity": "sha512-GbEHQPMOswGpKXM9kCWVrremUcBmjteUaQ01T9rkKCPDXfUHX0IoP9LpHYo2NPFampa4e+/pFDc3jQdxrxQLaw==",
			"requires": {
				"bn.js": "^4.1.0",
				"elliptic": "^6.0.0"
			}
		},
		"create-hash": {
			"version": "1.2.0",
			"resolved": "https://registry.npmjs.org/create-hash/-/create-hash-1.2.0.tgz",
			"integrity": "sha512-z00bCGNHDG8mHAkP7CtT1qVu+bFQUPjYq/4Iv3C3kWjTFV10zIjfSoeqXo9Asws8gwSHDGj/hl2u4OGIjapeCg==",
			"requires": {
				"cipher-base": "^1.0.1",
				"inherits": "^2.0.1",
				"md5.js": "^1.3.4",
				"ripemd160": "^2.0.1",
				"sha.js": "^2.4.0"
			}
		},
		"create-hmac": {
			"version": "1.1.7",
			"resolved": "https://registry.npmjs.org/create-hmac/-/create-hmac-1.1.7.tgz",
			"integrity": "sha512-MJG9liiZ+ogc4TzUwuvbER1JRdgvUFSB5+VR/g5h82fGaIRWMWddtKBHi7/sVhfjQZ6SehlyhvQYrcYkaUIpLg==",
			"requires": {
				"cipher-base": "^1.0.3",
				"create-hash": "^1.1.0",
				"inherits": "^2.0.1",
				"ripemd160": "^2.0.0",
				"safe-buffer": "^5.0.1",
				"sha.js": "^2.4.8"
			}
		},
		"crypto-browserify": {
			"version": "3.12.0",
			"resolved": "https://registry.npmjs.org/crypto-browserify/-/crypto-browserify-3.12.0.tgz",
			"integrity": "sha512-fz4spIh+znjO2VjL+IdhEpRJ3YN6sMzITSBijk6FK2UvTqruSQW+/cCZTSNsMiZNvUeq0CqurF+dAbyiGOY6Wg==",
			"requires": {
				"browserify-cipher": "^1.0.0",
				"browserify-sign": "^4.0.0",
				"create-ecdh": "^4.0.0",
				"create-hash": "^1.1.0",
				"create-hmac": "^1.1.0",
				"diffie-hellman": "^5.0.0",
				"inherits": "^2.0.1",
				"pbkdf2": "^3.0.3",
				"public-encrypt": "^4.0.0",
				"randombytes": "^2.0.0",
				"randomfill": "^1.0.3"
			}
		},
		"delimit-stream": {
			"version": "0.1.0",
			"resolved": "https://registry.npmjs.org/delimit-stream/-/delimit-stream-0.1.0.tgz",
			"integrity": "sha1-m4MZR3wOX4rrPONXrjBfwl6hzSs="
		},
		"des.js": {
			"version": "1.0.1",
			"resolved": "https://registry.npmjs.org/des.js/-/des.js-1.0.1.tgz",
			"integrity": "sha512-Q0I4pfFrv2VPd34/vfLrFOoRmlYj3OV50i7fskps1jZWK1kApMWWT9G6RRUeYedLcBDIhnSDaUvJMb3AhUlaEA==",
			"requires": {
				"inherits": "^2.0.1",
				"minimalistic-assert": "^1.0.0"
			}
		},
		"detect-node": {
			"version": "2.0.4",
			"resolved": "https://registry.npmjs.org/detect-node/-/detect-node-2.0.4.tgz",
			"integrity": "sha512-ZIzRpLJrOj7jjP2miAtgqIfmzbxa4ZOr5jJc601zklsfEx9oTzmmj2nVpIPRpNlRTIh8lc1kyViIY7BWSGNmKw=="
		},
		"diffie-hellman": {
			"version": "5.0.3",
			"resolved": "https://registry.npmjs.org/diffie-hellman/-/diffie-hellman-5.0.3.tgz",
			"integrity": "sha512-kqag/Nl+f3GwyK25fhUMYj81BUOrZ9IuJsjIcDE5icNM9FJHAVm3VcUDxdLPoQtTuUylWm6ZIknYJwwaPxsUzg==",
			"requires": {
				"bn.js": "^4.1.0",
				"miller-rabin": "^4.0.0",
				"randombytes": "^2.0.0"
			}
		},
		"elliptic": {
			"version": "6.5.3",
			"resolved": "https://registry.npmjs.org/elliptic/-/elliptic-6.5.3.tgz",
			"integrity": "sha512-IMqzv5wNQf+E6aHeIqATs0tOLeOTwj1QKbRcS3jBbYkl5oLAserA8yJTT7/VyHUYG91PRmPyeQDObKLPpeS4dw==",
			"requires": {
				"bn.js": "^4.4.0",
				"brorand": "^1.0.1",
				"hash.js": "^1.0.0",
				"hmac-drbg": "^1.0.0",
				"inherits": "^2.0.1",
				"minimalistic-assert": "^1.0.0",
				"minimalistic-crypto-utils": "^1.0.0"
			}
		},
		"err-code": {
			"version": "2.0.3",
			"resolved": "https://registry.npmjs.org/err-code/-/err-code-2.0.3.tgz",
			"integrity": "sha512-2bmlRpNKBxT/CRmPOlyISQpNj+qSeYvcym/uT0Jx2bMOlKLtSy1ZmLuVxSEKKyor/N5yhvp/ZiG1oE3DEYMSFA=="
		},
		"evp_bytestokey": {
			"version": "1.0.3",
			"resolved": "https://registry.npmjs.org/evp_bytestokey/-/evp_bytestokey-1.0.3.tgz",
			"integrity": "sha512-/f2Go4TognH/KvCISP7OUsHn85hT9nUkxxA9BEWxFn+Oj9o8ZNLm/40hdlgSLyuOimsrTKLUMEorQexp/aPQeA==",
			"requires": {
				"md5.js": "^1.3.4",
				"safe-buffer": "^5.1.1"
			}
		},
		"fast-json-stable-stringify": {
			"version": "2.1.0",
			"resolved": "https://registry.npmjs.org/fast-json-stable-stringify/-/fast-json-stable-stringify-2.1.0.tgz",
			"integrity": "sha512-lhd/wF+Lk98HZoTCtlVraHtfh5XYijIjalXck7saUtuanSDyLMxnHhSXEDJqHxD7msR8D0uCmqlkwjCV8xvwHw=="
		},
		"file-uri-to-path": {
			"version": "1.0.0",
			"resolved": "https://registry.npmjs.org/file-uri-to-path/-/file-uri-to-path-1.0.0.tgz",
			"integrity": "sha512-0Zt+s3L7Vf1biwWZ29aARiVYLx7iMGnEUl9x33fbB/j3jR81u/O2LbqK+Bm1CDSNDKVtJ/YjwY7TUd5SkeLQLw=="
		},
		"fs.realpath": {
			"version": "1.0.0",
			"resolved": "https://registry.npmjs.org/fs.realpath/-/fs.realpath-1.0.0.tgz",
			"integrity": "sha1-FQStJSMVjKpA20onh8sBQRmU6k8=",
			"dev": true
		},
		"glob": {
			"version": "7.1.6",
			"resolved": "https://registry.npmjs.org/glob/-/glob-7.1.6.tgz",
			"integrity": "sha512-LwaxwyZ72Lk7vZINtNNrywX0ZuLyStrdDtabefZKAY5ZGJhVtgdznluResxNmPitE0SAO+O26sWTHeKSI2wMBA==",
			"dev": true,
			"requires": {
				"fs.realpath": "^1.0.0",
				"inflight": "^1.0.4",
				"inherits": "2",
				"minimatch": "^3.0.4",
				"once": "^1.3.0",
				"path-is-absolute": "^1.0.0"
			}
		},
		"hash-base": {
			"version": "3.1.0",
			"resolved": "https://registry.npmjs.org/hash-base/-/hash-base-3.1.0.tgz",
			"integrity": "sha512-1nmYp/rhMDiE7AYkDw+lLwlAzz0AntGIe51F3RfFfEqyQ3feY2eI/NcwC6umIQVOASPMsWJLJScWKSSvzL9IVA==",
			"requires": {
				"inherits": "^2.0.4",
				"readable-stream": "^3.6.0",
				"safe-buffer": "^5.2.0"
			}
		},
		"hash.js": {
			"version": "1.1.7",
			"resolved": "https://registry.npmjs.org/hash.js/-/hash.js-1.1.7.tgz",
			"integrity": "sha512-taOaskGt4z4SOANNseOviYDvjEJinIkRgmp7LbKP2YTTmVxWBl87s/uzK9r+44BclBSp2X7K1hqeNfz9JbBeXA==",
			"requires": {
				"inherits": "^2.0.3",
				"minimalistic-assert": "^1.0.1"
			}
		},
		"hmac-drbg": {
			"version": "1.0.1",
			"resolved": "https://registry.npmjs.org/hmac-drbg/-/hmac-drbg-1.0.1.tgz",
			"integrity": "sha1-0nRXAQJabHdabFRXk+1QL8DGSaE=",
			"requires": {
				"hash.js": "^1.0.3",
				"minimalistic-assert": "^1.0.0",
				"minimalistic-crypto-utils": "^1.0.1"
			}
		},
		"ieee754": {
			"version": "1.1.13",
			"resolved": "https://registry.npmjs.org/ieee754/-/ieee754-1.1.13.tgz",
			"integrity": "sha512-4vf7I2LYV/HaWerSo3XmlMkp5eZ83i+/CDluXi/IGTs/O1sejBNhTtnxzmRZfvOUqj7lZjqHkeTvpgSFDlWZTg=="
		},
		"inflight": {
			"version": "1.0.6",
			"resolved": "https://registry.npmjs.org/inflight/-/inflight-1.0.6.tgz",
			"integrity": "sha1-Sb1jMdfQLQwJvJEKEHW6gWW1bfk=",
			"dev": true,
			"requires": {
				"once": "^1.3.0",
				"wrappy": "1"
			}
		},
		"inherits": {
			"version": "2.0.4",
			"resolved": "https://registry.npmjs.org/inherits/-/inherits-2.0.4.tgz",
			"integrity": "sha512-k/vGaX4/Yla3WzyMCvTQOXYeIHvqOKtnqBduzTHpzpQZzAskKMhZ2K+EnBiSM9zGSoIFeMpXKxa4dYeZIQqewQ=="
		},
		"ip-regex": {
			"version": "4.1.0",
			"resolved": "https://registry.npmjs.org/ip-regex/-/ip-regex-4.1.0.tgz",
			"integrity": "sha512-pKnZpbgCTfH/1NLIlOduP/V+WRXzC2MOz3Qo8xmxk8C5GudJLgK5QyLVXOSWy3ParAH7Eemurl3xjv/WXYFvMA=="
		},
		"ipld-bitcoin": {
			"version": "0.3.1",
			"resolved": "https://registry.npmjs.org/ipld-bitcoin/-/ipld-bitcoin-0.3.1.tgz",
			"integrity": "sha512-0ysHoWyT+xXNyDafZrlH6YHGXWKkZ392eOardFTl2c9EUXDOt2W8VNaWol8ZyYSlD1nELwNLjC4e7p8aBY/OEg==",
			"requires": {
				"bitcoinjs-lib": "^5.0.0",
				"cids": "~0.7.0",
				"multicodec": "^1.0.0",
				"multihashes": "~0.4.14",
				"multihashing-async": "~0.8.0"
			},
			"dependencies": {
				"cids": {
					"version": "0.7.5",
					"resolved": "https://registry.npmjs.org/cids/-/cids-0.7.5.tgz",
					"integrity": "sha512-zT7mPeghoWAu+ppn8+BS1tQ5qGmbMfB4AregnQjA/qHY3GC1m1ptI9GkWNlgeu38r7CuRdXB47uY2XgAYt6QVA==",
					"requires": {
						"buffer": "^5.5.0",
						"class-is": "^1.1.0",
						"multibase": "~0.6.0",
						"multicodec": "^1.0.0",
						"multihashes": "~0.4.15"
					}
				},
				"multibase": {
					"version": "0.6.1",
					"resolved": "https://registry.npmjs.org/multibase/-/multibase-0.6.1.tgz",
					"integrity": "sha512-pFfAwyTjbbQgNc3G7D48JkJxWtoJoBMaR4xQUOuB8RnCgRqaYmWNFeJTTvrJ2w51bjLq2zTby6Rqj9TQ9elSUw==",
					"requires": {
						"base-x": "^3.0.8",
						"buffer": "^5.5.0"
					}
				},
				"multihashes": {
					"version": "0.4.21",
					"resolved": "https://registry.npmjs.org/multihashes/-/multihashes-0.4.21.tgz",
					"integrity": "sha512-uVSvmeCWf36pU2nB4/1kzYZjsXD9vofZKpgudqkceYY5g2aZZXJ5r9lxuzoRLl1OAp28XljXsEJ/X/85ZsKmKw==",
					"requires": {
						"buffer": "^5.5.0",
						"multibase": "^0.7.0",
						"varint": "^5.0.0"
					},
					"dependencies": {
						"multibase": {
							"version": "0.7.0",
							"resolved": "https://registry.npmjs.org/multibase/-/multibase-0.7.0.tgz",
							"integrity": "sha512-TW8q03O0f6PNFTQDvh3xxH03c8CjGaaYrjkl9UQPG6rz53TQzzxJVCIWVjzcbN/Q5Y53Zd0IBQBMVktVgNx4Fg==",
							"requires": {
								"base-x": "^3.0.8",
								"buffer": "^5.5.0"
							}
						}
					}
				}
			}
		},
		"ipld-dag-cbor": {
			"version": "0.15.3",
			"resolved": "https://registry.npmjs.org/ipld-dag-cbor/-/ipld-dag-cbor-0.15.3.tgz",
			"integrity": "sha512-m23nG7ZyoVFnkK55/bLAErc7EfiMgaEQlqHWDTGzPI+O5r6bPfp+qbL5zTVSIT8tpbHmu174dwerVtLoVgeVyA==",
			"requires": {
				"borc": "^2.1.2",
				"buffer": "^5.5.0",
				"cids": "~0.8.0",
				"is-circular": "^1.0.2",
				"multicodec": "^1.0.0",
				"multihashing-async": "~0.8.0"
			}
		},
		"ipld-dag-pb": {
			"version": "0.18.5",
			"resolved": "https://registry.npmjs.org/ipld-dag-pb/-/ipld-dag-pb-0.18.5.tgz",
			"integrity": "sha512-8IAPZrkRjgTpkxV9JOwXSBe0GXNxd4B2lubPgbifTGL92rZOEKWutpijsWsWvjXOltDFHKMQIIIhkgLC5RPqbA==",
			"requires": {
				"buffer": "^5.6.0",
				"cids": "~0.8.0",
				"class-is": "^1.1.0",
				"multicodec": "^1.0.1",
				"multihashing-async": "~0.8.1",
				"protons": "^1.0.2",
				"stable": "^0.1.8"
			}
		},
		"ipld-git": {
			"version": "0.5.1",
			"resolved": "https://registry.npmjs.org/ipld-git/-/ipld-git-0.5.1.tgz",
			"integrity": "sha512-041Hq9hEjgzGue46lkPoBD6rEO+YCj04JFXVRGxd7AdacGrx3rV62uz/zUXfkncNZ/mjpovycZ+MC4skbO/43w==",
			"requires": {
				"cids": "~0.7.0",
				"multicodec": "^1.0.0",
				"multihashes": "~0.4.14",
				"multihashing-async": "~0.8.0",
				"smart-buffer": "^4.0.2",
				"strftime": "~0.10.0"
			},
			"dependencies": {
				"cids": {
					"version": "0.7.5",
					"resolved": "https://registry.npmjs.org/cids/-/cids-0.7.5.tgz",
					"integrity": "sha512-zT7mPeghoWAu+ppn8+BS1tQ5qGmbMfB4AregnQjA/qHY3GC1m1ptI9GkWNlgeu38r7CuRdXB47uY2XgAYt6QVA==",
					"requires": {
						"buffer": "^5.5.0",
						"class-is": "^1.1.0",
						"multibase": "~0.6.0",
						"multicodec": "^1.0.0",
						"multihashes": "~0.4.15"
					}
				},
				"multibase": {
					"version": "0.6.1",
					"resolved": "https://registry.npmjs.org/multibase/-/multibase-0.6.1.tgz",
					"integrity": "sha512-pFfAwyTjbbQgNc3G7D48JkJxWtoJoBMaR4xQUOuB8RnCgRqaYmWNFeJTTvrJ2w51bjLq2zTby6Rqj9TQ9elSUw==",
					"requires": {
						"base-x": "^3.0.8",
						"buffer": "^5.5.0"
					}
				},
				"multihashes": {
					"version": "0.4.21",
					"resolved": "https://registry.npmjs.org/multihashes/-/multihashes-0.4.21.tgz",
					"integrity": "sha512-uVSvmeCWf36pU2nB4/1kzYZjsXD9vofZKpgudqkceYY5g2aZZXJ5r9lxuzoRLl1OAp28XljXsEJ/X/85ZsKmKw==",
					"requires": {
						"buffer": "^5.5.0",
						"multibase": "^0.7.0",
						"varint": "^5.0.0"
					},
					"dependencies": {
						"multibase": {
							"version": "0.7.0",
							"resolved": "https://registry.npmjs.org/multibase/-/multibase-0.7.0.tgz",
							"integrity": "sha512-TW8q03O0f6PNFTQDvh3xxH03c8CjGaaYrjkl9UQPG6rz53TQzzxJVCIWVjzcbN/Q5Y53Zd0IBQBMVktVgNx4Fg==",
							"requires": {
								"base-x": "^3.0.8",
								"buffer": "^5.5.0"
							}
						}
					}
				}
			}
		},
		"ipld-zcash": {
			"version": "0.4.1",
			"resolved": "https://registry.npmjs.org/ipld-zcash/-/ipld-zcash-0.4.1.tgz",
			"integrity": "sha512-1JNnY0HuLeJDzlRJSKxs8laZ+TKPr8zui7GNiJMHgMIjH7KOiVjAQfO7Rt7KzDucMLYPokarfIPaK3qeffwI2A==",
			"requires": {
				"cids": "~0.7.1",
				"multicodec": "^1.0.0",
				"multihashes": "~0.4.15",
				"multihashing-async": "~0.8.0",
				"zcash-block": "^2.0.0"
			},
			"dependencies": {
				"cids": {
					"version": "0.7.5",
					"resolved": "https://registry.npmjs.org/cids/-/cids-0.7.5.tgz",
					"integrity": "sha512-zT7mPeghoWAu+ppn8+BS1tQ5qGmbMfB4AregnQjA/qHY3GC1m1ptI9GkWNlgeu38r7CuRdXB47uY2XgAYt6QVA==",
					"requires": {
						"buffer": "^5.5.0",
						"class-is": "^1.1.0",
						"multibase": "~0.6.0",
						"multicodec": "^1.0.0",
						"multihashes": "~0.4.15"
					}
				},
				"multibase": {
					"version": "0.6.1",
					"resolved": "https://registry.npmjs.org/multibase/-/multibase-0.6.1.tgz",
					"integrity": "sha512-pFfAwyTjbbQgNc3G7D48JkJxWtoJoBMaR4xQUOuB8RnCgRqaYmWNFeJTTvrJ2w51bjLq2zTby6Rqj9TQ9elSUw==",
					"requires": {
						"base-x": "^3.0.8",
						"buffer": "^5.5.0"
					}
				},
				"multihashes": {
					"version": "0.4.21",
					"resolved": "https://registry.npmjs.org/multihashes/-/multihashes-0.4.21.tgz",
					"integrity": "sha512-uVSvmeCWf36pU2nB4/1kzYZjsXD9vofZKpgudqkceYY5g2aZZXJ5r9lxuzoRLl1OAp28XljXsEJ/X/85ZsKmKw==",
					"requires": {
						"buffer": "^5.5.0",
						"multibase": "^0.7.0",
						"varint": "^5.0.0"
					},
					"dependencies": {
						"multibase": {
							"version": "0.7.0",
							"resolved": "https://registry.npmjs.org/multibase/-/multibase-0.7.0.tgz",
							"integrity": "sha512-TW8q03O0f6PNFTQDvh3xxH03c8CjGaaYrjkl9UQPG6rz53TQzzxJVCIWVjzcbN/Q5Y53Zd0IBQBMVktVgNx4Fg==",
							"requires": {
								"base-x": "^3.0.8",
								"buffer": "^5.5.0"
							}
						}
					}
				}
			}
		},
		"is-circular": {
			"version": "1.0.2",
			"resolved": "https://registry.npmjs.org/is-circular/-/is-circular-1.0.2.tgz",
			"integrity": "sha512-YttjnrswnUYRVJvxCvu8z+PGMUSzC2JttP0OEXezlAEdp3EXzhf7IZ3j0gRAybJBQupedIZFhY61Tga6E0qASA=="
		},
		"is-ip": {
			"version": "3.1.0",
			"resolved": "https://registry.npmjs.org/is-ip/-/is-ip-3.1.0.tgz",
			"integrity": "sha512-35vd5necO7IitFPjd/YBeqwWnyDWbuLH9ZXQdMfDA8TEo7pv5X8yfrvVO3xbJbLUlERCMvf6X0hTUamQxCYJ9Q==",
			"requires": {
				"ip-regex": "^4.0.0"
			}
		},
		"iso-url": {
			"version": "0.4.7",
			"resolved": "https://registry.npmjs.org/iso-url/-/iso-url-0.4.7.tgz",
			"integrity": "sha512-27fFRDnPAMnHGLq36bWTpKET+eiXct3ENlCcdcMdk+mjXrb2kw3mhBUg1B7ewAC0kVzlOPhADzQgz1SE6Tglog=="
		},
		"js-sha3": {
			"version": "0.8.0",
			"resolved": "https://registry.npmjs.org/js-sha3/-/js-sha3-0.8.0.tgz",
			"integrity": "sha512-gF1cRrHhIzNfToc802P800N8PpXS+evLLXfsVpowqmAFR9uwbi89WvXg2QspOmXL8QL86J4T1EpFu+yUkwJY3Q=="
		},
		"json-text-sequence": {
			"version": "0.1.1",
			"resolved": "https://registry.npmjs.org/json-text-sequence/-/json-text-sequence-0.1.1.tgz",
			"integrity": "sha1-py8hfcSvxGKf/1/rME3BvVGi89I=",
			"requires": {
				"delimit-stream": "0.1.0"
			}
		},
		"lodash.transform": {
			"version": "4.6.0",
			"resolved": "https://registry.npmjs.org/lodash.transform/-/lodash.transform-4.6.0.tgz",
			"integrity": "sha1-EjBkIvYzJK7YSD0/ODMrX2cFR6A="
		},
		"md5.js": {
			"version": "1.3.5",
			"resolved": "https://registry.npmjs.org/md5.js/-/md5.js-1.3.5.tgz",
			"integrity": "sha512-xitP+WxNPcTTOgnTJcrhM0xvdPepipPSf3I8EIpGKeFLjt3PlJLIDG3u8EX53ZIubkb+5U2+3rELYpEhHhzdkg==",
			"requires": {
				"hash-base": "^3.0.0",
				"inherits": "^2.0.1",
				"safe-buffer": "^5.1.2"
			}
		},
		"merkle-lib": {
			"version": "2.0.10",
			"resolved": "https://registry.npmjs.org/merkle-lib/-/merkle-lib-2.0.10.tgz",
			"integrity": "sha1-grjbrnXieneFOItz+ddyXQ9vMyY="
		},
		"miller-rabin": {
			"version": "4.0.1",
			"resolved": "https://registry.npmjs.org/miller-rabin/-/miller-rabin-4.0.1.tgz",
			"integrity": "sha512-115fLhvZVqWwHPbClyntxEVfVDfl9DLLTuJvq3g2O/Oxi8AiNouAHvDSzHS0viUJc+V5vm3eq91Xwqn9dp4jRA==",
			"requires": {
				"bn.js": "^4.0.0",
				"brorand": "^1.0.1"
			}
		},
		"minimalistic-assert": {
			"version": "1.0.1",
			"resolved": "https://registry.npmjs.org/minimalistic-assert/-/minimalistic-assert-1.0.1.tgz",
			"integrity": "sha512-UtJcAD4yEaGtjPezWuO9wC4nwUnVH/8/Im3yEHQP4b67cXlD/Qr9hdITCU1xDbSEXg2XKNaP8jsReV7vQd00/A=="
		},
		"minimalistic-crypto-utils": {
			"version": "1.0.1",
			"resolved": "https://registry.npmjs.org/minimalistic-crypto-utils/-/minimalistic-crypto-utils-1.0.1.tgz",
			"integrity": "sha1-9sAMHAsIIkblxNmd+4x8CDsrWCo="
		},
		"minimatch": {
			"version": "3.0.4",
			"resolved": "https://registry.npmjs.org/minimatch/-/minimatch-3.0.4.tgz",
			"integrity": "sha512-yJHVQEhyqPLUTgt9B83PXu6W3rx4MvvHvSUvToogpwoGDOUQ+yDrR0HRot+yOCdCO7u4hX3pWft6kWBBcqh0UA==",
			"dev": true,
			"requires": {
				"brace-expansion": "^1.1.7"
			}
		},
		"multiaddr": {
			"version": "7.5.0",
			"resolved": "https://registry.npmjs.org/multiaddr/-/multiaddr-7.5.0.tgz",
			"integrity": "sha512-GvhHsIGDULh06jyb6ev+VfREH9evJCFIRnh3jUt9iEZ6XDbyoisZRFEI9bMvK/AiR6y66y6P+eoBw9mBYMhMvw==",
			"requires": {
				"buffer": "^5.5.0",
				"cids": "~0.8.0",
				"class-is": "^1.1.0",
				"is-ip": "^3.1.0",
				"multibase": "^0.7.0",
				"varint": "^5.0.0"
			},
			"dependencies": {
				"multibase": {
					"version": "0.7.0",
					"resolved": "https://registry.npmjs.org/multibase/-/multibase-0.7.0.tgz",
					"integrity": "sha512-TW8q03O0f6PNFTQDvh3xxH03c8CjGaaYrjkl9UQPG6rz53TQzzxJVCIWVjzcbN/Q5Y53Zd0IBQBMVktVgNx4Fg==",
					"requires": {
						"base-x": "^3.0.8",
						"buffer": "^5.5.0"
					}
				}
			}
		},
		"multibase": {
			"version": "1.0.1",
			"resolved": "https://registry.npmjs.org/multibase/-/multibase-1.0.1.tgz",
			"integrity": "sha512-KcCxpBVY8fdVKu4dJMAahq4F/2Z/9xqEjIiR7PiMe7LRGeorFn2NLmicN6nLBCqQvft6MG2Lc9X5P0IdyvnxEw==",
			"requires": {
				"base-x": "^3.0.8",
				"buffer": "^5.5.0"
			}
		},
		"multicodec": {
			"version": "1.0.2",
			"resolved": "https://registry.npmjs.org/multicodec/-/multicodec-1.0.2.tgz",
			"integrity": "sha512-IcTBw34qiRGHsEDKlWp2yLQDVZKzRZWjAfUeCYZSqHWszyCAM1o5R9YLLLV1SQVPAa9AVnXKfAA6sjyYZC/2LQ==",
			"requires": {
				"buffer": "^5.6.0",
				"varint": "^5.0.0"
			}
		},
		"multihashes": {
			"version": "1.0.1",
			"resolved": "https://registry.npmjs.org/multihashes/-/multihashes-1.0.1.tgz",
			"integrity": "sha512-S27Tepg4i8atNiFaU5ZOm3+gl3KQlUanLs/jWcBxQHFttgq+5x1OgbQmf2d8axJ/48zYGBd/wT9d723USMFduw==",
			"requires": {
				"buffer": "^5.6.0",
				"multibase": "^1.0.1",
				"varint": "^5.0.0"
			}
		},
		"multihashing": {
			"version": "0.3.3",
			"resolved": "https://registry.npmjs.org/multihashing/-/multihashing-0.3.3.tgz",
			"integrity": "sha512-jXVWf5uqnZUhc1mLFPWOssuOpkj/A/vVLKrtEscD1PzSLobXYocBy9Gqa/Aw4229/heGnl0RBHU3cD53MbHUig==",
			"requires": {
				"blakejs": "^1.1.0",
				"js-sha3": "~0.8.0",
				"multihashes": "~0.4.14",
				"webcrypto": "~0.1.1"
			},
			"dependencies": {
				"multibase": {
					"version": "0.7.0",
					"resolved": "https://registry.npmjs.org/multibase/-/multibase-0.7.0.tgz",
					"integrity": "sha512-TW8q03O0f6PNFTQDvh3xxH03c8CjGaaYrjkl9UQPG6rz53TQzzxJVCIWVjzcbN/Q5Y53Zd0IBQBMVktVgNx4Fg==",
					"requires": {
						"base-x": "^3.0.8",
						"buffer": "^5.5.0"
					}
				},
				"multihashes": {
					"version": "0.4.21",
					"resolved": "https://registry.npmjs.org/multihashes/-/multihashes-0.4.21.tgz",
					"integrity": "sha512-uVSvmeCWf36pU2nB4/1kzYZjsXD9vofZKpgudqkceYY5g2aZZXJ5r9lxuzoRLl1OAp28XljXsEJ/X/85ZsKmKw==",
					"requires": {
						"buffer": "^5.5.0",
						"multibase": "^0.7.0",
						"varint": "^5.0.0"
					}
				}
			}
		},
		"multihashing-async": {
			"version": "0.8.1",
			"resolved": "https://registry.npmjs.org/multihashing-async/-/multihashing-async-0.8.1.tgz",
			"integrity": "sha512-qu3eIXHebc9a4OU4n/60BdZLFpX+/dGBs3DbzXCxX1aU0rFF19KQAiGl+sRL9wvKIJdeF2+w16RRJrpyTHpkkA==",
			"requires": {
				"blakejs": "^1.1.0",
				"buffer": "^5.4.3",
				"err-code": "^2.0.0",
				"js-sha3": "~0.8.0",
				"multihashes": "~0.4.15",
				"murmurhash3js-revisited": "^3.0.0"
			},
			"dependencies": {
				"multibase": {
					"version": "0.7.0",
					"resolved": "https://registry.npmjs.org/multibase/-/multibase-0.7.0.tgz",
					"integrity": "sha512-TW8q03O0f6PNFTQDvh3xxH03c8CjGaaYrjkl9UQPG6rz53TQzzxJVCIWVjzcbN/Q5Y53Zd0IBQBMVktVgNx4Fg==",
					"requires": {
						"base-x": "^3.0.8",
						"buffer": "^5.5.0"
					}
				},
				"multihashes": {
					"version": "0.4.21",
					"resolved": "https://registry.npmjs.org/multihashes/-/multihashes-0.4.21.tgz",
					"integrity": "sha512-uVSvmeCWf36pU2nB4/1kzYZjsXD9vofZKpgudqkceYY5g2aZZXJ5r9lxuzoRLl1OAp28XljXsEJ/X/85ZsKmKw==",
					"requires": {
						"buffer": "^5.5.0",
						"multibase": "^0.7.0",
						"varint": "^5.0.0"
					}
				}
			}
		},
		"murmurhash3js-revisited": {
			"version": "3.0.0",
			"resolved": "https://registry.npmjs.org/murmurhash3js-revisited/-/murmurhash3js-revisited-3.0.0.tgz",
			"integrity": "sha512-/sF3ee6zvScXMb1XFJ8gDsSnY+X8PbOyjIuBhtgis10W2Jx4ZjIhikUCIF9c4gpJxVnQIsPAFrSwTCuAjicP6g=="
		},
		"nan": {
			"version": "2.14.1",
			"resolved": "https://registry.npmjs.org/nan/-/nan-2.14.1.tgz",
			"integrity": "sha512-isWHgVjnFjh2x2yuJ/tj3JbwoHu3UC2dX5G/88Cm24yB6YopVgxvBObDY7n5xW6ExmFhJpSEQqFPvq9zaXc8Jw=="
		},
		"once": {
			"version": "1.4.0",
			"resolved": "https://registry.npmjs.org/once/-/once-1.4.0.tgz",
			"integrity": "sha1-WDsap3WWHUsROsF9nFC6753Xa9E=",
			"dev": true,
			"requires": {
				"wrappy": "1"
			}
		},
		"parse-asn1": {
			"version": "5.1.5",
			"resolved": "https://registry.npmjs.org/parse-asn1/-/parse-asn1-5.1.5.tgz",
			"integrity": "sha512-jkMYn1dcJqF6d5CpU689bq7w/b5ALS9ROVSpQDPrZsqqesUJii9qutvoT5ltGedNXMO2e16YUWIghG9KxaViTQ==",
			"requires": {
				"asn1.js": "^4.0.0",
				"browserify-aes": "^1.0.0",
				"create-hash": "^1.1.0",
				"evp_bytestokey": "^1.0.0",
				"pbkdf2": "^3.0.3",
				"safe-buffer": "^5.1.1"
			}
		},
		"path-is-absolute": {
			"version": "1.0.1",
			"resolved": "https://registry.npmjs.org/path-is-absolute/-/path-is-absolute-1.0.1.tgz",
			"integrity": "sha1-F0uSaHNVNP+8es5r9TpanhtcX18=",
			"dev": true
		},
		"pbkdf2": {
			"version": "3.1.1",
			"resolved": "https://registry.npmjs.org/pbkdf2/-/pbkdf2-3.1.1.tgz",
			"integrity": "sha512-4Ejy1OPxi9f2tt1rRV7Go7zmfDQ+ZectEQz3VGUQhgq62HtIRPDyG/JtnwIxs6x3uNMwo2V7q1fMvKjb+Tnpqg==",
			"requires": {
				"create-hash": "^1.1.2",
				"create-hmac": "^1.1.4",
				"ripemd160": "^2.0.1",
				"safe-buffer": "^5.0.1",
				"sha.js": "^2.4.8"
			}
		},
		"protocol-buffers-schema": {
			"version": "3.4.0",
			"resolved": "https://registry.npmjs.org/protocol-buffers-schema/-/protocol-buffers-schema-3.4.0.tgz",
			"integrity": "sha512-G/2kcamPF2S49W5yaMGdIpkG6+5wZF0fzBteLKgEHjbNzqjZQ85aAs1iJGto31EJaSTkNvHs5IXuHSaTLWBAiA=="
		},
		"protons": {
			"version": "1.2.0",
			"resolved": "https://registry.npmjs.org/protons/-/protons-1.2.0.tgz",
			"integrity": "sha512-V6wwlbbgZ6qtqd1zRSk7HqvwkoadmeNntUlqd1On9vHyC1tPI6H8GJotfup+9hG2FsDQK+MctaLrSouyunfxNg==",
			"requires": {
				"buffer": "^5.5.0",
				"protocol-buffers-schema": "^3.3.1",
				"signed-varint": "^2.0.1",
				"varint": "^5.0.0"
			}
		},
		"public-encrypt": {
			"version": "4.0.3",
			"resolved": "https://registry.npmjs.org/public-encrypt/-/public-encrypt-4.0.3.tgz",
			"integrity": "sha512-zVpa8oKZSz5bTMTFClc1fQOnyyEzpl5ozpi1B5YcvBrdohMjH2rfsBtyXcuNuwjsDIXmBYlF2N5FlJYhR29t8Q==",
			"requires": {
				"bn.js": "^4.1.0",
				"browserify-rsa": "^4.0.0",
				"create-hash": "^1.1.0",
				"parse-asn1": "^5.0.0",
				"randombytes": "^2.0.1",
				"safe-buffer": "^5.1.2"
			}
		},
		"pushdata-bitcoin": {
			"version": "1.0.1",
			"resolved": "https://registry.npmjs.org/pushdata-bitcoin/-/pushdata-bitcoin-1.0.1.tgz",
			"integrity": "sha1-FZMdPNlnreUiBvUjqnMxrvfUOvc=",
			"requires": {
				"bitcoin-ops": "^1.3.0"
			}
		},
		"randombytes": {
			"version": "2.1.0",
			"resolved": "https://registry.npmjs.org/randombytes/-/randombytes-2.1.0.tgz",
			"integrity": "sha512-vYl3iOX+4CKUWuxGi9Ukhie6fsqXqS9FE2Zaic4tNFD2N2QQaXOMFbuKK4QmDHC0JO6B1Zp41J0LpT0oR68amQ==",
			"requires": {
				"safe-buffer": "^5.1.0"
			}
		},
		"randomfill": {
			"version": "1.0.4",
			"resolved": "https://registry.npmjs.org/randomfill/-/randomfill-1.0.4.tgz",
			"integrity": "sha512-87lcbR8+MhcWcUiQ+9e+Rwx8MyR2P7qnt15ynUlbm3TU/fjbgz4GsvfSUDTemtCCtVCqb4ZcEFlyPNTh9bBTLw==",
			"requires": {
				"randombytes": "^2.0.5",
				"safe-buffer": "^5.1.0"
			}
		},
		"readable-stream": {
			"version": "3.6.0",
			"resolved": "https://registry.npmjs.org/readable-stream/-/readable-stream-3.6.0.tgz",
			"integrity": "sha512-BViHy7LKeTz4oNnkcLJ+lVSL6vpiFeX6/d3oSH8zCW7UxP2onchk+vTGB143xuFjHS3deTgkKoXXymXqymiIdA==",
			"requires": {
				"inherits": "^2.0.3",
				"string_decoder": "^1.1.1",
				"util-deprecate": "^1.0.1"
			}
		},
		"rimraf": {
			"version": "3.0.2",
			"resolved": "https://registry.npmjs.org/rimraf/-/rimraf-3.0.2.tgz",
			"integrity": "sha512-JZkJMZkAGFFPP2YqXZXPbMlMBgsxzE8ILs4lMIX/2o0L9UBw9O/Y3o6wFw/i9YLapcUJWwqbi3kdxIPdC62TIA==",
			"dev": true,
			"requires": {
				"glob": "^7.1.3"
			}
		},
		"ripemd160": {
			"version": "2.0.2",
			"resolved": "https://registry.npmjs.org/ripemd160/-/ripemd160-2.0.2.tgz",
			"integrity": "sha512-ii4iagi25WusVoiC4B4lq7pbXfAp3D9v5CwfkY33vffw2+pkDjY1D8GaN7spsxvCSx8dkPqOZCEZyfxcmJG2IA==",
			"requires": {
				"hash-base": "^3.0.0",
				"inherits": "^2.0.1"
			}
		},
		"safe-buffer": {
			"version": "5.2.1",
			"resolved": "https://registry.npmjs.org/safe-buffer/-/safe-buffer-5.2.1.tgz",
			"integrity": "sha512-rp3So07KcdmmKbGvgaNxQSJr7bGVSVk5S9Eq1F+ppbRo70+YeaDxkw5Dd8NPN+GD6bjnYm2VuPuCXmpuYvmCXQ=="
		},
		"sha.js": {
			"version": "2.4.11",
			"resolved": "https://registry.npmjs.org/sha.js/-/sha.js-2.4.11.tgz",
			"integrity": "sha512-QMEp5B7cftE7APOjk5Y6xgrbWu+WkLVQwk8JNjZ8nKRciZaByEW6MubieAiToS7+dwvrjGhH8jRXz3MVd0AYqQ==",
			"requires": {
				"inherits": "^2.0.1",
				"safe-buffer": "^5.0.1"
			}
		},
		"signed-varint": {
			"version": "2.0.1",
			"resolved": "https://registry.npmjs.org/signed-varint/-/signed-varint-2.0.1.tgz",
			"integrity": "sha1-UKmYnafJjCxh2tEZvJdHDvhSgSk=",
			"requires": {
				"varint": "~5.0.0"
			}
		},
		"smart-buffer": {
			"version": "4.1.0",
			"resolved": "https://registry.npmjs.org/smart-buffer/-/smart-buffer-4.1.0.tgz",
			"integrity": "sha512-iVICrxOzCynf/SNaBQCw34eM9jROU/s5rzIhpOvzhzuYHfJR/DhZfDkXiZSgKXfgv26HT3Yni3AV/DGw0cGnnw=="
		},
		"stable": {
			"version": "0.1.8",
			"resolved": "https://registry.npmjs.org/stable/-/stable-0.1.8.tgz",
			"integrity": "sha512-ji9qxRnOVfcuLDySj9qzhGSEFVobyt1kIOSkj1qZzYLzq7Tos/oUUWvotUPQLlrsidqsK6tBH89Bc9kL5zHA6w=="
		},
		"strftime": {
			"version": "0.10.0",
			"resolved": "https://registry.npmjs.org/strftime/-/strftime-0.10.0.tgz",
			"integrity": "sha1-s/D6QZKVICpaKJ9ta+n0kJphcZM="
		},
		"string_decoder": {
			"version": "1.3.0",
			"resolved": "https://registry.npmjs.org/string_decoder/-/string_decoder-1.3.0.tgz",
			"integrity": "sha512-hkRX8U1WjJFd8LsDJ2yQ/wWWxaopEsABU1XfkM8A+j0+85JAGppt16cr1Whg6KIbb4okU6Mql6BOj+uup/wKeA==",
			"requires": {
				"safe-buffer": "~5.2.0"
			}
		},
		"tiny-secp256k1": {
			"version": "1.1.5",
			"resolved": "https://registry.npmjs.org/tiny-secp256k1/-/tiny-secp256k1-1.1.5.tgz",
			"integrity": "sha512-duE2hSLSQIpHGzmK48OgRrGTi+4OTkXLC6aa86uOYQ6LLCYZSarVKIAvEtY7MoXjoL6bOXMSerEGMzrvW4SkDw==",
			"requires": {
				"bindings": "^1.3.0",
				"bn.js": "^4.11.8",
				"create-hmac": "^1.1.7",
				"elliptic": "^6.4.0",
				"nan": "^2.13.2"
			}
		},
		"typeforce": {
			"version": "1.18.0",
			"resolved": "https://registry.npmjs.org/typeforce/-/typeforce-1.18.0.tgz",
			"integrity": "sha512-7uc1O8h1M1g0rArakJdf0uLRSSgFcYexrVoKo+bzJd32gd4gDy2L/Z+8/FjPnU9ydY3pEnVPtr9FyscYY60K1g=="
		},
		"typescript": {
			"version": "3.9.6",
			"resolved": "https://registry.npmjs.org/typescript/-/typescript-3.9.6.tgz",
			"integrity": "sha512-Pspx3oKAPJtjNwE92YS05HQoY7z2SFyOpHo9MqJor3BXAGNaPUs83CuVp9VISFkSjyRfiTpmKuAYGJB7S7hOxw==",
			"dev": true
		},
		"util-deprecate": {
			"version": "1.0.2",
			"resolved": "https://registry.npmjs.org/util-deprecate/-/util-deprecate-1.0.2.tgz",
			"integrity": "sha1-RQ1Nyfpw3nMnYvvS1KKJgUGaDM8="
		},
		"varint": {
			"version": "5.0.0",
			"resolved": "https://registry.npmjs.org/varint/-/varint-5.0.0.tgz",
			"integrity": "sha1-2Ca4n3SQcy+rwMDtaT7Uddyynr8="
		},
		"varuint-bitcoin": {
			"version": "1.1.2",
			"resolved": "https://registry.npmjs.org/varuint-bitcoin/-/varuint-bitcoin-1.1.2.tgz",
			"integrity": "sha512-4EVb+w4rx+YfVM32HQX42AbbT7/1f5zwAYhIujKXKk8NQK+JfRVl3pqT3hjNn/L+RstigmGGKVwHA/P0wgITZw==",
			"requires": {
				"safe-buffer": "^5.1.1"
			}
		},
		"webcrypto": {
			"version": "0.1.1",
			"resolved": "https://registry.npmjs.org/webcrypto/-/webcrypto-0.1.1.tgz",
			"integrity": "sha512-BAvoatS38TbHdyt42ECLroi27NmDh5iea5l5rHC6nZTZjlbJlndrT0FoIiEq7fmPHpmNtP0lMFKVMEKZQFIrGA==",
			"requires": {
				"crypto-browserify": "^3.10.0",
				"detect-node": "^2.0.3"
			}
		},
		"wif": {
			"version": "2.0.6",
			"resolved": "https://registry.npmjs.org/wif/-/wif-2.0.6.tgz",
			"integrity": "sha1-CNP1IFbGZnkplyb63g1DKudLRwQ=",
			"requires": {
				"bs58check": "<3.0.0"
			}
		},
		"wrappy": {
			"version": "1.0.2",
			"resolved": "https://registry.npmjs.org/wrappy/-/wrappy-1.0.2.tgz",
			"integrity": "sha1-tSQ9jz7BqjXxNkYFvA0QNuMKtp8=",
			"dev": true
		},
		"zcash-block": {
			"version": "2.0.0",
			"resolved": "https://registry.npmjs.org/zcash-block/-/zcash-block-2.0.0.tgz",
			"integrity": "sha512-I6pv5b+eGE8CJFmltR+ILHnGcnBO8olV78VicQIaWulMhkomlwDmaMeMshJRLPcnd0FBs58QQVcVNBOT9ojH6Q==",
			"requires": {
				"multihashing": "~0.3.3"
			}
		}
	}
}
