{
	"name": "@textile/threads",
	"version": "2.1.0",
	"lockfileVersion": 1,
	"requires": true,
	"dependencies": {
		"@consento/sync-randombytes": {
			"version": "1.0.5",
			"resolved": "https://registry.npmjs.org/@consento/sync-randombytes/-/sync-randombytes-1.0.5.tgz",
			"integrity": "sha512-mPJ2XvrTLQGEdhleDuSIkWtVWnvmhREOC1FjorV1nlK49t/52Z9X1d618gTj6nlQghRLiYvcd8oL4vZ2YZuDIQ==",
			"requires": {
				"buffer": "^5.4.3",
				"seedrandom": "^3.0.5"
			}
		},
		"@improbable-eng/grpc-web": {
			"version": "0.13.0",
			"resolved": "https://registry.npmjs.org/@improbable-eng/grpc-web/-/grpc-web-0.13.0.tgz",
			"integrity": "sha512-vaxxT+Qwb7GPqDQrBV4vAAfH0HywgOLw6xGIKXd9Q8hcV63CQhmS3p4+pZ9/wVvt4Ph3ZDK9fdC983b9aGMUFg==",
			"dev": true,
			"requires": {
				"browser-headers": "^0.4.0"
			}
		},
		"@multiformats/base-x": {
			"version": "4.0.1",
			"resolved": "https://registry.npmjs.org/@multiformats/base-x/-/base-x-4.0.1.tgz",
			"integrity": "sha512-eMk0b9ReBbV23xXU693TAIrLyeO5iTgBZGSJfpqriG8UkYvr/hC9u9pyMlAakDNHWmbhMZCDs6KQO0jzKD8OTw=="
		},
		"@textile/crypto": {
			"version": "2.0.0",
			"resolved": "https://registry.npmjs.org/@textile/crypto/-/crypto-2.0.0.tgz",
			"integrity": "sha512-A0f6rRuLC3/MM0EhfYXK9prUckiRUNDsv2Gemjqpr8KhAmDM0lCmnVXwsBxAS6qHusLh8GftjfdKMd/ymvnNDw==",
			"requires": {
				"@types/ed2curve": "^0.2.2",
				"@types/multibase": "^0.6.0",
				"ed2curve": "^0.3.0",
				"multibase": "^3.1.0",
				"tweetnacl": "^1.0.3"
			}
		},
		"@textile/security": {
			"version": "0.7.0",
			"resolved": "https://registry.npmjs.org/@textile/security/-/security-0.7.0.tgz",
			"integrity": "sha512-H0Mwq8rLSRcJqyOpeIhd7du4HYPv3nrvkxHihIpswG4x6u1J5Enx19Xgnmz9y9bOchw0qVJOQ6eWD+8KJoB3Cg==",
			"requires": {
				"@consento/sync-randombytes": "^1.0.5",
				"fast-sha256": "^1.3.0",
				"fastestsmallesttextencoderdecoder": "^1.0.22",
				"multibase": "^3.1.0"
			}
		},
		"@textile/threads-id": {
			"version": "0.4.0",
			"resolved": "https://registry.npmjs.org/@textile/threads-id/-/threads-id-0.4.0.tgz",
			"integrity": "sha512-yQq2cZrmaSyF1BgZqgiSmhFS1+Vn4U7Yb7HwxFjm5XfGLTChdQHPo9khKVwGpvODrvmNf9uLTENdUCz283tJkw==",
			"requires": {
				"@consento/sync-randombytes": "^1.0.4",
				"multibase": "^3.1.0",
				"varint": "^6.0.0"
			}
		},
		"@types/ed2curve": {
			"version": "0.2.2",
			"resolved": "https://registry.npmjs.org/@types/ed2curve/-/ed2curve-0.2.2.tgz",
			"integrity": "sha512-G1sTX5xo91ydevQPINbL2nfgVAj/s1ZiqZxC8OCWduwu+edoNGUm5JXtTkg9F3LsBZbRI46/0HES4CPUE2wc9g==",
			"requires": {
				"tweetnacl": "^1.0.0"
			}
		},
		"@types/multibase": {
			"version": "0.6.0",
			"resolved": "https://registry.npmjs.org/@types/multibase/-/multibase-0.6.0.tgz",
			"integrity": "sha512-PhQiA4pCcIG5yibX/G7K7mk/CXw0HTY98R+efcbbfce9WOyAGbIVqY3zv5kMm+vMAunY29aeOtQ96ePjeX417w==",
			"requires": {
				"@types/node": "*"
			}
		},
		"@types/node": {
			"version": "14.14.11",
			"resolved": "https://registry.npmjs.org/@types/node/-/node-14.14.11.tgz",
			"integrity": "sha512-BJ97wAUuU3NUiUCp44xzUFquQEvnk1wu7q4CMEUYKJWjdkr0YWYDsm4RFtAvxYsNjLsKcrFt6RvK8r+mnzMbEQ=="
		},
		"base64-js": {
			"version": "1.5.1",
			"resolved": "https://registry.npmjs.org/base64-js/-/base64-js-1.5.1.tgz",
			"integrity": "sha512-AKpaYlHn8t4SVbOHCy+b5+KKgvR4vrsD8vbvrbiQJps7fKDTkjkDry6ji0rUJjC0kzbNePLwzxq8iypo41qeWA=="
		},
		"browser-headers": {
			"version": "0.4.1",
			"resolved": "https://registry.npmjs.org/browser-headers/-/browser-headers-0.4.1.tgz",
			"integrity": "sha512-CA9hsySZVo9371qEHjHZtYxV2cFtVj5Wj/ZHi8ooEsrtm4vOnl9Y9HmyYWk9q+05d7K3rdoAE0j3MVEFVvtQtg==",
			"dev": true
		},
		"buffer": {
			"version": "5.7.1",
			"resolved": "https://registry.npmjs.org/buffer/-/buffer-5.7.1.tgz",
			"integrity": "sha512-EHcyIPBQ4BSGlvjB16k5KgAJ27CIsHY/2JBmCRReo48y9rQ3MaUzWX3KVlBa4U7MyX02HdVj0K7C3WaB3ju7FQ==",
			"requires": {
				"base64-js": "^1.3.1",
				"ieee754": "^1.1.13"
			}
		},
		"ed2curve": {
			"version": "0.3.0",
			"resolved": "https://registry.npmjs.org/ed2curve/-/ed2curve-0.3.0.tgz",
			"integrity": "sha512-8w2fmmq3hv9rCrcI7g9hms2pMunQr1JINfcjwR9tAyZqhtyaMN991lF/ZfHfr5tzZQ8c7y7aBgZbjfbd0fjFwQ==",
			"requires": {
				"tweetnacl": "1.x.x"
			}
		},
		"fast-sha256": {
			"version": "1.3.0",
			"resolved": "https://registry.npmjs.org/fast-sha256/-/fast-sha256-1.3.0.tgz",
			"integrity": "sha512-n11RGP/lrWEFI/bWdygLxhI+pVeo1ZYIVwvvPkW7azl/rOy+F3HYRZ2K5zeE9mmkhQppyv9sQFx0JM9UabnpPQ=="
		},
		"fastestsmallesttextencoderdecoder": {
			"version": "1.0.22",
			"resolved": "https://registry.npmjs.org/fastestsmallesttextencoderdecoder/-/fastestsmallesttextencoderdecoder-1.0.22.tgz",
			"integrity": "sha512-Pb8d48e+oIuY4MaM64Cd7OW1gt4nxCHs7/ddPPZ/Ic3sg8yVGM7O9wDvZ7us6ScaUupzM+pfBolwtYhN1IxBIw=="
		},
		"ieee754": {
			"version": "1.2.1",
			"resolved": "https://registry.npmjs.org/ieee754/-/ieee754-1.2.1.tgz",
			"integrity": "sha512-dcyqhDvX1C46lXZcVqCpK+FtMRQVdIMN6/Df5js2zouUsqG7I6sFxitIC+7KYK29KdXOLHdu9zL4sFnoVQnqaA=="
		},
		"multibase": {
			"version": "3.1.0",
			"resolved": "https://registry.npmjs.org/multibase/-/multibase-3.1.0.tgz",
			"integrity": "sha512-Z+pThrpbS7ckQ2DwW5mPiwCGe1a94f8DWi/OxmbyeRednVOyUKmLSE+60kL/WHFYwWnaD1OakXGk3PYI1NkMFw==",
			"requires": {
				"@multiformats/base-x": "^4.0.1",
				"web-encoding": "^1.0.4"
			}
		},
		"seedrandom": {
			"version": "3.0.5",
			"resolved": "https://registry.npmjs.org/seedrandom/-/seedrandom-3.0.5.tgz",
			"integrity": "sha512-8OwmbklUNzwezjGInmZ+2clQmExQPvomqjL7LFqOYqtmuxRgQYqOD3mHaU+MvZn5FLUeVxVfQjwLZW/n/JFuqg=="
		},
		"tweetnacl": {
			"version": "1.0.3",
			"resolved": "https://registry.npmjs.org/tweetnacl/-/tweetnacl-1.0.3.tgz",
			"integrity": "sha512-6rt+RN7aOi1nGMyC4Xa5DdYiukl2UWCbcJft7YhxReBGQD7OAM8Pbxw6YMo4r2diNEA8FEmu32YOn9rhaiE5yw=="
		},
		"varint": {
			"version": "6.0.0",
			"resolved": "https://registry.npmjs.org/varint/-/varint-6.0.0.tgz",
			"integrity": "sha512-cXEIW6cfr15lFv563k4GuVuW/fiwjknytD37jIOLSdSWuOI6WnO/oKwmP2FQTU2l01LP8/M5TSAJpzUaGe3uWg=="
		},
		"web-encoding": {
			"version": "1.0.4",
			"resolved": "https://registry.npmjs.org/web-encoding/-/web-encoding-1.0.4.tgz",
			"integrity": "sha512-DcXs2lbVPzuJmn2kuDEwul2oZg7p4YMa5J2f0YzsOBHaAnBYGPNUB/rJ74DTjTKpw7F0+lSsVM8sFHE2UyBixg=="
		}
	}
}
